// !$*UTF8*$!
{
	archiveVersion = 1;
	classes = {
	};
	objectVersion = 77;
	objects = {

/* Begin PBXBuildFile section */
		006154B7553D559F5840943F /* Auth in Frameworks */ = {isa = PBXBuildFile; productRef = 934C95A5640EEA982A45108B /* Auth */; };
		03F6369EFBDF756D86E12855 /* SalesAssociateModule.framework in Embed Frameworks */ = {isa = PBXBuildFile; fileRef = F972ED49FB8A1B86121E896B /* SalesAssociateModule.framework */; settings = {ATTRIBUTES = (CodeSignOnCopy, RemoveHeadersOnCopy, ); }; };
		0F1E341FD2F96D4EEADD1802 /* Foundation.framework in Frameworks */ = {isa = PBXBuildFile; fileRef = 71B8C0EB3B84B12F9ABE47C4 /* Foundation.framework */; };
		10DEF6AAA7B5691CE937A478 /* InventoryModule.framework in Embed Frameworks */ = {isa = PBXBuildFile; fileRef = 14A849CAC1A51C675BFEA412 /* InventoryModule.framework */; settings = {ATTRIBUTES = (CodeSignOnCopy, RemoveHeadersOnCopy, ); }; };
		137A537B79B1F15873577B88 /* SalesAssociateModule.framework in Frameworks */ = {isa = PBXBuildFile; fileRef = F972ED49FB8A1B86121E896B /* SalesAssociateModule.framework */; };
		1452A80F86B60E51F7BA088E /* Auth in Frameworks */ = {isa = PBXBuildFile; productRef = 7FECCE244A0081C0E11E63D3 /* Auth */; };
		18695458E6CBCB732C063907 /* PostgREST in Frameworks */ = {isa = PBXBuildFile; productRef = 3F03512C93ED2AE255D6BFEF /* PostgREST */; };
		2648E65E68FF9B13C11F9B8B /* Realtime in Frameworks */ = {isa = PBXBuildFile; productRef = EF51CAEEF60DAD2EAE35BBAE /* Realtime */; };
		37F38F2F43225B539F7360B6 /* StoreManagerModule.framework in Embed Frameworks */ = {isa = PBXBuildFile; fileRef = D664F1CCBF48A4C13A0D525B /* StoreManagerModule.framework */; settings = {ATTRIBUTES = (CodeSignOnCopy, RemoveHeadersOnCopy, ); }; };
		3E1F397DFBF11F62CF892274 /* Supabase in Frameworks */ = {isa = PBXBuildFile; productRef = 6C2109ADE587BC3BDA915153 /* Supabase */; };
		3EA8F5BF666203B029B36038 /* PostgREST in Frameworks */ = {isa = PBXBuildFile; productRef = 6820122289E7DC4831562D0E /* PostgREST */; };
		4358AB4D1770B0CA1C22E443 /* AdminModule.framework in Embed Frameworks */ = {isa = PBXBuildFile; fileRef = DE8FDF16F7B414C3A03B817E /* AdminModule.framework */; settings = {ATTRIBUTES = (CodeSignOnCopy, RemoveHeadersOnCopy, ); }; };
		50455BA391C0C49633EFA9E6 /* Realtime in Frameworks */ = {isa = PBXBuildFile; productRef = 83190A755BB8BD363CDC9F00 /* Realtime */; };
		52F7546FDCF8F341879AFBD5 /* PostgREST in Frameworks */ = {isa = PBXBuildFile; productRef = F6B690B55559BD11A13F2A54 /* PostgREST */; };
		537CE4FE41773F3F4DFE887D /* Foundation.framework in Frameworks */ = {isa = PBXBuildFile; fileRef = 71B8C0EB3B84B12F9ABE47C4 /* Foundation.framework */; };
		5B8F18021E0A171CA20FCB2E /* Foundation.framework in Frameworks */ = {isa = PBXBuildFile; fileRef = 71B8C0EB3B84B12F9ABE47C4 /* Foundation.framework */; };
		6321576195FE1A0815AC6EC7 /* Supabase in Frameworks */ = {isa = PBXBuildFile; productRef = 9CFC7501737DD9565CE78A0E /* Supabase */; };
		6358E7CF6E9EF51856D230D4 /* InventoryModule.framework in Frameworks */ = {isa = PBXBuildFile; fileRef = 14A849CAC1A51C675BFEA412 /* InventoryModule.framework */; };
		7892BADCA79439CFD688D107 /* Functions in Frameworks */ = {isa = PBXBuildFile; productRef = 02F10ED3825C4B8BCA9841CF /* Functions */; };
		804151F888AA1220E3C3E21E /* Storage in Frameworks */ = {isa = PBXBuildFile; productRef = F6A348D1F1F1BB15EEFD5AD3 /* Storage */; };
		87E53904304A7A524F71CE6F /* Realtime in Frameworks */ = {isa = PBXBuildFile; productRef = BB50939E46963CAB435243F8 /* Realtime */; };
		8BFBDD7423E937F313DC8A11 /* Storage in Frameworks */ = {isa = PBXBuildFile; productRef = 9B1B7A1D8DEF009939508114 /* Storage */; };
		8E13F7892FFBFFCC002D0D70 /* test_geocoder in Resources */ = {isa = PBXBuildFile; fileRef = 8E13F7872FFBFFCC002D0D70 /* test_geocoder */; };
		8E13F78A2FFBFFCC002D0D70 /* .gitignore in Resources */ = {isa = PBXBuildFile; fileRef = 8E13F7842FFBFFCC002D0D70 /* .gitignore */; };
		8E13F78B2FFBFFCC002D0D70 /* config.toml in Resources */ = {isa = PBXBuildFile; fileRef = 8E13F7852FFBFFCC002D0D70 /* config.toml */; };
		8E13F78C2FFBFFCC002D0D70 /* .npmrc in Resources */ = {isa = PBXBuildFile; fileRef = 8E13F77D2FFBFFCC002D0D70 /* .npmrc */; };
		8E13F78D2FFBFFCC002D0D70 /* deno.json in Resources */ = {isa = PBXBuildFile; fileRef = 8E13F77E2FFBFFCC002D0D70 /* deno.json */; };
		8E13F78E2FFBFFCC002D0D70 /* test_geocoder.swift in Sources */ = {isa = PBXBuildFile; fileRef = 8E13F7882FFBFFCC002D0D70 /* test_geocoder.swift */; };
		8E13F7932FFBFFE3002D0D70 /* schema.json in Resources */ = {isa = PBXBuildFile; fileRef = 8E13F7922FFBFFE3002D0D70 /* schema.json */; };
		8E2951542FF4F6C200BC2782 /* Auth in Frameworks */ = {isa = PBXBuildFile; productRef = 8E2951532FF4F6C200BC2782 /* Auth */; };
		8E2951562FF4F6C200BC2782 /* Functions in Frameworks */ = {isa = PBXBuildFile; productRef = 8E2951552FF4F6C200BC2782 /* Functions */; };
		8E2951582FF4F6C200BC2782 /* PostgREST in Frameworks */ = {isa = PBXBuildFile; productRef = 8E2951572FF4F6C200BC2782 /* PostgREST */; };
		8E29515A2FF4F6C200BC2782 /* Realtime in Frameworks */ = {isa = PBXBuildFile; productRef = 8E2951592FF4F6C200BC2782 /* Realtime */; };
		8E29515C2FF4F6C200BC2782 /* Storage in Frameworks */ = {isa = PBXBuildFile; productRef = 8E29515B2FF4F6C200BC2782 /* Storage */; };
		8E29515E2FF4F6C200BC2782 /* Supabase in Frameworks */ = {isa = PBXBuildFile; productRef = 8E29515D2FF4F6C200BC2782 /* Supabase */; };
		8FE89D915D704C04E4F430F0 /* Realtime in Frameworks */ = {isa = PBXBuildFile; productRef = 5394E262DECD0E03989D92DD /* Realtime */; };
		907C2829A2A21F907FDE8DCE /* Auth in Frameworks */ = {isa = PBXBuildFile; productRef = C18105AAF5F33A7AB0497B9A /* Auth */; };
		993D7D9375BF3DA01DF59F3C /* RSMSApp.swift in Sources */ = {isa = PBXBuildFile; fileRef = 8B59DD9A6A9DCCACB17DF19E /* RSMSApp.swift */; };
		99404028CA1A7D3DC49B8B29 /* Functions in Frameworks */ = {isa = PBXBuildFile; productRef = C40E3D475DA5046377BF4D87 /* Functions */; };
		9A23640B65393C2F3E1BC656 /* Foundation.framework in Frameworks */ = {isa = PBXBuildFile; fileRef = 71B8C0EB3B84B12F9ABE47C4 /* Foundation.framework */; };
		A0B09E54630C43BCA1FC2E22 /* GatewayView.swift in Sources */ = {isa = PBXBuildFile; fileRef = DA69B4B435CD8680B7545E56 /* GatewayView.swift */; };
		A717B24F4218501882374B34 /* PostgREST in Frameworks */ = {isa = PBXBuildFile; productRef = 98E2439AB3EF1E57ADACA310 /* PostgREST */; };
		B3856ED720B19D47A076BCF6 /* AdminModule.framework in Frameworks */ = {isa = PBXBuildFile; fileRef = DE8FDF16F7B414C3A03B817E /* AdminModule.framework */; };
		B45154B6D4880D647DA801E1 /* Functions in Frameworks */ = {isa = PBXBuildFile; productRef = 9DA46FE8CAB17ACFDFB9ADC9 /* Functions */; };
		BB441FE7C665BBD11BE2DAA1 /* Storage in Frameworks */ = {isa = PBXBuildFile; productRef = 26E87761D56F4E6E5E936F02 /* Storage */; };
		C491CBC7FCAC18D7B9464F57 /* Functions in Frameworks */ = {isa = PBXBuildFile; productRef = 9B0F70E4FD43A54CB3039D31 /* Functions */; };
		C701F9F8E6D94FBED2870DD3 /* Supabase in Frameworks */ = {isa = PBXBuildFile; productRef = 4D0B6C3EDD6B494E722B050E /* Supabase */; };
		C794D1A9494A92E9F5BF4379 /* Storage in Frameworks */ = {isa = PBXBuildFile; productRef = 01B2BD95E332608E977F55B2 /* Storage */; };
		CB63571D91CD178B54515674 /* StoreManagerModule.framework in Frameworks */ = {isa = PBXBuildFile; fileRef = D664F1CCBF48A4C13A0D525B /* StoreManagerModule.framework */; };
		D54B4EDECEC5BE38B203A861 /* Auth in Frameworks */ = {isa = PBXBuildFile; productRef = 0235962DE1D0BE49C10801F6 /* Auth */; };
		DAA1C8E251847C8EB940EF76 /* Assets.xcassets in Resources */ = {isa = PBXBuildFile; fileRef = A1E8ADC4058A76639409B24F /* Assets.xcassets */; };
		F5FFDC6583AD4D5A789FAF7F /* RazorpayCheckout in Frameworks */ = {isa = PBXBuildFile; productRef = 622F59C5963C2DD935E9296F /* RazorpayCheckout */; };
		F836ECBBC7F436BD83738B00 /* Supabase in Frameworks */ = {isa = PBXBuildFile; productRef = 0181FB83BDA827F3419DBAE6 /* Supabase */; };
/* End PBXBuildFile section */

/* Begin PBXContainerItemProxy section */
		0B7378E094D3574C3CD0D674 /* PBXContainerItemProxy */ = {
			isa = PBXContainerItemProxy;
			containerPortal = 545E2F8A2FEC4E550027DD55 /* Project object */;
			proxyType = 1;
			remoteGlobalIDString = 27467149B2888AE313D57444;
			remoteInfo = SalesAssociateModule;
		};
		20FA6173BF17091E42A7BC16 /* PBXContainerItemProxy */ = {
			isa = PBXContainerItemProxy;
			containerPortal = 545E2F8A2FEC4E550027DD55 /* Project object */;
			proxyType = 1;
			remoteGlobalIDString = 37F4303174D5088ED34585DC;
			remoteInfo = AdminModule;
		};
		3DD6D53E496AE2216A1F1873 /* PBXContainerItemProxy */ = {
			isa = PBXContainerItemProxy;
			containerPortal = 545E2F8A2FEC4E550027DD55 /* Project object */;
			proxyType = 1;
			remoteGlobalIDString = FE2041EC843E0AF3AD7EC3A5;
			remoteInfo = InventoryModule;
		};
		804CEB155894C8302556FA66 /* PBXContainerItemProxy */ = {
			isa = PBXContainerItemProxy;
			containerPortal = 545E2F8A2FEC4E550027DD55 /* Project object */;
			proxyType = 1;
			remoteGlobalIDString = 8021D4579D215450A41783E2;
			remoteInfo = StoreManagerModule;
		};
/* End PBXContainerItemProxy section */

/* Begin PBXCopyFilesBuildPhase section */
		C3D3385DB850CCAA2CDEBB48 /* Embed Frameworks */ = {
			isa = PBXCopyFilesBuildPhase;
			buildActionMask = 2147483647;
			dstPath = "";
			dstSubfolderSpec = 10;
			files = (
				4358AB4D1770B0CA1C22E443 /* AdminModule.framework in Embed Frameworks */,
				10DEF6AAA7B5691CE937A478 /* InventoryModule.framework in Embed Frameworks */,
				37F38F2F43225B539F7360B6 /* StoreManagerModule.framework in Embed Frameworks */,
				03F6369EFBDF756D86E12855 /* SalesAssociateModule.framework in Embed Frameworks */,
			);
			name = "Embed Frameworks";
			runOnlyForDeploymentPostprocessing = 0;
		};
/* End PBXCopyFilesBuildPhase section */

/* Begin PBXFileReference section */
		0B5F587A2FFAE3D200034E31 /* sales_associate_rsms.xcodeproj */ = {isa = PBXFileReference; lastKnownFileType = "wrapper.pb-project"; path = sales_associate_rsms.xcodeproj; sourceTree = "<group>"; };
		14A849CAC1A51C675BFEA412 /* InventoryModule.framework */ = {isa = PBXFileReference; explicitFileType = wrapper.framework; includeInIndex = 0; path = InventoryModule.framework; sourceTree = BUILT_PRODUCTS_DIR; };
		16A6A9352FFB6360007A7E84 /* sales_associate_rsms.xcodeproj */ = {isa = PBXFileReference; lastKnownFileType = "wrapper.pb-project"; path = sales_associate_rsms.xcodeproj; sourceTree = "<group>"; };
		16A6AFC72FFB6928007A7E84 /* sales_associate_rsms.xcodeproj */ = {isa = PBXFileReference; lastKnownFileType = "wrapper.pb-project"; path = sales_associate_rsms.xcodeproj; sourceTree = "<group>"; };
		16A6C2A02FFC086F007A7E84 /* sales_associate_rsms.xcodeproj */ = {isa = PBXFileReference; lastKnownFileType = "wrapper.pb-project"; path = sales_associate_rsms.xcodeproj; sourceTree = "<group>"; };
		16A6C5AC2FFC16EE007A7E84 /* sales_associate_rsms.xcodeproj */ = {isa = PBXFileReference; lastKnownFileType = "wrapper.pb-project"; path = sales_associate_rsms.xcodeproj; sourceTree = "<group>"; };
		545E2F922FEC4E550027DD55 /* Admin_RSMS.app */ = {isa = PBXFileReference; explicitFileType = wrapper.application; includeInIndex = 0; name = Admin_RSMS.app; path = RSMS.app; sourceTree = BUILT_PRODUCTS_DIR; };
		71B8C0EB3B84B12F9ABE47C4 /* Foundation.framework */ = {isa = PBXFileReference; lastKnownFileType = wrapper.framework; name = Foundation.framework; path = Platforms/iPhoneOS.platform/Developer/SDKs/iPhoneOS18.0.sdk/System/Library/Frameworks/Foundation.framework; sourceTree = DEVELOPER_DIR; };
		8B59DD9A6A9DCCACB17DF19E /* RSMSApp.swift */ = {isa = PBXFileReference; includeInIndex = 1; lastKnownFileType = sourcecode.swift; path = RSMSApp.swift; sourceTree = "<group>"; };
		8E13F7042FFBFF78002D0D70 /* sales_associate_rsms.xcodeproj */ = {isa = PBXFileReference; lastKnownFileType = "wrapper.pb-project"; path = sales_associate_rsms.xcodeproj; sourceTree = "<group>"; };
		8E13F77D2FFBFFCC002D0D70 /* .npmrc */ = {isa = PBXFileReference; lastKnownFileType = text; path = .npmrc; sourceTree = "<group>"; };
		8E13F77E2FFBFFCC002D0D70 /* deno.json */ = {isa = PBXFileReference; lastKnownFileType = text.json; path = deno.json; sourceTree = "<group>"; };
		8E13F77F2FFBFFCC002D0D70 /* index.ts */ = {isa = PBXFileReference; lastKnownFileType = sourcecode.typescript; path = index.ts; sourceTree = "<group>"; };
		8E13F7812FFBFFCC002D0D70 /* index.ts */ = {isa = PBXFileReference; lastKnownFileType = sourcecode.typescript; path = index.ts; sourceTree = "<group>"; };
		8E13F7842FFBFFCC002D0D70 /* .gitignore */ = {isa = PBXFileReference; lastKnownFileType = text; path = .gitignore; sourceTree = "<group>"; };
		8E13F7852FFBFFCC002D0D70 /* config.toml */ = {isa = PBXFileReference; lastKnownFileType = text; path = config.toml; sourceTree = "<group>"; };
		8E13F7872FFBFFCC002D0D70 /* test_geocoder */ = {isa = PBXFileReference; lastKnownFileType = "compiled.mach-o.executable"; path = test_geocoder; sourceTree = "<group>"; };
		8E13F7882FFBFFCC002D0D70 /* test_geocoder.swift */ = {isa = PBXFileReference; lastKnownFileType = sourcecode.swift; path = test_geocoder.swift; sourceTree = "<group>"; };
		8E13F7922FFBFFE3002D0D70 /* schema.json */ = {isa = PBXFileReference; lastKnownFileType = text.json; path = schema.json; sourceTree = "<group>"; };
		8E92894D2FF566BC001C9D4C /* .npmrc */ = {isa = PBXFileReference; lastKnownFileType = text; path = .npmrc; sourceTree = "<group>"; };
		8E92894E2FF566BC001C9D4C /* deno.json */ = {isa = PBXFileReference; lastKnownFileType = text.json; path = deno.json; sourceTree = "<group>"; };
		8E92894F2FF566BC001C9D4C /* index.ts */ = {isa = PBXFileReference; lastKnownFileType = sourcecode.typescript; path = index.ts; sourceTree = "<group>"; };
		8E9289512FF566BC001C9D4C /* index.ts */ = {isa = PBXFileReference; lastKnownFileType = sourcecode.typescript; path = index.ts; sourceTree = "<group>"; };
		8E9289542FF566BC001C9D4C /* .gitignore */ = {isa = PBXFileReference; lastKnownFileType = text; path = .gitignore; sourceTree = "<group>"; };
		8E9289552FF566BC001C9D4C /* config.toml */ = {isa = PBXFileReference; lastKnownFileType = text; path = config.toml; sourceTree = "<group>"; };
		8E9289572FF566BC001C9D4C /* test_geocoder */ = {isa = PBXFileReference; lastKnownFileType = "compiled.mach-o.executable"; path = test_geocoder; sourceTree = "<group>"; };
		8E9289582FF566BC001C9D4C /* test_geocoder.swift */ = {isa = PBXFileReference; lastKnownFileType = sourcecode.swift; path = test_geocoder.swift; sourceTree = "<group>"; };
		A1E8ADC4058A76639409B24F /* Assets.xcassets */ = {isa = PBXFileReference; includeInIndex = 1; lastKnownFileType = folder.assetcatalog; path = Assets.xcassets; sourceTree = "<group>"; };
		D664F1CCBF48A4C13A0D525B /* StoreManagerModule.framework */ = {isa = PBXFileReference; explicitFileType = wrapper.framework; includeInIndex = 0; path = StoreManagerModule.framework; sourceTree = BUILT_PRODUCTS_DIR; };
		DA69B4B435CD8680B7545E56 /* GatewayView.swift */ = {isa = PBXFileReference; includeInIndex = 1; lastKnownFileType = sourcecode.swift; path = GatewayView.swift; sourceTree = "<group>"; };
		DE8FDF16F7B414C3A03B817E /* AdminModule.framework */ = {isa = PBXFileReference; explicitFileType = wrapper.framework; includeInIndex = 0; path = AdminModule.framework; sourceTree = BUILT_PRODUCTS_DIR; };
		E843FB512FFCBAB300B2BE40 /* sales_associate_rsms.xcodeproj */ = {isa = PBXFileReference; lastKnownFileType = "wrapper.pb-project"; path = sales_associate_rsms.xcodeproj; sourceTree = "<group>"; };
		E8C08AB92FFB827800BE7B39 /* sales_associate_rsms.xcodeproj */ = {isa = PBXFileReference; lastKnownFileType = "wrapper.pb-project"; path = sales_associate_rsms.xcodeproj; sourceTree = "<group>"; };
		F972ED49FB8A1B86121E896B /* SalesAssociateModule.framework */ = {isa = PBXFileReference; explicitFileType = wrapper.framework; includeInIndex = 0; path = SalesAssociateModule.framework; sourceTree = BUILT_PRODUCTS_DIR; };
/* End PBXFileReference section */

/* Begin PBXFileSystemSynchronizedRootGroup section */
		797D58228E55F2F0075D559C /* RSMS_Inventory/RSMS_Project */ = {
			isa = PBXFileSystemSynchronizedRootGroup;
			path = RSMS_Inventory/RSMS_Project;
			sourceTree = "<group>";
		};
		8BE72A006B95AE61498906AD /* RSMS_Sales_Associate/sales_associate_rsms */ = {
			isa = PBXFileSystemSynchronizedRootGroup;
			path = RSMS_Sales_Associate/sales_associate_rsms;
			sourceTree = "<group>";
		};
		B55720CBE8D14CF708411C64 /* RSMS_Admin/Admin_RSMS */ = {
			isa = PBXFileSystemSynchronizedRootGroup;
			path = RSMS_Admin/Admin_RSMS;
			sourceTree = "<group>";
		};
		CD0F86B3C36DE94DE31B24AA /* RSMS_Store_Manager/RSMS_Project */ = {
			isa = PBXFileSystemSynchronizedRootGroup;
			path = RSMS_Store_Manager/RSMS_Project;
			sourceTree = "<group>";
		};
/* End PBXFileSystemSynchronizedRootGroup section */

/* Begin PBXFrameworksBuildPhase section */
		0595585DE009CD048667140D /* Frameworks */ = {
			isa = PBXFrameworksBuildPhase;
			buildActionMask = 2147483647;
			files = (
				5B8F18021E0A171CA20FCB2E /* Foundation.framework in Frameworks */,
				D54B4EDECEC5BE38B203A861 /* Auth in Frameworks */,
				B45154B6D4880D647DA801E1 /* Functions in Frameworks */,
				52F7546FDCF8F341879AFBD5 /* PostgREST in Frameworks */,
				2648E65E68FF9B13C11F9B8B /* Realtime in Frameworks */,
				804151F888AA1220E3C3E21E /* Storage in Frameworks */,
				3E1F397DFBF11F62CF892274 /* Supabase in Frameworks */,
			);
			runOnlyForDeploymentPostprocessing = 0;
		};
		545E2F8F2FEC4E550027DD55 /* Frameworks */ = {
			isa = PBXFrameworksBuildPhase;
			buildActionMask = 2147483647;
			files = (
				8E2951582FF4F6C200BC2782 /* PostgREST in Frameworks */,
				8E2951562FF4F6C200BC2782 /* Functions in Frameworks */,
				8E29515E2FF4F6C200BC2782 /* Supabase in Frameworks */,
				8E2951542FF4F6C200BC2782 /* Auth in Frameworks */,
				8E29515C2FF4F6C200BC2782 /* Storage in Frameworks */,
				8E29515A2FF4F6C200BC2782 /* Realtime in Frameworks */,
				B3856ED720B19D47A076BCF6 /* AdminModule.framework in Frameworks */,
				6358E7CF6E9EF51856D230D4 /* InventoryModule.framework in Frameworks */,
				CB63571D91CD178B54515674 /* StoreManagerModule.framework in Frameworks */,
				137A537B79B1F15873577B88 /* SalesAssociateModule.framework in Frameworks */,
			);
			runOnlyForDeploymentPostprocessing = 0;
		};
		69AC38880AC2D864847C1F89 /* Frameworks */ = {
			isa = PBXFrameworksBuildPhase;
			buildActionMask = 2147483647;
			files = (
				537CE4FE41773F3F4DFE887D /* Foundation.framework in Frameworks */,
				1452A80F86B60E51F7BA088E /* Auth in Frameworks */,
				99404028CA1A7D3DC49B8B29 /* Functions in Frameworks */,
				18695458E6CBCB732C063907 /* PostgREST in Frameworks */,
				8FE89D915D704C04E4F430F0 /* Realtime in Frameworks */,
				BB441FE7C665BBD11BE2DAA1 /* Storage in Frameworks */,
				C701F9F8E6D94FBED2870DD3 /* Supabase in Frameworks */,
				F5FFDC6583AD4D5A789FAF7F /* RazorpayCheckout in Frameworks */,
			);
			runOnlyForDeploymentPostprocessing = 0;
		};
		74CFCC49CBABC97034A76C55 /* Frameworks */ = {
			isa = PBXFrameworksBuildPhase;
			buildActionMask = 2147483647;
			files = (
				9A23640B65393C2F3E1BC656 /* Foundation.framework in Frameworks */,
				006154B7553D559F5840943F /* Auth in Frameworks */,
				C491CBC7FCAC18D7B9464F57 /* Functions in Frameworks */,
				A717B24F4218501882374B34 /* PostgREST in Frameworks */,
				87E53904304A7A524F71CE6F /* Realtime in Frameworks */,
				C794D1A9494A92E9F5BF4379 /* Storage in Frameworks */,
				6321576195FE1A0815AC6EC7 /* Supabase in Frameworks */,
			);
			runOnlyForDeploymentPostprocessing = 0;
		};
		83A13DCE633F7B55D7CDB8E9 /* Frameworks */ = {
			isa = PBXFrameworksBuildPhase;
			buildActionMask = 2147483647;
			files = (
				0F1E341FD2F96D4EEADD1802 /* Foundation.framework in Frameworks */,
				907C2829A2A21F907FDE8DCE /* Auth in Frameworks */,
				7892BADCA79439CFD688D107 /* Functions in Frameworks */,
				3EA8F5BF666203B029B36038 /* PostgREST in Frameworks */,
				50455BA391C0C49633EFA9E6 /* Realtime in Frameworks */,
				8BFBDD7423E937F313DC8A11 /* Storage in Frameworks */,
				F836ECBBC7F436BD83738B00 /* Supabase in Frameworks */,
			);
			runOnlyForDeploymentPostprocessing = 0;
		};
/* End PBXFrameworksBuildPhase section */

/* Begin PBXGroup section */
		0B5F587D2FFAE3D200034E31 /* Products */ = {
			isa = PBXGroup;
			children = (
			);
			name = Products;
			sourceTree = "<group>";
		};
		16A6A9382FFB6360007A7E84 /* Products */ = {
			isa = PBXGroup;
			children = (
			);
			name = Products;
			sourceTree = "<group>";
		};
		16A6AFCA2FFB6928007A7E84 /* Products */ = {
			isa = PBXGroup;
			children = (
			);
			name = Products;
			sourceTree = "<group>";
		};
		16A6C2A32FFC086F007A7E84 /* Products */ = {
			isa = PBXGroup;
			children = (
			);
			name = Products;
			sourceTree = "<group>";
		};
		16A6C5AF2FFC16EE007A7E84 /* Products */ = {
			isa = PBXGroup;
			children = (
			);
			name = Products;
			sourceTree = "<group>";
		};
		545E2F892FEC4E550027DD55 = {
			isa = PBXGroup;
			children = (
				8E13F7862FFBFFCC002D0D70 /* supabase */,
				8E13F7872FFBFFCC002D0D70 /* test_geocoder */,
				8E13F7882FFBFFCC002D0D70 /* test_geocoder.swift */,
				8E9289562FF566BC001C9D4C /* supabase */,
				8E9289572FF566BC001C9D4C /* test_geocoder */,
				8E9289582FF566BC001C9D4C /* test_geocoder.swift */,
				8E2951522FF4F6C200BC2782 /* Frameworks */,
				545E2F932FEC4E550027DD55 /* Products */,
				8B59DD9A6A9DCCACB17DF19E /* RSMSApp.swift */,
				DA69B4B435CD8680B7545E56 /* GatewayView.swift */,
				A1E8ADC4058A76639409B24F /* Assets.xcassets */,
				B55720CBE8D14CF708411C64 /* RSMS_Admin/Admin_RSMS */,
				797D58228E55F2F0075D559C /* RSMS_Inventory/RSMS_Project */,
				CD0F86B3C36DE94DE31B24AA /* RSMS_Store_Manager/RSMS_Project */,
				8BE72A006B95AE61498906AD /* RSMS_Sales_Associate/sales_associate_rsms */,
			);
			sourceTree = "<group>";
		};
		545E2F932FEC4E550027DD55 /* Products */ = {
			isa = PBXGroup;
			children = (
				545E2F922FEC4E550027DD55 /* Admin_RSMS.app */,
				DE8FDF16F7B414C3A03B817E /* AdminModule.framework */,
				14A849CAC1A51C675BFEA412 /* InventoryModule.framework */,
				D664F1CCBF48A4C13A0D525B /* StoreManagerModule.framework */,
				F972ED49FB8A1B86121E896B /* SalesAssociateModule.framework */,
			);
			name = Products;
			sourceTree = "<group>";
		};
		68E2505A6FFEE83398FA10D6 /* iOS */ = {
			isa = PBXGroup;
			children = (
				71B8C0EB3B84B12F9ABE47C4 /* Foundation.framework */,
			);
			name = iOS;
			sourceTree = "<group>";
		};
		8E13F7072FFBFF78002D0D70 /* Products */ = {
			isa = PBXGroup;
			children = (
			);
			name = Products;
			sourceTree = "<group>";
		};
		8E13F7802FFBFFCC002D0D70 /* send-credentials */ = {
			isa = PBXGroup;
			children = (
				8E13F77D2FFBFFCC002D0D70 /* .npmrc */,
				8E13F77E2FFBFFCC002D0D70 /* deno.json */,
				8E13F77F2FFBFFCC002D0D70 /* index.ts */,
			);
			path = "send-credentials";
			sourceTree = "<group>";
		};
		8E13F7822FFBFFCC002D0D70 /* send-otp-email */ = {
			isa = PBXGroup;
			children = (
				8E13F7812FFBFFCC002D0D70 /* index.ts */,
			);
			path = "send-otp-email";
			sourceTree = "<group>";
		};
		8E13F7832FFBFFCC002D0D70 /* functions */ = {
			isa = PBXGroup;
			children = (
				8E13F7802FFBFFCC002D0D70 /* send-credentials */,
				8E13F7822FFBFFCC002D0D70 /* send-otp-email */,
			);
			path = functions;
			sourceTree = "<group>";
		};
		8E13F7862FFBFFCC002D0D70 /* supabase */ = {
			isa = PBXGroup;
			children = (
				8E13F7922FFBFFE3002D0D70 /* schema.json */,
				8E13F7832FFBFFCC002D0D70 /* functions */,
				8E13F7842FFBFFCC002D0D70 /* .gitignore */,
				8E13F7852FFBFFCC002D0D70 /* config.toml */,
			);
			path = supabase;
			sourceTree = "<group>";
		};
		8E2951522FF4F6C200BC2782 /* Frameworks */ = {
			isa = PBXGroup;
			children = (
				68E2505A6FFEE83398FA10D6 /* iOS */,
			);
			name = Frameworks;
			sourceTree = "<group>";
		};
		8E9289502FF566BC001C9D4C /* send-credentials */ = {
			isa = PBXGroup;
			children = (
				8E92894D2FF566BC001C9D4C /* .npmrc */,
				8E92894E2FF566BC001C9D4C /* deno.json */,
				8E92894F2FF566BC001C9D4C /* index.ts */,
			);
			path = "send-credentials";
			sourceTree = "<group>";
		};
		8E9289522FF566BC001C9D4C /* send-otp-email */ = {
			isa = PBXGroup;
			children = (
				8E9289512FF566BC001C9D4C /* index.ts */,
			);
			path = "send-otp-email";
			sourceTree = "<group>";
		};
		8E9289532FF566BC001C9D4C /* functions */ = {
			isa = PBXGroup;
			children = (
				8E9289502FF566BC001C9D4C /* send-credentials */,
				8E9289522FF566BC001C9D4C /* send-otp-email */,
			);
			path = functions;
			sourceTree = "<group>";
		};
		8E9289562FF566BC001C9D4C /* supabase */ = {
			isa = PBXGroup;
			children = (
				8E9289532FF566BC001C9D4C /* functions */,
				8E9289542FF566BC001C9D4C /* .gitignore */,
				8E9289552FF566BC001C9D4C /* config.toml */,
			);
			path = supabase;
			sourceTree = "<group>";
		};
		E843FB542FFCBAB300B2BE40 /* Products */ = {
			isa = PBXGroup;
			children = (
			);
			name = Products;
			sourceTree = "<group>";
		};
		E8C08ABC2FFB827800BE7B39 /* Products */ = {
			isa = PBXGroup;
			children = (
			);
			name = Products;
			sourceTree = "<group>";
		};
/* End PBXGroup section */

/* Begin PBXHeadersBuildPhase section */
		60466D38F3DC9B8B707AFD0A /* Headers */ = {
			isa = PBXHeadersBuildPhase;
			buildActionMask = 2147483647;
			files = (
			);
			runOnlyForDeploymentPostprocessing = 0;
		};
		978641E43B44560BC9B32DE9 /* Headers */ = {
			isa = PBXHeadersBuildPhase;
			buildActionMask = 2147483647;
			files = (
			);
			runOnlyForDeploymentPostprocessing = 0;
		};
		C4F66F6118F5CA644E4B4686 /* Headers */ = {
			isa = PBXHeadersBuildPhase;
			buildActionMask = 2147483647;
			files = (
			);
			runOnlyForDeploymentPostprocessing = 0;
		};
		DCDA4EC1F3AB693514E8520B /* Headers */ = {
			isa = PBXHeadersBuildPhase;
			buildActionMask = 2147483647;
			files = (
			);
			runOnlyForDeploymentPostprocessing = 0;
		};
/* End PBXHeadersBuildPhase section */

/* Begin PBXNativeTarget section */
		27467149B2888AE313D57444 /* SalesAssociateModule */ = {
			isa = PBXNativeTarget;
			buildConfigurationList = EF46214731661332EA8B6802 /* Build configuration list for PBXNativeTarget "SalesAssociateModule" */;
			buildPhases = (
				978641E43B44560BC9B32DE9 /* Headers */,
				FD652EC4AF643631BA0DDE0C /* Sources */,
				69AC38880AC2D864847C1F89 /* Frameworks */,
				2D7B4A8D6C3644DC6C9B2614 /* Resources */,
			);
			buildRules = (
			);
			dependencies = (
			);
			fileSystemSynchronizedGroups = (
				8BE72A006B95AE61498906AD /* RSMS_Sales_Associate/sales_associate_rsms */,
			);
			name = SalesAssociateModule;
			packageProductDependencies = (
				7FECCE244A0081C0E11E63D3 /* Auth */,
				C40E3D475DA5046377BF4D87 /* Functions */,
				3F03512C93ED2AE255D6BFEF /* PostgREST */,
				5394E262DECD0E03989D92DD /* Realtime */,
				26E87761D56F4E6E5E936F02 /* Storage */,
				4D0B6C3EDD6B494E722B050E /* Supabase */,
				622F59C5963C2DD935E9296F /* RazorpayCheckout */,
			);
			productName = SalesAssociateModule;
			productReference = F972ED49FB8A1B86121E896B /* SalesAssociateModule.framework */;
			productType = "com.apple.product-type.framework";
		};
		37F4303174D5088ED34585DC /* AdminModule */ = {
			isa = PBXNativeTarget;
			buildConfigurationList = AB36C8FE5E2D07D49D5D0028 /* Build configuration list for PBXNativeTarget "AdminModule" */;
			buildPhases = (
				C4F66F6118F5CA644E4B4686 /* Headers */,
				CCC94C6E20482B8BACB83150 /* Sources */,
				0595585DE009CD048667140D /* Frameworks */,
				05E6A420D2089BDF047DC3D0 /* Resources */,
			);
			buildRules = (
			);
			dependencies = (
			);
			fileSystemSynchronizedGroups = (
				B55720CBE8D14CF708411C64 /* RSMS_Admin/Admin_RSMS */,
			);
			name = AdminModule;
			packageProductDependencies = (
				0235962DE1D0BE49C10801F6 /* Auth */,
				9DA46FE8CAB17ACFDFB9ADC9 /* Functions */,
				F6B690B55559BD11A13F2A54 /* PostgREST */,
				EF51CAEEF60DAD2EAE35BBAE /* Realtime */,
				F6A348D1F1F1BB15EEFD5AD3 /* Storage */,
				6C2109ADE587BC3BDA915153 /* Supabase */,
			);
			productName = AdminModule;
			productReference = DE8FDF16F7B414C3A03B817E /* AdminModule.framework */;
			productType = "com.apple.product-type.framework";
		};
		545E2F912FEC4E550027DD55 /* RSMS */ = {
			isa = PBXNativeTarget;
			buildConfigurationList = 545E2F9D2FEC4E560027DD55 /* Build configuration list for PBXNativeTarget "RSMS" */;
			buildPhases = (
				545E2F8E2FEC4E550027DD55 /* Sources */,
				545E2F8F2FEC4E550027DD55 /* Frameworks */,
				545E2F902FEC4E550027DD55 /* Resources */,
				C3D3385DB850CCAA2CDEBB48 /* Embed Frameworks */,
			);
			buildRules = (
			);
			dependencies = (
				26AE090C84EDC21426A43CCE /* PBXTargetDependency */,
				41A544B935BEB4C37F629263 /* PBXTargetDependency */,
				F8E4719899268AA15DA8427B /* PBXTargetDependency */,
				48B0E893C4A504C60E58FA3F /* PBXTargetDependency */,
			);
			name = RSMS;
			packageProductDependencies = (
				8E2951532FF4F6C200BC2782 /* Auth */,
				8E2951552FF4F6C200BC2782 /* Functions */,
				8E2951572FF4F6C200BC2782 /* PostgREST */,
				8E2951592FF4F6C200BC2782 /* Realtime */,
				8E29515B2FF4F6C200BC2782 /* Storage */,
				8E29515D2FF4F6C200BC2782 /* Supabase */,
			);
			productName = RSMS;
			productReference = 545E2F922FEC4E550027DD55 /* Admin_RSMS.app */;
			productType = "com.apple.product-type.application";
		};
		8021D4579D215450A41783E2 /* StoreManagerModule */ = {
			isa = PBXNativeTarget;
			buildConfigurationList = FAB15333B6F6529D837F7D92 /* Build configuration list for PBXNativeTarget "StoreManagerModule" */;
			buildPhases = (
				60466D38F3DC9B8B707AFD0A /* Headers */,
				07F3DDD423BC19D519811E69 /* Sources */,
				83A13DCE633F7B55D7CDB8E9 /* Frameworks */,
				92A3BB901AA17599A7F12A3C /* Resources */,
			);
			buildRules = (
			);
			dependencies = (
			);
			fileSystemSynchronizedGroups = (
				CD0F86B3C36DE94DE31B24AA /* RSMS_Store_Manager/RSMS_Project */,
			);
			name = StoreManagerModule;
			packageProductDependencies = (
				C18105AAF5F33A7AB0497B9A /* Auth */,
				02F10ED3825C4B8BCA9841CF /* Functions */,
				6820122289E7DC4831562D0E /* PostgREST */,
				83190A755BB8BD363CDC9F00 /* Realtime */,
				9B1B7A1D8DEF009939508114 /* Storage */,
				0181FB83BDA827F3419DBAE6 /* Supabase */,
			);
			productName = StoreManagerModule;
			productReference = D664F1CCBF48A4C13A0D525B /* StoreManagerModule.framework */;
			productType = "com.apple.product-type.framework";
		};
		FE2041EC843E0AF3AD7EC3A5 /* InventoryModule */ = {
			isa = PBXNativeTarget;
			buildConfigurationList = DB0333CE3B77F927C628C00C /* Build configuration list for PBXNativeTarget "InventoryModule" */;
			buildPhases = (
				DCDA4EC1F3AB693514E8520B /* Headers */,
				26E41AA36876B15F36B7BBFD /* Sources */,
				74CFCC49CBABC97034A76C55 /* Frameworks */,
				C19799981893AC385C0AB9F6 /* Resources */,
			);
			buildRules = (
			);
			dependencies = (
			);
			fileSystemSynchronizedGroups = (
				797D58228E55F2F0075D559C /* RSMS_Inventory/RSMS_Project */,
			);
			name = InventoryModule;
			packageProductDependencies = (
				934C95A5640EEA982A45108B /* Auth */,
				9B0F70E4FD43A54CB3039D31 /* Functions */,
				98E2439AB3EF1E57ADACA310 /* PostgREST */,
				BB50939E46963CAB435243F8 /* Realtime */,
				01B2BD95E332608E977F55B2 /* Storage */,
				9CFC7501737DD9565CE78A0E /* Supabase */,
			);
			productName = InventoryModule;
			productReference = 14A849CAC1A51C675BFEA412 /* InventoryModule.framework */;
			productType = "com.apple.product-type.framework";
		};
/* End PBXNativeTarget section */

/* Begin PBXProject section */
		545E2F8A2FEC4E550027DD55 /* Project object */ = {
			isa = PBXProject;
			attributes = {
				BuildIndependentTargetsInParallel = 1;
				LastSwiftUpdateCheck = 2620;
				LastUpgradeCheck = 2620;
				TargetAttributes = {
					545E2F912FEC4E550027DD55 = {
						CreatedOnToolsVersion = 26.2;
					};
				};
			};
			buildConfigurationList = 545E2F8D2FEC4E550027DD55 /* Build configuration list for PBXProject "RSMS" */;
			developmentRegion = en;
			hasScannedForEncodings = 0;
			knownRegions = (
				en,
				Base,
			);
			mainGroup = 545E2F892FEC4E550027DD55;
			minimizedProjectReferenceProxies = 1;
			packageReferences = (
				8E2951512FF4F6B600BC2782 /* XCRemoteSwiftPackageReference "supabase-swift" */,
				3507AC3C00CC0038BE44D20B /* XCRemoteSwiftPackageReference "supabase-swift" */,
				0500A8412F5DDB9D23D86125 /* XCRemoteSwiftPackageReference "razorpay-pod" */,
			);
			preferredProjectObjectVersion = 77;
			productRefGroup = 545E2F932FEC4E550027DD55 /* Products */;
			projectDirPath = "";
			projectReferences = (
				{
					ProductGroup = 16A6AFCA2FFB6928007A7E84 /* Products */;
					ProjectRef = 16A6AFC72FFB6928007A7E84 /* sales_associate_rsms.xcodeproj */;
				},
				{
					ProductGroup = 16A6C5AF2FFC16EE007A7E84 /* Products */;
					ProjectRef = 16A6C5AC2FFC16EE007A7E84 /* sales_associate_rsms.xcodeproj */;
				},
				{
					ProductGroup = E8C08ABC2FFB827800BE7B39 /* Products */;
					ProjectRef = E8C08AB92FFB827800BE7B39 /* sales_associate_rsms.xcodeproj */;
				},
				{
					ProductGroup = 8E13F7072FFBFF78002D0D70 /* Products */;
					ProjectRef = 8E13F7042FFBFF78002D0D70 /* sales_associate_rsms.xcodeproj */;
				},
				{
					ProductGroup = 16A6A9382FFB6360007A7E84 /* Products */;
					ProjectRef = 16A6A9352FFB6360007A7E84 /* sales_associate_rsms.xcodeproj */;
				},
				{
					ProductGroup = E843FB542FFCBAB300B2BE40 /* Products */;
					ProjectRef = E843FB512FFCBAB300B2BE40 /* sales_associate_rsms.xcodeproj */;
				},
				{
					ProductGroup = 16A6C2A32FFC086F007A7E84 /* Products */;
					ProjectRef = 16A6C2A02FFC086F007A7E84 /* sales_associate_rsms.xcodeproj */;
				},
				{
					ProductGroup = 0B5F587D2FFAE3D200034E31 /* Products */;
					ProjectRef = 0B5F587A2FFAE3D200034E31 /* sales_associate_rsms.xcodeproj */;
				},
			);
			projectRoot = "";
			targets = (
				545E2F912FEC4E550027DD55 /* RSMS */,
				37F4303174D5088ED34585DC /* AdminModule */,
				FE2041EC843E0AF3AD7EC3A5 /* InventoryModule */,
				8021D4579D215450A41783E2 /* StoreManagerModule */,
				27467149B2888AE313D57444 /* SalesAssociateModule */,
			);
		};
/* End PBXProject section */

/* Begin PBXResourcesBuildPhase section */
		05E6A420D2089BDF047DC3D0 /* Resources */ = {
			isa = PBXResourcesBuildPhase;
			buildActionMask = 2147483647;
			files = (
			);
			runOnlyForDeploymentPostprocessing = 0;
		};
		2D7B4A8D6C3644DC6C9B2614 /* Resources */ = {
			isa = PBXResourcesBuildPhase;
			buildActionMask = 2147483647;
			files = (
			);
			runOnlyForDeploymentPostprocessing = 0;
		};
		545E2F902FEC4E550027DD55 /* Resources */ = {
			isa = PBXResourcesBuildPhase;
			buildActionMask = 2147483647;
			files = (
				8E13F7932FFBFFE3002D0D70 /* schema.json in Resources */,
				8E13F7892FFBFFCC002D0D70 /* test_geocoder in Resources */,
				8E13F78A2FFBFFCC002D0D70 /* .gitignore in Resources */,
				8E13F78B2FFBFFCC002D0D70 /* config.toml in Resources */,
				8E13F78C2FFBFFCC002D0D70 /* .npmrc in Resources */,
				8E13F78D2FFBFFCC002D0D70 /* deno.json in Resources */,
				DAA1C8E251847C8EB940EF76 /* Assets.xcassets in Resources */,
			);
			runOnlyForDeploymentPostprocessing = 0;
		};
		92A3BB901AA17599A7F12A3C /* Resources */ = {
			isa = PBXResourcesBuildPhase;
			buildActionMask = 2147483647;
			files = (
			);
			runOnlyForDeploymentPostprocessing = 0;
		};
		C19799981893AC385C0AB9F6 /* Resources */ = {
			isa = PBXResourcesBuildPhase;
			buildActionMask = 2147483647;
			files = (
			);
			runOnlyForDeploymentPostprocessing = 0;
		};
/* End PBXResourcesBuildPhase section */

/* Begin PBXSourcesBuildPhase section */
		07F3DDD423BC19D519811E69 /* Sources */ = {
			isa = PBXSourcesBuildPhase;
			buildActionMask = 2147483647;
			files = (
			);
			runOnlyForDeploymentPostprocessing = 0;
		};
		26E41AA36876B15F36B7BBFD /* Sources */ = {
			isa = PBXSourcesBuildPhase;
			buildActionMask = 2147483647;
			files = (
			);
			runOnlyForDeploymentPostprocessing = 0;
		};
		545E2F8E2FEC4E550027DD55 /* Sources */ = {
			isa = PBXSourcesBuildPhase;
			buildActionMask = 2147483647;
			files = (
				993D7D9375BF3DA01DF59F3C /* RSMSApp.swift in Sources */,
				A0B09E54630C43BCA1FC2E22 /* GatewayView.swift in Sources */,
				8E13F78E2FFBFFCC002D0D70 /* test_geocoder.swift in Sources */,
			);
			runOnlyForDeploymentPostprocessing = 0;
		};
		CCC94C6E20482B8BACB83150 /* Sources */ = {
			isa = PBXSourcesBuildPhase;
			buildActionMask = 2147483647;
			files = (
			);
			runOnlyForDeploymentPostprocessing = 0;
		};
		FD652EC4AF643631BA0DDE0C /* Sources */ = {
			isa = PBXSourcesBuildPhase;
			buildActionMask = 2147483647;
			files = (
			);
			runOnlyForDeploymentPostprocessing = 0;
		};
/* End PBXSourcesBuildPhase section */

/* Begin PBXTargetDependency section */
		26AE090C84EDC21426A43CCE /* PBXTargetDependency */ = {
			isa = PBXTargetDependency;
			name = AdminModule;
			target = 37F4303174D5088ED34585DC /* AdminModule */;
			targetProxy = 20FA6173BF17091E42A7BC16 /* PBXContainerItemProxy */;
		};
		41A544B935BEB4C37F629263 /* PBXTargetDependency */ = {
			isa = PBXTargetDependency;
			name = InventoryModule;
			target = FE2041EC843E0AF3AD7EC3A5 /* InventoryModule */;
			targetProxy = 3DD6D53E496AE2216A1F1873 /* PBXContainerItemProxy */;
		};
		48B0E893C4A504C60E58FA3F /* PBXTargetDependency */ = {
			isa = PBXTargetDependency;
			name = SalesAssociateModule;
			target = 27467149B2888AE313D57444 /* SalesAssociateModule */;
			targetProxy = 0B7378E094D3574C3CD0D674 /* PBXContainerItemProxy */;
		};
		F8E4719899268AA15DA8427B /* PBXTargetDependency */ = {
			isa = PBXTargetDependency;
			name = StoreManagerModule;
			target = 8021D4579D215450A41783E2 /* StoreManagerModule */;
			targetProxy = 804CEB155894C8302556FA66 /* PBXContainerItemProxy */;
		};
/* End PBXTargetDependency section */

/* Begin XCBuildConfiguration section */
		0271256D3084E229879F3723 /* Debug */ = {
			isa = XCBuildConfiguration;
			buildSettings = {
				CLANG_ENABLE_OBJC_WEAK = NO;
				CURRENT_PROJECT_VERSION = 1;
				DEFINES_MODULE = YES;
				DYLIB_COMPATIBILITY_VERSION = 1;
				DYLIB_CURRENT_VERSION = 1;
				DYLIB_INSTALL_NAME_BASE = "@rpath";
				GENERATE_INFOPLIST_FILE = YES;
				INSTALL_PATH = "$(LOCAL_LIBRARY_DIR)/Frameworks";
				IPHONEOS_DEPLOYMENT_TARGET = 26.5;
				LD_RUNPATH_SEARCH_PATHS = (
					"$(inherited)",
					"@executable_path/Frameworks",
					"@loader_path/Frameworks",
				);
				MACH_O_TYPE = mh_dylib;
				MARKETING_VERSION = 1.0;
				PRODUCT_BUNDLE_IDENTIFIER = com.rsms.SalesAssociateModule;
				PRODUCT_NAME = "$(TARGET_NAME:c99extidentifier)";
				SDKROOT = iphoneos;
				SKIP_INSTALL = YES;
				SWIFT_VERSION = 5.0;
				TARGETED_DEVICE_FAMILY = "1,2";
				VERSIONING_SYSTEM = "apple-generic";
				VERSION_INFO_PREFIX = "";
			};
			name = Debug;
		};
		16778B9AE216F4568DBC2C58 /* Release */ = {
			isa = XCBuildConfiguration;
			buildSettings = {
				CLANG_ENABLE_OBJC_WEAK = NO;
				CURRENT_PROJECT_VERSION = 1;
				DEFINES_MODULE = YES;
				DYLIB_COMPATIBILITY_VERSION = 1;
				DYLIB_CURRENT_VERSION = 1;
				DYLIB_INSTALL_NAME_BASE = "@rpath";
				GENERATE_INFOPLIST_FILE = YES;
				INSTALL_PATH = "$(LOCAL_LIBRARY_DIR)/Frameworks";
				IPHONEOS_DEPLOYMENT_TARGET = 26.5;
				LD_RUNPATH_SEARCH_PATHS = (
					"$(inherited)",
					"@executable_path/Frameworks",
					"@loader_path/Frameworks",
				);
				MACH_O_TYPE = mh_dylib;
				MARKETING_VERSION = 1.0;
				PRODUCT_BUNDLE_IDENTIFIER = com.rsms.SalesAssociateModule;
				PRODUCT_NAME = "$(TARGET_NAME:c99extidentifier)";
				SDKROOT = iphoneos;
				SKIP_INSTALL = YES;
				SWIFT_VERSION = 5.0;
				TARGETED_DEVICE_FAMILY = "1,2";
				VALIDATE_PRODUCT = YES;
				VERSIONING_SYSTEM = "apple-generic";
				VERSION_INFO_PREFIX = "";
			};
			name = Release;
		};
		1D224CF98844F624DB17D708 /* Release */ = {
			isa = XCBuildConfiguration;
			buildSettings = {
				CLANG_ENABLE_OBJC_WEAK = NO;
				CURRENT_PROJECT_VERSION = 1;
				DEFINES_MODULE = YES;
				DYLIB_COMPATIBILITY_VERSION = 1;
				DYLIB_CURRENT_VERSION = 1;
				DYLIB_INSTALL_NAME_BASE = "@rpath";
				GENERATE_INFOPLIST_FILE = YES;
				INSTALL_PATH = "$(LOCAL_LIBRARY_DIR)/Frameworks";
				IPHONEOS_DEPLOYMENT_TARGET = 26.5;
				LD_RUNPATH_SEARCH_PATHS = (
					"$(inherited)",
					"@executable_path/Frameworks",
					"@loader_path/Frameworks",
				);
				MACH_O_TYPE = mh_dylib;
				MARKETING_VERSION = 1.0;
				PRODUCT_BUNDLE_IDENTIFIER = com.rsms.StoreManagerModule;
				PRODUCT_NAME = "$(TARGET_NAME:c99extidentifier)";
				SDKROOT = iphoneos;
				SKIP_INSTALL = YES;
				SWIFT_VERSION = 5.0;
				TARGETED_DEVICE_FAMILY = "1,2";
				VALIDATE_PRODUCT = YES;
				VERSIONING_SYSTEM = "apple-generic";
				VERSION_INFO_PREFIX = "";
			};
			name = Release;
		};
		29B0D67E463221C1CC1EF984 /* Debug */ = {
			isa = XCBuildConfiguration;
			buildSettings = {
				CLANG_ENABLE_OBJC_WEAK = NO;
				CURRENT_PROJECT_VERSION = 1;
				DEFINES_MODULE = YES;
				DYLIB_COMPATIBILITY_VERSION = 1;
				DYLIB_CURRENT_VERSION = 1;
				DYLIB_INSTALL_NAME_BASE = "@rpath";
				GENERATE_INFOPLIST_FILE = YES;
				INSTALL_PATH = "$(LOCAL_LIBRARY_DIR)/Frameworks";
				IPHONEOS_DEPLOYMENT_TARGET = 26.5;
				LD_RUNPATH_SEARCH_PATHS = (
					"$(inherited)",
					"@executable_path/Frameworks",
					"@loader_path/Frameworks",
				);
				MACH_O_TYPE = mh_dylib;
				MARKETING_VERSION = 1.0;
				PRODUCT_BUNDLE_IDENTIFIER = com.rsms.StoreManagerModule;
				PRODUCT_NAME = "$(TARGET_NAME:c99extidentifier)";
				SDKROOT = iphoneos;
				SKIP_INSTALL = YES;
				SWIFT_VERSION = 5.0;
				TARGETED_DEVICE_FAMILY = "1,2";
				VERSIONING_SYSTEM = "apple-generic";
				VERSION_INFO_PREFIX = "";
			};
			name = Debug;
		};
		4194F1DCAFC0F5D2A5E127F4 /* Debug */ = {
			isa = XCBuildConfiguration;
			buildSettings = {
				CLANG_ENABLE_OBJC_WEAK = NO;
				CURRENT_PROJECT_VERSION = 1;
				DEFINES_MODULE = YES;
				DYLIB_COMPATIBILITY_VERSION = 1;
				DYLIB_CURRENT_VERSION = 1;
				DYLIB_INSTALL_NAME_BASE = "@rpath";
				GENERATE_INFOPLIST_FILE = YES;
				INSTALL_PATH = "$(LOCAL_LIBRARY_DIR)/Frameworks";
				IPHONEOS_DEPLOYMENT_TARGET = 26.5;
				LD_RUNPATH_SEARCH_PATHS = (
					"$(inherited)",
					"@executable_path/Frameworks",
					"@loader_path/Frameworks",
				);
				MACH_O_TYPE = mh_dylib;
				MARKETING_VERSION = 1.0;
				PRODUCT_BUNDLE_IDENTIFIER = com.rsms.InventoryModule;
				PRODUCT_NAME = "$(TARGET_NAME:c99extidentifier)";
				SDKROOT = iphoneos;
				SKIP_INSTALL = YES;
				SWIFT_VERSION = 5.0;
				TARGETED_DEVICE_FAMILY = "1,2";
				VERSIONING_SYSTEM = "apple-generic";
				VERSION_INFO_PREFIX = "";
			};
			name = Debug;
		};
		4FC8E7CA400288FEFEE5A404 /* Release */ = {
			isa = XCBuildConfiguration;
			buildSettings = {
				CLANG_ENABLE_OBJC_WEAK = NO;
				CURRENT_PROJECT_VERSION = 1;
				DEFINES_MODULE = YES;
				DYLIB_COMPATIBILITY_VERSION = 1;
				DYLIB_CURRENT_VERSION = 1;
				DYLIB_INSTALL_NAME_BASE = "@rpath";
				GENERATE_INFOPLIST_FILE = YES;
				INSTALL_PATH = "$(LOCAL_LIBRARY_DIR)/Frameworks";
				IPHONEOS_DEPLOYMENT_TARGET = 26.5;
				LD_RUNPATH_SEARCH_PATHS = (
					"$(inherited)",
					"@executable_path/Frameworks",
					"@loader_path/Frameworks",
				);
				MACH_O_TYPE = mh_dylib;
				MARKETING_VERSION = 1.0;
				PRODUCT_BUNDLE_IDENTIFIER = com.rsms.InventoryModule;
				PRODUCT_NAME = "$(TARGET_NAME:c99extidentifier)";
				SDKROOT = iphoneos;
				SKIP_INSTALL = YES;
				SWIFT_VERSION = 5.0;
				TARGETED_DEVICE_FAMILY = "1,2";
				VALIDATE_PRODUCT = YES;
				VERSIONING_SYSTEM = "apple-generic";
				VERSION_INFO_PREFIX = "";
			};
			name = Release;
		};
		53A91467F252F3E9D133CAB6 /* Release */ = {
			isa = XCBuildConfiguration;
			buildSettings = {
				CLANG_ENABLE_OBJC_WEAK = NO;
				CURRENT_PROJECT_VERSION = 1;
				DEFINES_MODULE = YES;
				DYLIB_COMPATIBILITY_VERSION = 1;
				DYLIB_CURRENT_VERSION = 1;
				DYLIB_INSTALL_NAME_BASE = "@rpath";
				GENERATE_INFOPLIST_FILE = YES;
				INSTALL_PATH = "$(LOCAL_LIBRARY_DIR)/Frameworks";
				IPHONEOS_DEPLOYMENT_TARGET = 26.5;
				LD_RUNPATH_SEARCH_PATHS = (
					"$(inherited)",
					"@executable_path/Frameworks",
					"@loader_path/Frameworks",
				);
				MACH_O_TYPE = mh_dylib;
				MARKETING_VERSION = 1.0;
				PRODUCT_BUNDLE_IDENTIFIER = com.rsms.AdminModule;
				PRODUCT_NAME = "$(TARGET_NAME:c99extidentifier)";
				SDKROOT = iphoneos;
				SKIP_INSTALL = YES;
				SWIFT_VERSION = 5.0;
				TARGETED_DEVICE_FAMILY = "1,2";
				VALIDATE_PRODUCT = YES;
				VERSIONING_SYSTEM = "apple-generic";
				VERSION_INFO_PREFIX = "";
			};
			name = Release;
		};
		545E2F9B2FEC4E560027DD55 /* Debug */ = {
			isa = XCBuildConfiguration;
			buildSettings = {
				ALWAYS_SEARCH_USER_PATHS = NO;
				ASSETCATALOG_COMPILER_GENERATE_SWIFT_ASSET_SYMBOL_EXTENSIONS = YES;
				CLANG_ANALYZER_NONNULL = YES;
				CLANG_ANALYZER_NUMBER_OBJECT_CONVERSION = YES_AGGRESSIVE;
				CLANG_CXX_LANGUAGE_STANDARD = "gnu++20";
				CLANG_ENABLE_MODULES = YES;
				CLANG_ENABLE_OBJC_ARC = YES;
				CLANG_ENABLE_OBJC_WEAK = YES;
				CLANG_WARN_BLOCK_CAPTURE_AUTORELEASING = YES;
				CLANG_WARN_BOOL_CONVERSION = YES;
				CLANG_WARN_COMMA = YES;
				CLANG_WARN_CONSTANT_CONVERSION = YES;
				CLANG_WARN_DEPRECATED_OBJC_IMPLEMENTATIONS = YES;
				CLANG_WARN_DIRECT_OBJC_ISA_USAGE = YES_ERROR;
				CLANG_WARN_DOCUMENTATION_COMMENTS = YES;
				CLANG_WARN_EMPTY_BODY = YES;
				CLANG_WARN_ENUM_CONVERSION = YES;
				CLANG_WARN_INFINITE_RECURSION = YES;
				CLANG_WARN_INT_CONVERSION = YES;
				CLANG_WARN_NON_LITERAL_NULL_CONVERSION = YES;
				CLANG_WARN_OBJC_IMPLICIT_RETAIN_SELF = YES;
				CLANG_WARN_OBJC_LITERAL_CONVERSION = YES;
				CLANG_WARN_OBJC_ROOT_CLASS = YES_ERROR;
				CLANG_WARN_QUOTED_INCLUDE_IN_FRAMEWORK_HEADER = YES;
				CLANG_WARN_RANGE_LOOP_ANALYSIS = YES;
				CLANG_WARN_STRICT_PROTOTYPES = YES;
				CLANG_WARN_SUSPICIOUS_MOVE = YES;
				CLANG_WARN_UNGUARDED_AVAILABILITY = YES_AGGRESSIVE;
				CLANG_WARN_UNREACHABLE_CODE = YES;
				CLANG_WARN__DUPLICATE_METHOD_MATCH = YES;
				COPY_PHASE_STRIP = NO;
				DEBUG_INFORMATION_FORMAT = dwarf;
				DEVELOPMENT_TEAM = LJ54KGW89D;
				ENABLE_STRICT_OBJC_MSGSEND = YES;
				ENABLE_TESTABILITY = YES;
				ENABLE_USER_SCRIPT_SANDBOXING = YES;
				GCC_C_LANGUAGE_STANDARD = gnu17;
				GCC_DYNAMIC_NO_PIC = NO;
				GCC_NO_COMMON_BLOCKS = YES;
				GCC_OPTIMIZATION_LEVEL = 0;
				GCC_PREPROCESSOR_DEFINITIONS = (
					"DEBUG=1",
					"$(inherited)",
				);
				GCC_WARN_64_TO_32_BIT_CONVERSION = YES;
				GCC_WARN_ABOUT_RETURN_TYPE = YES_ERROR;
				GCC_WARN_UNDECLARED_SELECTOR = YES;
				GCC_WARN_UNINITIALIZED_AUTOS = YES_AGGRESSIVE;
				GCC_WARN_UNUSED_FUNCTION = YES;
				GCC_WARN_UNUSED_VARIABLE = YES;
				IPHONEOS_DEPLOYMENT_TARGET = 26.2;
				LOCALIZATION_PREFERS_STRING_CATALOGS = YES;
				MTL_ENABLE_DEBUG_INFO = INCLUDE_SOURCE;
				MTL_FAST_MATH = YES;
				ONLY_ACTIVE_ARCH = YES;
				SDKROOT = iphoneos;
				SWIFT_ACTIVE_COMPILATION_CONDITIONS = "DEBUG $(inherited)";
				SWIFT_OPTIMIZATION_LEVEL = "-Onone";
			};
			name = Debug;
		};
		545E2F9C2FEC4E560027DD55 /* Release */ = {
			isa = XCBuildConfiguration;
			buildSettings = {
				ALWAYS_SEARCH_USER_PATHS = NO;
				ASSETCATALOG_COMPILER_GENERATE_SWIFT_ASSET_SYMBOL_EXTENSIONS = YES;
				CLANG_ANALYZER_NONNULL = YES;
				CLANG_ANALYZER_NUMBER_OBJECT_CONVERSION = YES_AGGRESSIVE;
				CLANG_CXX_LANGUAGE_STANDARD = "gnu++20";
				CLANG_ENABLE_MODULES = YES;
				CLANG_ENABLE_OBJC_ARC = YES;
				CLANG_ENABLE_OBJC_WEAK = YES;
				CLANG_WARN_BLOCK_CAPTURE_AUTORELEASING = YES;
				CLANG_WARN_BOOL_CONVERSION = YES;
				CLANG_WARN_COMMA = YES;
				CLANG_WARN_CONSTANT_CONVERSION = YES;
				CLANG_WARN_DEPRECATED_OBJC_IMPLEMENTATIONS = YES;
				CLANG_WARN_DIRECT_OBJC_ISA_USAGE = YES_ERROR;
				CLANG_WARN_DOCUMENTATION_COMMENTS = YES;
				CLANG_WARN_EMPTY_BODY = YES;
				CLANG_WARN_ENUM_CONVERSION = YES;
				CLANG_WARN_INFINITE_RECURSION = YES;
				CLANG_WARN_INT_CONVERSION = YES;
				CLANG_WARN_NON_LITERAL_NULL_CONVERSION = YES;
				CLANG_WARN_OBJC_IMPLICIT_RETAIN_SELF = YES;
				CLANG_WARN_OBJC_LITERAL_CONVERSION = YES;
				CLANG_WARN_OBJC_ROOT_CLASS = YES_ERROR;
				CLANG_WARN_QUOTED_INCLUDE_IN_FRAMEWORK_HEADER = YES;
				CLANG_WARN_RANGE_LOOP_ANALYSIS = YES;
				CLANG_WARN_STRICT_PROTOTYPES = YES;
				CLANG_WARN_SUSPICIOUS_MOVE = YES;
				CLANG_WARN_UNGUARDED_AVAILABILITY = YES_AGGRESSIVE;
				CLANG_WARN_UNREACHABLE_CODE = YES;
				CLANG_WARN__DUPLICATE_METHOD_MATCH = YES;
				COPY_PHASE_STRIP = NO;
				DEBUG_INFORMATION_FORMAT = "dwarf-with-dsym";
				DEVELOPMENT_TEAM = LJ54KGW89D;
				ENABLE_NS_ASSERTIONS = NO;
				ENABLE_STRICT_OBJC_MSGSEND = YES;
				ENABLE_USER_SCRIPT_SANDBOXING = YES;
				GCC_C_LANGUAGE_STANDARD = gnu17;
				GCC_NO_COMMON_BLOCKS = YES;
				GCC_WARN_64_TO_32_BIT_CONVERSION = YES;
				GCC_WARN_ABOUT_RETURN_TYPE = YES_ERROR;
				GCC_WARN_UNDECLARED_SELECTOR = YES;
				GCC_WARN_UNINITIALIZED_AUTOS = YES_AGGRESSIVE;
				GCC_WARN_UNUSED_FUNCTION = YES;
				GCC_WARN_UNUSED_VARIABLE = YES;
				IPHONEOS_DEPLOYMENT_TARGET = 26.2;
				LOCALIZATION_PREFERS_STRING_CATALOGS = YES;
				MTL_ENABLE_DEBUG_INFO = NO;
				MTL_FAST_MATH = YES;
				SDKROOT = iphoneos;
				SWIFT_COMPILATION_MODE = wholemodule;
				VALIDATE_PRODUCT = YES;
			};
			name = Release;
		};
		545E2F9E2FEC4E560027DD55 /* Debug */ = {
			isa = XCBuildConfiguration;
			buildSettings = {
				ASSETCATALOG_COMPILER_APPICON_NAME = AppIcon;
				ASSETCATALOG_COMPILER_GLOBAL_ACCENT_COLOR_NAME = AccentColor;
				CODE_SIGN_STYLE = Automatic;
				CURRENT_PROJECT_VERSION = 1;
				DEVELOPMENT_TEAM = VACG5C2JP3;
				ENABLE_PREVIEWS = YES;
				GENERATE_INFOPLIST_FILE = YES;
				INFOPLIST_KEY_NSMicrophoneUsageDescription = "RSMS needs microphone access to record your voice for promotion descriptions.";
				INFOPLIST_KEY_NSSpeechRecognitionUsageDescription = "RSMS needs speech recognition to transcribe your voice for promotion descriptions.";
				INFOPLIST_KEY_UIApplicationSceneManifest_Generation = YES;
				INFOPLIST_KEY_UIApplicationSupportsIndirectInputEvents = YES;
				INFOPLIST_KEY_UILaunchScreen_Generation = YES;
				INFOPLIST_KEY_UISupportedInterfaceOrientations_iPad = "UIInterfaceOrientationPortrait UIInterfaceOrientationPortraitUpsideDown UIInterfaceOrientationLandscapeLeft UIInterfaceOrientationLandscapeRight";
				INFOPLIST_KEY_UISupportedInterfaceOrientations_iPhone = "UIInterfaceOrientationPortrait UIInterfaceOrientationLandscapeLeft UIInterfaceOrientationLandscapeRight";
				IPHONEOS_DEPLOYMENT_TARGET = 26.5;
				LD_RUNPATH_SEARCH_PATHS = (
					"$(inherited)",
					"@executable_path/Frameworks",
				);
				MARKETING_VERSION = 1.0;
				PRODUCT_BUNDLE_IDENTIFIER = "saloni.Admin-RSMS";
				PRODUCT_NAME = "$(TARGET_NAME)";
				STRING_CATALOG_GENERATE_SYMBOLS = YES;
				SWIFT_APPROACHABLE_CONCURRENCY = YES;
				SWIFT_DEFAULT_ACTOR_ISOLATION = MainActor;
				SWIFT_EMIT_LOC_STRINGS = YES;
				SWIFT_UPCOMING_FEATURE_MEMBER_IMPORT_VISIBILITY = YES;
				SWIFT_VERSION = 5.0;
				TARGETED_DEVICE_FAMILY = "1,2";
			};
			name = Debug;
		};
		545E2F9F2FEC4E560027DD55 /* Release */ = {
			isa = XCBuildConfiguration;
			buildSettings = {
				ASSETCATALOG_COMPILER_APPICON_NAME = AppIcon;
				ASSETCATALOG_COMPILER_GLOBAL_ACCENT_COLOR_NAME = AccentColor;
				CODE_SIGN_STYLE = Automatic;
				CURRENT_PROJECT_VERSION = 1;
				DEVELOPMENT_TEAM = VACG5C2JP3;
				ENABLE_PREVIEWS = YES;
				GENERATE_INFOPLIST_FILE = YES;
				INFOPLIST_KEY_NSMicrophoneUsageDescription = "RSMS needs microphone access to record your voice for promotion descriptions.";
				INFOPLIST_KEY_NSSpeechRecognitionUsageDescription = "RSMS needs speech recognition to transcribe your voice for promotion descriptions.";
				INFOPLIST_KEY_UIApplicationSceneManifest_Generation = YES;
				INFOPLIST_KEY_UIApplicationSupportsIndirectInputEvents = YES;
				INFOPLIST_KEY_UILaunchScreen_Generation = YES;
				INFOPLIST_KEY_UISupportedInterfaceOrientations_iPad = "UIInterfaceOrientationPortrait UIInterfaceOrientationPortraitUpsideDown UIInterfaceOrientationLandscapeLeft UIInterfaceOrientationLandscapeRight";
				INFOPLIST_KEY_UISupportedInterfaceOrientations_iPhone = "UIInterfaceOrientationPortrait UIInterfaceOrientationLandscapeLeft UIInterfaceOrientationLandscapeRight";
				IPHONEOS_DEPLOYMENT_TARGET = 26.5;
				LD_RUNPATH_SEARCH_PATHS = (
					"$(inherited)",
					"@executable_path/Frameworks",
				);
				MARKETING_VERSION = 1.0;
				PRODUCT_BUNDLE_IDENTIFIER = "saloni.Admin-RSMS";
				PRODUCT_NAME = "$(TARGET_NAME)";
				STRING_CATALOG_GENERATE_SYMBOLS = YES;
				SWIFT_APPROACHABLE_CONCURRENCY = YES;
				SWIFT_DEFAULT_ACTOR_ISOLATION = MainActor;
				SWIFT_EMIT_LOC_STRINGS = YES;
				SWIFT_UPCOMING_FEATURE_MEMBER_IMPORT_VISIBILITY = YES;
				SWIFT_VERSION = 5.0;
				TARGETED_DEVICE_FAMILY = "1,2";
			};
			name = Release;
		};
		77B90694F5BE29D4E4C74CB7 /* Debug */ = {
			isa = XCBuildConfiguration;
			buildSettings = {
				CLANG_ENABLE_OBJC_WEAK = NO;
				CURRENT_PROJECT_VERSION = 1;
				DEFINES_MODULE = YES;
				DYLIB_COMPATIBILITY_VERSION = 1;
				DYLIB_CURRENT_VERSION = 1;
				DYLIB_INSTALL_NAME_BASE = "@rpath";
				GENERATE_INFOPLIST_FILE = YES;
				INSTALL_PATH = "$(LOCAL_LIBRARY_DIR)/Frameworks";
				IPHONEOS_DEPLOYMENT_TARGET = 26.5;
				LD_RUNPATH_SEARCH_PATHS = (
					"$(inherited)",
					"@executable_path/Frameworks",
					"@loader_path/Frameworks",
				);
				MACH_O_TYPE = mh_dylib;
				MARKETING_VERSION = 1.0;
				PRODUCT_BUNDLE_IDENTIFIER = com.rsms.AdminModule;
				PRODUCT_NAME = "$(TARGET_NAME:c99extidentifier)";
				SDKROOT = iphoneos;
				SKIP_INSTALL = YES;
				SWIFT_VERSION = 5.0;
				TARGETED_DEVICE_FAMILY = "1,2";
				VERSIONING_SYSTEM = "apple-generic";
				VERSION_INFO_PREFIX = "";
			};
			name = Debug;
		};
/* End XCBuildConfiguration section */

/* Begin XCConfigurationList section */
		545E2F8D2FEC4E550027DD55 /* Build configuration list for PBXProject "RSMS" */ = {
			isa = XCConfigurationList;
			buildConfigurations = (
				545E2F9B2FEC4E560027DD55 /* Debug */,
				545E2F9C2FEC4E560027DD55 /* Release */,
			);
			defaultConfigurationIsVisible = 0;
			defaultConfigurationName = Release;
		};
		545E2F9D2FEC4E560027DD55 /* Build configuration list for PBXNativeTarget "RSMS" */ = {
			isa = XCConfigurationList;
			buildConfigurations = (
				545E2F9E2FEC4E560027DD55 /* Debug */,
				545E2F9F2FEC4E560027DD55 /* Release */,
			);
			defaultConfigurationIsVisible = 0;
			defaultConfigurationName = Release;
		};
		AB36C8FE5E2D07D49D5D0028 /* Build configuration list for PBXNativeTarget "AdminModule" */ = {
			isa = XCConfigurationList;
			buildConfigurations = (
				53A91467F252F3E9D133CAB6 /* Release */,
				77B90694F5BE29D4E4C74CB7 /* Debug */,
			);
			defaultConfigurationIsVisible = 0;
			defaultConfigurationName = Release;
		};
		DB0333CE3B77F927C628C00C /* Build configuration list for PBXNativeTarget "InventoryModule" */ = {
			isa = XCConfigurationList;
			buildConfigurations = (
				4FC8E7CA400288FEFEE5A404 /* Release */,
				4194F1DCAFC0F5D2A5E127F4 /* Debug */,
			);
			defaultConfigurationIsVisible = 0;
			defaultConfigurationName = Release;
		};
		EF46214731661332EA8B6802 /* Build configuration list for PBXNativeTarget "SalesAssociateModule" */ = {
			isa = XCConfigurationList;
			buildConfigurations = (
				16778B9AE216F4568DBC2C58 /* Release */,
				0271256D3084E229879F3723 /* Debug */,
			);
			defaultConfigurationIsVisible = 0;
			defaultConfigurationName = Release;
		};
		FAB15333B6F6529D837F7D92 /* Build configuration list for PBXNativeTarget "StoreManagerModule" */ = {
			isa = XCConfigurationList;
			buildConfigurations = (
				1D224CF98844F624DB17D708 /* Release */,
				29B0D67E463221C1CC1EF984 /* Debug */,
			);
			defaultConfigurationIsVisible = 0;
			defaultConfigurationName = Release;
		};
/* End XCConfigurationList section */

/* Begin XCRemoteSwiftPackageReference section */
		0500A8412F5DDB9D23D86125 /* XCRemoteSwiftPackageReference "razorpay-pod" */ = {
			isa = XCRemoteSwiftPackageReference;
			repositoryURL = "https://github.com/razorpay/razorpay-pod";
			requirement = {
				kind = upToNextMajorVersion;
				minimumVersion = 1.5.4;
			};
		};
		3507AC3C00CC0038BE44D20B /* XCRemoteSwiftPackageReference "supabase-swift" */ = {
			isa = XCRemoteSwiftPackageReference;
			repositoryURL = "https://github.com/supabase/supabase-swift.git";
			requirement = {
				kind = upToNextMajorVersion;
				minimumVersion = 2.0.0;
			};
		};
		8E2951512FF4F6B600BC2782 /* XCRemoteSwiftPackageReference "supabase-swift" */ = {
			isa = XCRemoteSwiftPackageReference;
			repositoryURL = "https://github.com/supabase/supabase-swift";
			requirement = {
				kind = upToNextMajorVersion;
				minimumVersion = 2.5.1;
			};
		};
/* End XCRemoteSwiftPackageReference section */

/* Begin XCSwiftPackageProductDependency section */
		0181FB83BDA827F3419DBAE6 /* Supabase */ = {
			isa = XCSwiftPackageProductDependency;
			package = 8E2951512FF4F6B600BC2782 /* XCRemoteSwiftPackageReference "supabase-swift" */;
			productName = Supabase;
		};
		01B2BD95E332608E977F55B2 /* Storage */ = {
			isa = XCSwiftPackageProductDependency;
			package = 8E2951512FF4F6B600BC2782 /* XCRemoteSwiftPackageReference "supabase-swift" */;
			productName = Storage;
		};
		0235962DE1D0BE49C10801F6 /* Auth */ = {
			isa = XCSwiftPackageProductDependency;
			package = 8E2951512FF4F6B600BC2782 /* XCRemoteSwiftPackageReference "supabase-swift" */;
			productName = Auth;
		};
		02F10ED3825C4B8BCA9841CF /* Functions */ = {
			isa = XCSwiftPackageProductDependency;
			package = 8E2951512FF4F6B600BC2782 /* XCRemoteSwiftPackageReference "supabase-swift" */;
			productName = Functions;
		};
		26E87761D56F4E6E5E936F02 /* Storage */ = {
			isa = XCSwiftPackageProductDependency;
			package = 3507AC3C00CC0038BE44D20B /* XCRemoteSwiftPackageReference "supabase-swift" */;
			productName = Storage;
		};
		3F03512C93ED2AE255D6BFEF /* PostgREST */ = {
			isa = XCSwiftPackageProductDependency;
			package = 3507AC3C00CC0038BE44D20B /* XCRemoteSwiftPackageReference "supabase-swift" */;
			productName = PostgREST;
		};
		4D0B6C3EDD6B494E722B050E /* Supabase */ = {
			isa = XCSwiftPackageProductDependency;
			package = 3507AC3C00CC0038BE44D20B /* XCRemoteSwiftPackageReference "supabase-swift" */;
			productName = Supabase;
		};
		5394E262DECD0E03989D92DD /* Realtime */ = {
			isa = XCSwiftPackageProductDependency;
			package = 3507AC3C00CC0038BE44D20B /* XCRemoteSwiftPackageReference "supabase-swift" */;
			productName = Realtime;
		};
		622F59C5963C2DD935E9296F /* RazorpayCheckout */ = {
			isa = XCSwiftPackageProductDependency;
			package = 0500A8412F5DDB9D23D86125 /* XCRemoteSwiftPackageReference "razorpay-pod" */;
			productName = RazorpayCheckout;
		};
		6820122289E7DC4831562D0E /* PostgREST */ = {
			isa = XCSwiftPackageProductDependency;
			package = 8E2951512FF4F6B600BC2782 /* XCRemoteSwiftPackageReference "supabase-swift" */;
			productName = PostgREST;
		};
		6C2109ADE587BC3BDA915153 /* Supabase */ = {
			isa = XCSwiftPackageProductDependency;
			package = 8E2951512FF4F6B600BC2782 /* XCRemoteSwiftPackageReference "supabase-swift" */;
			productName = Supabase;
		};
		7FECCE244A0081C0E11E63D3 /* Auth */ = {
			isa = XCSwiftPackageProductDependency;
			package = 3507AC3C00CC0038BE44D20B /* XCRemoteSwiftPackageReference "supabase-swift" */;
			productName = Auth;
		};
		83190A755BB8BD363CDC9F00 /* Realtime */ = {
			isa = XCSwiftPackageProductDependency;
			package = 8E2951512FF4F6B600BC2782 /* XCRemoteSwiftPackageReference "supabase-swift" */;
			productName = Realtime;
		};
		8E2951532FF4F6C200BC2782 /* Auth */ = {
			isa = XCSwiftPackageProductDependency;
			package = 8E2951512FF4F6B600BC2782 /* XCRemoteSwiftPackageReference "supabase-swift" */;
			productName = Auth;
		};
		8E2951552FF4F6C200BC2782 /* Functions */ = {
			isa = XCSwiftPackageProductDependency;
			package = 8E2951512FF4F6B600BC2782 /* XCRemoteSwiftPackageReference "supabase-swift" */;
			productName = Functions;
		};
		8E2951572FF4F6C200BC2782 /* PostgREST */ = {
			isa = XCSwiftPackageProductDependency;
			package = 8E2951512FF4F6B600BC2782 /* XCRemoteSwiftPackageReference "supabase-swift" */;
			productName = PostgREST;
		};
		8E2951592FF4F6C200BC2782 /* Realtime */ = {
			isa = XCSwiftPackageProductDependency;
			package = 8E2951512FF4F6B600BC2782 /* XCRemoteSwiftPackageReference "supabase-swift" */;
			productName = Realtime;
		};
		8E29515B2FF4F6C200BC2782 /* Storage */ = {
			isa = XCSwiftPackageProductDependency;
			package = 8E2951512FF4F6B600BC2782 /* XCRemoteSwiftPackageReference "supabase-swift" */;
			productName = Storage;
		};
		8E29515D2FF4F6C200BC2782 /* Supabase */ = {
			isa = XCSwiftPackageProductDependency;
			package = 8E2951512FF4F6B600BC2782 /* XCRemoteSwiftPackageReference "supabase-swift" */;
			productName = Supabase;
		};
		934C95A5640EEA982A45108B /* Auth */ = {
			isa = XCSwiftPackageProductDependency;
			package = 8E2951512FF4F6B600BC2782 /* XCRemoteSwiftPackageReference "supabase-swift" */;
			productName = Auth;
		};
		98E2439AB3EF1E57ADACA310 /* PostgREST */ = {
			isa = XCSwiftPackageProductDependency;
			package = 8E2951512FF4F6B600BC2782 /* XCRemoteSwiftPackageReference "supabase-swift" */;
			productName = PostgREST;
		};
		9B0F70E4FD43A54CB3039D31 /* Functions */ = {
			isa = XCSwiftPackageProductDependency;
			package = 8E2951512FF4F6B600BC2782 /* XCRemoteSwiftPackageReference "supabase-swift" */;
			productName = Functions;
		};
		9B1B7A1D8DEF009939508114 /* Storage */ = {
			isa = XCSwiftPackageProductDependency;
			package = 8E2951512FF4F6B600BC2782 /* XCRemoteSwiftPackageReference "supabase-swift" */;
			productName = Storage;
		};
		9CFC7501737DD9565CE78A0E /* Supabase */ = {
			isa = XCSwiftPackageProductDependency;
			package = 8E2951512FF4F6B600BC2782 /* XCRemoteSwiftPackageReference "supabase-swift" */;
			productName = Supabase;
		};
		9DA46FE8CAB17ACFDFB9ADC9 /* Functions */ = {
			isa = XCSwiftPackageProductDependency;
			package = 8E2951512FF4F6B600BC2782 /* XCRemoteSwiftPackageReference "supabase-swift" */;
			productName = Functions;
		};
		BB50939E46963CAB435243F8 /* Realtime */ = {
			isa = XCSwiftPackageProductDependency;
			package = 8E2951512FF4F6B600BC2782 /* XCRemoteSwiftPackageReference "supabase-swift" */;
			productName = Realtime;
		};
		C18105AAF5F33A7AB0497B9A /* Auth */ = {
			isa = XCSwiftPackageProductDependency;
			package = 8E2951512FF4F6B600BC2782 /* XCRemoteSwiftPackageReference "supabase-swift" */;
			productName = Auth;
		};
		C40E3D475DA5046377BF4D87 /* Functions */ = {
			isa = XCSwiftPackageProductDependency;
			package = 3507AC3C00CC0038BE44D20B /* XCRemoteSwiftPackageReference "supabase-swift" */;
			productName = Functions;
		};
		EF51CAEEF60DAD2EAE35BBAE /* Realtime */ = {
			isa = XCSwiftPackageProductDependency;
			package = 8E2951512FF4F6B600BC2782 /* XCRemoteSwiftPackageReference "supabase-swift" */;
			productName = Realtime;
		};
		F6A348D1F1F1BB15EEFD5AD3 /* Storage */ = {
			isa = XCSwiftPackageProductDependency;
			package = 8E2951512FF4F6B600BC2782 /* XCRemoteSwiftPackageReference "supabase-swift" */;
			productName = Storage;
		};
		F6B690B55559BD11A13F2A54 /* PostgREST */ = {
			isa = XCSwiftPackageProductDependency;
			package = 8E2951512FF4F6B600BC2782 /* XCRemoteSwiftPackageReference "supabase-swift" */;
			productName = PostgREST;
		};
/* End XCSwiftPackageProductDependency section */
	};
	rootObject = 545E2F8A2FEC4E550027DD55 /* Project object */;
}
