// !$*UTF8*$!
{
	archiveVersion = 1;
	classes = {
	};
	objectVersion = 77;
	objects = {

/* Begin PBXBuildFile section */
		04E67052C829782F3BFAF39C /* PostgREST in Frameworks */ = {isa = PBXBuildFile; productRef = 9B8DC53D5E7BEF8353F0C891 /* PostgREST */; };
		07076597F7F47DE7C7DD7701 /* Auth in Frameworks */ = {isa = PBXBuildFile; productRef = 6DBAF05F39C0A9B98ECA7B2A /* Auth */; };
		0821711712D79D15AB2F0766 /* Storage in Frameworks */ = {isa = PBXBuildFile; productRef = A920320CB1F537CA799CB67C /* Storage */; };
		0B87FCCEA645E75D065B4DF4 /* StoreManagerModule.framework in Frameworks */ = {isa = PBXBuildFile; fileRef = 7C07C596A9B0EBB82D516E5F /* StoreManagerModule.framework */; };
		2636AEEAC5A59835E9B24F9B /* Functions in Frameworks */ = {isa = PBXBuildFile; productRef = 1FD1ECCE9ACD7F657E41F896 /* Functions */; };
		2C0D6A539DDD183A55535B82 /* Auth in Frameworks */ = {isa = PBXBuildFile; productRef = 95C833EA8D2D36EA1EA96245 /* Auth */; };
		407BB373A38533962A331836 /* PostgREST in Frameworks */ = {isa = PBXBuildFile; productRef = 026D118F22AD12783F968C6E /* PostgREST */; };
		499BD1A038DCF4564B76E6D5 /* Assets.xcassets in Resources */ = {isa = PBXBuildFile; fileRef = B0BA016B52582E7BB80BA7DD /* Assets.xcassets */; };
		51C10034DEE70BF08A1A2D60 /* Supabase in Frameworks */ = {isa = PBXBuildFile; productRef = 31C0674CF4C721B358FBF61F /* Supabase */; };
		56CE0F5D897A4814F934DA1D /* SalesAssociateModule.framework in Embed Frameworks */ = {isa = PBXBuildFile; fileRef = 32B26C976AAA2099DB959422 /* SalesAssociateModule.framework */; settings = {ATTRIBUTES = (CodeSignOnCopy, RemoveHeadersOnCopy, ); }; };
		613AB574F695161C951B242A /* SalesAssociateModule.framework in Frameworks */ = {isa = PBXBuildFile; fileRef = 32B26C976AAA2099DB959422 /* SalesAssociateModule.framework */; };
		63C32E1BA8CF9A43A99CB25D /* Foundation.framework in Frameworks */ = {isa = PBXBuildFile; fileRef = 84CE29D14BA03FC64755DFD2 /* Foundation.framework */; };
		680784FA61415EEB71C51633 /* InventoryModule.framework in Embed Frameworks */ = {isa = PBXBuildFile; fileRef = 7C86402C97829B8F7B3C0C47 /* InventoryModule.framework */; settings = {ATTRIBUTES = (CodeSignOnCopy, RemoveHeadersOnCopy, ); }; };
		74BF4A88F3414C8137134EC3 /* Foundation.framework in Frameworks */ = {isa = PBXBuildFile; fileRef = 84CE29D14BA03FC64755DFD2 /* Foundation.framework */; };
		7722A48DC97635BAAE1BC944 /* Realtime in Frameworks */ = {isa = PBXBuildFile; productRef = 48EF1DBD33252956F0DDCCF6 /* Realtime */; };
		817D32297179069579949CEB /* PostgREST in Frameworks */ = {isa = PBXBuildFile; productRef = E7FA8EB6D6FA342487656933 /* PostgREST */; };
		8E2951542FF4F6C200BC2782 /* Auth in Frameworks */ = {isa = PBXBuildFile; productRef = 8E2951532FF4F6C200BC2782 /* Auth */; };
		8E2951562FF4F6C200BC2782 /* Functions in Frameworks */ = {isa = PBXBuildFile; productRef = 8E2951552FF4F6C200BC2782 /* Functions */; };
		8E2951582FF4F6C200BC2782 /* PostgREST in Frameworks */ = {isa = PBXBuildFile; productRef = 8E2951572FF4F6C200BC2782 /* PostgREST */; };
		8E29515A2FF4F6C200BC2782 /* Realtime in Frameworks */ = {isa = PBXBuildFile; productRef = 8E2951592FF4F6C200BC2782 /* Realtime */; };
		8E29515C2FF4F6C200BC2782 /* Storage in Frameworks */ = {isa = PBXBuildFile; productRef = 8E29515B2FF4F6C200BC2782 /* Storage */; };
		8E29515E2FF4F6C200BC2782 /* Supabase in Frameworks */ = {isa = PBXBuildFile; productRef = 8E29515D2FF4F6C200BC2782 /* Supabase */; };
		8F5B4FFAD3DBF4F2351F814D /* Foundation.framework in Frameworks */ = {isa = PBXBuildFile; fileRef = 84CE29D14BA03FC64755DFD2 /* Foundation.framework */; };
		93A292CC914AEC5070666C56 /* InventoryModule.framework in Frameworks */ = {isa = PBXBuildFile; fileRef = 7C86402C97829B8F7B3C0C47 /* InventoryModule.framework */; };
		962A20D681766A02032F4248 /* Supabase in Frameworks */ = {isa = PBXBuildFile; productRef = 04EE7E9870F948BDACB03207 /* Supabase */; };
		9DA6DF952AA4DB2B72899B72 /* AdminModule.framework in Embed Frameworks */ = {isa = PBXBuildFile; fileRef = 15603B65FB651A05D28C592D /* AdminModule.framework */; settings = {ATTRIBUTES = (CodeSignOnCopy, RemoveHeadersOnCopy, ); }; };
		9FF984F8733211796468ED98 /* Functions in Frameworks */ = {isa = PBXBuildFile; productRef = C05EDBCA9760C0FEE8CF6ADB /* Functions */; };
		A83A23D61D6BD194543B2CDB /* Storage in Frameworks */ = {isa = PBXBuildFile; productRef = F11E64F16A96106546E2C27A /* Storage */; };
		AAC17D0BE31CF7AB017C3E53 /* AdminModule.framework in Frameworks */ = {isa = PBXBuildFile; fileRef = 15603B65FB651A05D28C592D /* AdminModule.framework */; };
		AEC11532B07A3201425D0056 /* Functions in Frameworks */ = {isa = PBXBuildFile; productRef = 528960314CAEA9F390F210F8 /* Functions */; };
		AF503F608D48CFC19350CD71 /* Functions in Frameworks */ = {isa = PBXBuildFile; productRef = 1C8EAB51962548874C8F18E1 /* Functions */; };
		B27E1C9EA040D44080047247 /* RazorpayCheckout in Frameworks */ = {isa = PBXBuildFile; productRef = 38A9B7586E1F691E17642B16 /* RazorpayCheckout */; };
		B67A802D9EAF163102032305 /* StoreManagerModule.framework in Embed Frameworks */ = {isa = PBXBuildFile; fileRef = 7C07C596A9B0EBB82D516E5F /* StoreManagerModule.framework */; settings = {ATTRIBUTES = (CodeSignOnCopy, RemoveHeadersOnCopy, ); }; };
		BB5CFE2EF13B55283D082CDF /* Auth in Frameworks */ = {isa = PBXBuildFile; productRef = 95C54DEC7CD5A033A9B6B032 /* Auth */; };
		BC85AC84C0BB1868BB631015 /* Realtime in Frameworks */ = {isa = PBXBuildFile; productRef = 075FF99D33F39011FCDE022F /* Realtime */; };
		C84565A968FBECB02742B6A5 /* Realtime in Frameworks */ = {isa = PBXBuildFile; productRef = B8D80EA872314EFFB6DC8E7F /* Realtime */; };
		C8B2EB2A8DABA944EE58748D /* Foundation.framework in Frameworks */ = {isa = PBXBuildFile; fileRef = 84CE29D14BA03FC64755DFD2 /* Foundation.framework */; };
		CD51F9D09C818AE52A77835E /* Supabase in Frameworks */ = {isa = PBXBuildFile; productRef = 56DF68194D2B6120B1718F04 /* Supabase */; };
		D525E10FB25C445CB8CAFAAD /* Storage in Frameworks */ = {isa = PBXBuildFile; productRef = F9B8D6815D89309C29B7403F /* Storage */; };
		E173963A906424D3DE2F410D /* Auth in Frameworks */ = {isa = PBXBuildFile; productRef = FDF28FA50EF3204C4A0AC36D /* Auth */; };
		E78F9A36612980831DA66366 /* PostgREST in Frameworks */ = {isa = PBXBuildFile; productRef = 0172F876B0C94E3240AF2EDC /* PostgREST */; };
		E96A448AE6670048111F0690 /* Realtime in Frameworks */ = {isa = PBXBuildFile; productRef = 895E41676EE19417F6DF1785 /* Realtime */; };
		EEBA7E86DD7809F209391E6F /* Storage in Frameworks */ = {isa = PBXBuildFile; productRef = 274C8E0EAAE930FB35B7C0E3 /* Storage */; };
		EF5B65DC153F0A988881C8B9 /* RSMSApp.swift in Sources */ = {isa = PBXBuildFile; fileRef = 80F39A48F99E9DC5B9F17D59 /* RSMSApp.swift */; };
		F148DE21CB237F1C46CA18A8 /* GatewayView.swift in Sources */ = {isa = PBXBuildFile; fileRef = C36D7BAB8E0987EF2F6CFB9C /* GatewayView.swift */; };
		FFDAE64AC981FA89B076CCB4 /* Supabase in Frameworks */ = {isa = PBXBuildFile; productRef = 2FE9E0E0164D60E59C1D70A4 /* Supabase */; };
/* End PBXBuildFile section */

/* Begin PBXContainerItemProxy section */
		1C99A66F9A5C561E329411E1 /* PBXContainerItemProxy */ = {
			isa = PBXContainerItemProxy;
			containerPortal = 545E2F8A2FEC4E550027DD55 /* Project object */;
			proxyType = 1;
			remoteGlobalIDString = A8C80F3BD909C87878306409;
			remoteInfo = SalesAssociateModule;
		};
		A2FF99C6766DC90586E9AF9C /* PBXContainerItemProxy */ = {
			isa = PBXContainerItemProxy;
			containerPortal = 545E2F8A2FEC4E550027DD55 /* Project object */;
			proxyType = 1;
			remoteGlobalIDString = F300A9487E36AE03375F154C;
			remoteInfo = StoreManagerModule;
		};
		BBFFAE6187C95BD482230E5B /* PBXContainerItemProxy */ = {
			isa = PBXContainerItemProxy;
			containerPortal = 545E2F8A2FEC4E550027DD55 /* Project object */;
			proxyType = 1;
			remoteGlobalIDString = 29F82BFC86464EC0653A0732;
			remoteInfo = AdminModule;
		};
		F111F02D28C7ABBC7C32A00E /* PBXContainerItemProxy */ = {
			isa = PBXContainerItemProxy;
			containerPortal = 545E2F8A2FEC4E550027DD55 /* Project object */;
			proxyType = 1;
			remoteGlobalIDString = 3A9F0C83247F88490C80FB27;
			remoteInfo = InventoryModule;
		};
/* End PBXContainerItemProxy section */

/* Begin PBXCopyFilesBuildPhase section */
		B53B9D190D83A8989627FE8E /* Embed Frameworks */ = {
			isa = PBXCopyFilesBuildPhase;
			buildActionMask = 2147483647;
			dstPath = "";
			dstSubfolderSpec = 10;
			files = (
				9DA6DF952AA4DB2B72899B72 /* AdminModule.framework in Embed Frameworks */,
				680784FA61415EEB71C51633 /* InventoryModule.framework in Embed Frameworks */,
				B67A802D9EAF163102032305 /* StoreManagerModule.framework in Embed Frameworks */,
				56CE0F5D897A4814F934DA1D /* SalesAssociateModule.framework in Embed Frameworks */,
			);
			name = "Embed Frameworks";
			runOnlyForDeploymentPostprocessing = 0;
		};
/* End PBXCopyFilesBuildPhase section */

/* Begin PBXFileReference section */
		15603B65FB651A05D28C592D /* AdminModule.framework */ = {isa = PBXFileReference; explicitFileType = wrapper.framework; includeInIndex = 0; path = AdminModule.framework; sourceTree = BUILT_PRODUCTS_DIR; };
		32B26C976AAA2099DB959422 /* SalesAssociateModule.framework */ = {isa = PBXFileReference; explicitFileType = wrapper.framework; includeInIndex = 0; path = SalesAssociateModule.framework; sourceTree = BUILT_PRODUCTS_DIR; };
		545E2F922FEC4E550027DD55 /* Admin_RSMS.app */ = {isa = PBXFileReference; explicitFileType = wrapper.application; includeInIndex = 0; path = Admin_RSMS.app; sourceTree = BUILT_PRODUCTS_DIR; };
		7C07C596A9B0EBB82D516E5F /* StoreManagerModule.framework */ = {isa = PBXFileReference; explicitFileType = wrapper.framework; includeInIndex = 0; path = StoreManagerModule.framework; sourceTree = BUILT_PRODUCTS_DIR; };
		7C86402C97829B8F7B3C0C47 /* InventoryModule.framework */ = {isa = PBXFileReference; explicitFileType = wrapper.framework; includeInIndex = 0; path = InventoryModule.framework; sourceTree = BUILT_PRODUCTS_DIR; };
		80F39A48F99E9DC5B9F17D59 /* RSMSApp.swift */ = {isa = PBXFileReference; includeInIndex = 1; lastKnownFileType = sourcecode.swift; path = RSMSApp.swift; sourceTree = "<group>"; };
		84CE29D14BA03FC64755DFD2 /* Foundation.framework */ = {isa = PBXFileReference; lastKnownFileType = wrapper.framework; name = Foundation.framework; path = Platforms/iPhoneOS.platform/Developer/SDKs/iPhoneOS18.0.sdk/System/Library/Frameworks/Foundation.framework; sourceTree = DEVELOPER_DIR; };
		8E92894D2FF566BC001C9D4C /* .npmrc */ = {isa = PBXFileReference; lastKnownFileType = text; path = .npmrc; sourceTree = "<group>"; };
		8E92894E2FF566BC001C9D4C /* deno.json */ = {isa = PBXFileReference; lastKnownFileType = text.json; path = deno.json; sourceTree = "<group>"; };
		8E92894F2FF566BC001C9D4C /* index.ts */ = {isa = PBXFileReference; lastKnownFileType = sourcecode.typescript; path = index.ts; sourceTree = "<group>"; };
		8E9289512FF566BC001C9D4C /* index.ts */ = {isa = PBXFileReference; lastKnownFileType = sourcecode.typescript; path = index.ts; sourceTree = "<group>"; };
		8E9289542FF566BC001C9D4C /* .gitignore */ = {isa = PBXFileReference; lastKnownFileType = text; path = .gitignore; sourceTree = "<group>"; };
		8E9289552FF566BC001C9D4C /* config.toml */ = {isa = PBXFileReference; lastKnownFileType = text; path = config.toml; sourceTree = "<group>"; };
		8E9289572FF566BC001C9D4C /* test_geocoder */ = {isa = PBXFileReference; lastKnownFileType = "compiled.mach-o.executable"; path = test_geocoder; sourceTree = "<group>"; };
		8E9289582FF566BC001C9D4C /* test_geocoder.swift */ = {isa = PBXFileReference; lastKnownFileType = sourcecode.swift; path = test_geocoder.swift; sourceTree = "<group>"; };
		B0BA016B52582E7BB80BA7DD /* Assets.xcassets */ = {isa = PBXFileReference; includeInIndex = 1; lastKnownFileType = folder.assetcatalog; path = Assets.xcassets; sourceTree = "<group>"; };
		C36D7BAB8E0987EF2F6CFB9C /* GatewayView.swift */ = {isa = PBXFileReference; includeInIndex = 1; lastKnownFileType = sourcecode.swift; path = GatewayView.swift; sourceTree = "<group>"; };
/* End PBXFileReference section */

/* Begin PBXFileSystemSynchronizedRootGroup section */
		03FBF66F9B4F96D70A78EE89 /* RSMS_Sales_Associate/sales_associate_rsms */ = {
			isa = PBXFileSystemSynchronizedRootGroup;
			exceptions = (
			);
			path = RSMS_Sales_Associate/sales_associate_rsms;
			sourceTree = "<group>";
		};
		5F92D7EEE3232C9A6F112AF9 /* RSMS_Inventory/RSMS_Project */ = {
			isa = PBXFileSystemSynchronizedRootGroup;
			exceptions = (
			);
			path = RSMS_Inventory/RSMS_Project;
			sourceTree = "<group>";
		};
		823110EF7BB893D489FCD4C2 /* RSMS_Store_Manager/RSMS_Project */ = {
			isa = PBXFileSystemSynchronizedRootGroup;
			exceptions = (
			);
			path = RSMS_Store_Manager/RSMS_Project;
			sourceTree = "<group>";
		};
		BDA2A2FB239C601C484446F5 /* RSMS_Admin/Admin_RSMS */ = {
			isa = PBXFileSystemSynchronizedRootGroup;
			exceptions = (
			);
			path = RSMS_Admin/Admin_RSMS;
			sourceTree = "<group>";
		};
/* End PBXFileSystemSynchronizedRootGroup section */

/* Begin PBXFrameworksBuildPhase section */
		3C2EE27C8D74E30B57FDEEBD /* Frameworks */ = {
			isa = PBXFrameworksBuildPhase;
			buildActionMask = 2147483647;
			files = (
				63C32E1BA8CF9A43A99CB25D /* Foundation.framework in Frameworks */,
				2C0D6A539DDD183A55535B82 /* Auth in Frameworks */,
				AEC11532B07A3201425D0056 /* Functions in Frameworks */,
				817D32297179069579949CEB /* PostgREST in Frameworks */,
				E96A448AE6670048111F0690 /* Realtime in Frameworks */,
				A83A23D61D6BD194543B2CDB /* Storage in Frameworks */,
				FFDAE64AC981FA89B076CCB4 /* Supabase in Frameworks */,
			);
			runOnlyForDeploymentPostprocessing = 0;
		};
		545E2F8F2FEC4E550027DD55 /* Frameworks */ = {
			isa = PBXFrameworksBuildPhase;
			buildActionMask = 2147483647;
			files = (
				8E2951582FF4F6C200BC2782 /* PostgREST in Frameworks */,
				8E2951562FF4F6C200BC2782 /* Functions in Frameworks */,
				8E29515E2FF4F6C200BC2782 /* Supabase in Frameworks */,
				8E2951542FF4F6C200BC2782 /* Auth in Frameworks */,
				8E29515C2FF4F6C200BC2782 /* Storage in Frameworks */,
				8E29515A2FF4F6C200BC2782 /* Realtime in Frameworks */,
				AAC17D0BE31CF7AB017C3E53 /* AdminModule.framework in Frameworks */,
				93A292CC914AEC5070666C56 /* InventoryModule.framework in Frameworks */,
				0B87FCCEA645E75D065B4DF4 /* StoreManagerModule.framework in Frameworks */,
				613AB574F695161C951B242A /* SalesAssociateModule.framework in Frameworks */,
			);
			runOnlyForDeploymentPostprocessing = 0;
		};
		924148322EF0AC1E38E46931 /* Frameworks */ = {
			isa = PBXFrameworksBuildPhase;
			buildActionMask = 2147483647;
			files = (
				74BF4A88F3414C8137134EC3 /* Foundation.framework in Frameworks */,
				E173963A906424D3DE2F410D /* Auth in Frameworks */,
				2636AEEAC5A59835E9B24F9B /* Functions in Frameworks */,
				E78F9A36612980831DA66366 /* PostgREST in Frameworks */,
				7722A48DC97635BAAE1BC944 /* Realtime in Frameworks */,
				D525E10FB25C445CB8CAFAAD /* Storage in Frameworks */,
				51C10034DEE70BF08A1A2D60 /* Supabase in Frameworks */,
				B27E1C9EA040D44080047247 /* RazorpayCheckout in Frameworks */,
			);
			runOnlyForDeploymentPostprocessing = 0;
		};
		C455E1DD3C530FFD06B70E1A /* Frameworks */ = {
			isa = PBXFrameworksBuildPhase;
			buildActionMask = 2147483647;
			files = (
				8F5B4FFAD3DBF4F2351F814D /* Foundation.framework in Frameworks */,
				BB5CFE2EF13B55283D082CDF /* Auth in Frameworks */,
				9FF984F8733211796468ED98 /* Functions in Frameworks */,
				407BB373A38533962A331836 /* PostgREST in Frameworks */,
				BC85AC84C0BB1868BB631015 /* Realtime in Frameworks */,
				0821711712D79D15AB2F0766 /* Storage in Frameworks */,
				962A20D681766A02032F4248 /* Supabase in Frameworks */,
			);
			runOnlyForDeploymentPostprocessing = 0;
		};
		F00EEEB5CF244955EC9D092F /* Frameworks */ = {
			isa = PBXFrameworksBuildPhase;
			buildActionMask = 2147483647;
			files = (
				C8B2EB2A8DABA944EE58748D /* Foundation.framework in Frameworks */,
				07076597F7F47DE7C7DD7701 /* Auth in Frameworks */,
				AF503F608D48CFC19350CD71 /* Functions in Frameworks */,
				04E67052C829782F3BFAF39C /* PostgREST in Frameworks */,
				C84565A968FBECB02742B6A5 /* Realtime in Frameworks */,
				EEBA7E86DD7809F209391E6F /* Storage in Frameworks */,
				CD51F9D09C818AE52A77835E /* Supabase in Frameworks */,
			);
			runOnlyForDeploymentPostprocessing = 0;
		};
/* End PBXFrameworksBuildPhase section */

/* Begin PBXGroup section */
		50ADB6A6E56DCC73E56C8F39 /* iOS */ = {
			isa = PBXGroup;
			children = (
				84CE29D14BA03FC64755DFD2 /* Foundation.framework */,
			);
			name = iOS;
			sourceTree = "<group>";
		};
		545E2F892FEC4E550027DD55 = {
			isa = PBXGroup;
			children = (
				8E9289562FF566BC001C9D4C /* supabase */,
				8E9289572FF566BC001C9D4C /* test_geocoder */,
				8E9289582FF566BC001C9D4C /* test_geocoder.swift */,
				8E2951522FF4F6C200BC2782 /* Frameworks */,
				545E2F932FEC4E550027DD55 /* Products */,
				80F39A48F99E9DC5B9F17D59 /* RSMSApp.swift */,
				C36D7BAB8E0987EF2F6CFB9C /* GatewayView.swift */,
				B0BA016B52582E7BB80BA7DD /* Assets.xcassets */,
				BDA2A2FB239C601C484446F5 /* RSMS_Admin/Admin_RSMS */,
				5F92D7EEE3232C9A6F112AF9 /* RSMS_Inventory/RSMS_Project */,
				823110EF7BB893D489FCD4C2 /* RSMS_Store_Manager/RSMS_Project */,
				03FBF66F9B4F96D70A78EE89 /* RSMS_Sales_Associate/sales_associate_rsms */,
			);
			sourceTree = "<group>";
		};
		545E2F932FEC4E550027DD55 /* Products */ = {
			isa = PBXGroup;
			children = (
				545E2F922FEC4E550027DD55 /* Admin_RSMS.app */,
				15603B65FB651A05D28C592D /* AdminModule.framework */,
				7C86402C97829B8F7B3C0C47 /* InventoryModule.framework */,
				7C07C596A9B0EBB82D516E5F /* StoreManagerModule.framework */,
				32B26C976AAA2099DB959422 /* SalesAssociateModule.framework */,
			);
			name = Products;
			sourceTree = "<group>";
		};
		8E2951522FF4F6C200BC2782 /* Frameworks */ = {
			isa = PBXGroup;
			children = (
				50ADB6A6E56DCC73E56C8F39 /* iOS */,
			);
			name = Frameworks;
			sourceTree = "<group>";
		};
		8E9289502FF566BC001C9D4C /* send-credentials */ = {
			isa = PBXGroup;
			children = (
				8E92894D2FF566BC001C9D4C /* .npmrc */,
				8E92894E2FF566BC001C9D4C /* deno.json */,
				8E92894F2FF566BC001C9D4C /* index.ts */,
			);
			path = "send-credentials";
			sourceTree = "<group>";
		};
		8E9289522FF566BC001C9D4C /* send-otp-email */ = {
			isa = PBXGroup;
			children = (
				8E9289512FF566BC001C9D4C /* index.ts */,
			);
			path = "send-otp-email";
			sourceTree = "<group>";
		};
		8E9289532FF566BC001C9D4C /* functions */ = {
			isa = PBXGroup;
			children = (
				8E9289502FF566BC001C9D4C /* send-credentials */,
				8E9289522FF566BC001C9D4C /* send-otp-email */,
			);
			path = functions;
			sourceTree = "<group>";
		};
		8E9289562FF566BC001C9D4C /* supabase */ = {
			isa = PBXGroup;
			children = (
				8E9289532FF566BC001C9D4C /* functions */,
				8E9289542FF566BC001C9D4C /* .gitignore */,
				8E9289552FF566BC001C9D4C /* config.toml */,
			);
			path = supabase;
			sourceTree = "<group>";
		};
/* End PBXGroup section */

/* Begin PBXHeadersBuildPhase section */
		20D01DFE2D3648F8B2A2C136 /* Headers */ = {
			isa = PBXHeadersBuildPhase;
			buildActionMask = 2147483647;
			files = (
			);
			runOnlyForDeploymentPostprocessing = 0;
		};
		3D11C06B96BF7DE3DB6176F8 /* Headers */ = {
			isa = PBXHeadersBuildPhase;
			buildActionMask = 2147483647;
			files = (
			);
			runOnlyForDeploymentPostprocessing = 0;
		};
		A1264F31D2660D7A1BEFD07E /* Headers */ = {
			isa = PBXHeadersBuildPhase;
			buildActionMask = 2147483647;
			files = (
			);
			runOnlyForDeploymentPostprocessing = 0;
		};
		A7038B42E0FA6F5FF1793034 /* Headers */ = {
			isa = PBXHeadersBuildPhase;
			buildActionMask = 2147483647;
			files = (
			);
			runOnlyForDeploymentPostprocessing = 0;
		};
/* End PBXHeadersBuildPhase section */

/* Begin PBXNativeTarget section */
		29F82BFC86464EC0653A0732 /* AdminModule */ = {
			isa = PBXNativeTarget;
			buildConfigurationList = EDDC151D5F541E28612016B9 /* Build configuration list for PBXNativeTarget "AdminModule" */;
			buildPhases = (
				A1264F31D2660D7A1BEFD07E /* Headers */,
				526EF34C750776840EF4CB6D /* Sources */,
				3C2EE27C8D74E30B57FDEEBD /* Frameworks */,
				44E26C3C568F19DF0C3B54B6 /* Resources */,
			);
			buildRules = (
			);
			dependencies = (
			);
			fileSystemSynchronizedGroups = (
				BDA2A2FB239C601C484446F5 /* RSMS_Admin/Admin_RSMS */,
			);
			name = AdminModule;
			packageProductDependencies = (
				95C833EA8D2D36EA1EA96245 /* Auth */,
				528960314CAEA9F390F210F8 /* Functions */,
				E7FA8EB6D6FA342487656933 /* PostgREST */,
				895E41676EE19417F6DF1785 /* Realtime */,
				F11E64F16A96106546E2C27A /* Storage */,
				2FE9E0E0164D60E59C1D70A4 /* Supabase */,
			);
			productName = AdminModule;
			productReference = 15603B65FB651A05D28C592D /* AdminModule.framework */;
			productType = "com.apple.product-type.framework";
		};
		3A9F0C83247F88490C80FB27 /* InventoryModule */ = {
			isa = PBXNativeTarget;
			buildConfigurationList = 29A25D6586FBA0AD61371D03 /* Build configuration list for PBXNativeTarget "InventoryModule" */;
			buildPhases = (
				A7038B42E0FA6F5FF1793034 /* Headers */,
				57259823E79379701FDACDF7 /* Sources */,
				F00EEEB5CF244955EC9D092F /* Frameworks */,
				7421BAB11ABC01CB0C81968D /* Resources */,
			);
			buildRules = (
			);
			dependencies = (
			);
			fileSystemSynchronizedGroups = (
				5F92D7EEE3232C9A6F112AF9 /* RSMS_Inventory/RSMS_Project */,
			);
			name = InventoryModule;
			packageProductDependencies = (
				6DBAF05F39C0A9B98ECA7B2A /* Auth */,
				1C8EAB51962548874C8F18E1 /* Functions */,
				9B8DC53D5E7BEF8353F0C891 /* PostgREST */,
				B8D80EA872314EFFB6DC8E7F /* Realtime */,
				274C8E0EAAE930FB35B7C0E3 /* Storage */,
				56DF68194D2B6120B1718F04 /* Supabase */,
			);
			productName = InventoryModule;
			productReference = 7C86402C97829B8F7B3C0C47 /* InventoryModule.framework */;
			productType = "com.apple.product-type.framework";
		};
		545E2F912FEC4E550027DD55 /* RSMS */ = {
			isa = PBXNativeTarget;
			buildConfigurationList = 545E2F9D2FEC4E560027DD55 /* Build configuration list for PBXNativeTarget "RSMS" */;
			buildPhases = (
				545E2F8E2FEC4E550027DD55 /* Sources */,
				545E2F8F2FEC4E550027DD55 /* Frameworks */,
				545E2F902FEC4E550027DD55 /* Resources */,
				B53B9D190D83A8989627FE8E /* Embed Frameworks */,
			);
			buildRules = (
			);
			dependencies = (
				09D470193B47DD1FEC0B9174 /* PBXTargetDependency */,
				CBF12F410565307B647E880B /* PBXTargetDependency */,
				66169A4B37E7A14676B943A3 /* PBXTargetDependency */,
				0AF08C23D426F3116538573F /* PBXTargetDependency */,
			);
			name = RSMS;
			packageProductDependencies = (
				8E2951532FF4F6C200BC2782 /* Auth */,
				8E2951552FF4F6C200BC2782 /* Functions */,
				8E2951572FF4F6C200BC2782 /* PostgREST */,
				8E2951592FF4F6C200BC2782 /* Realtime */,
				8E29515B2FF4F6C200BC2782 /* Storage */,
				8E29515D2FF4F6C200BC2782 /* Supabase */,
			);
			productName = RSMS;
			productReference = 545E2F922FEC4E550027DD55 /* Admin_RSMS.app */;
			productType = "com.apple.product-type.application";
		};
		A8C80F3BD909C87878306409 /* SalesAssociateModule */ = {
			isa = PBXNativeTarget;
			buildConfigurationList = E1CAE95E00A6BEF84441E803 /* Build configuration list for PBXNativeTarget "SalesAssociateModule" */;
			buildPhases = (
				3D11C06B96BF7DE3DB6176F8 /* Headers */,
				E116AD85FB361ADA34481F9E /* Sources */,
				924148322EF0AC1E38E46931 /* Frameworks */,
				1453867BF66565DB8A35B2FF /* Resources */,
			);
			buildRules = (
			);
			dependencies = (
			);
			fileSystemSynchronizedGroups = (
				03FBF66F9B4F96D70A78EE89 /* RSMS_Sales_Associate/sales_associate_rsms */,
			);
			name = SalesAssociateModule;
			packageProductDependencies = (
				FDF28FA50EF3204C4A0AC36D /* Auth */,
				1FD1ECCE9ACD7F657E41F896 /* Functions */,
				0172F876B0C94E3240AF2EDC /* PostgREST */,
				48EF1DBD33252956F0DDCCF6 /* Realtime */,
				F9B8D6815D89309C29B7403F /* Storage */,
				31C0674CF4C721B358FBF61F /* Supabase */,
				38A9B7586E1F691E17642B16 /* RazorpayCheckout */,
			);
			productName = SalesAssociateModule;
			productReference = 32B26C976AAA2099DB959422 /* SalesAssociateModule.framework */;
			productType = "com.apple.product-type.framework";
		};
		F300A9487E36AE03375F154C /* StoreManagerModule */ = {
			isa = PBXNativeTarget;
			buildConfigurationList = 7F23B7E5773E740F7ECA9F2B /* Build configuration list for PBXNativeTarget "StoreManagerModule" */;
			buildPhases = (
				20D01DFE2D3648F8B2A2C136 /* Headers */,
				B2A1246CE7FC9BA558A2A08D /* Sources */,
				C455E1DD3C530FFD06B70E1A /* Frameworks */,
				CADF71C678FDEF6B2D4900EF /* Resources */,
			);
			buildRules = (
			);
			dependencies = (
			);
			fileSystemSynchronizedGroups = (
				823110EF7BB893D489FCD4C2 /* RSMS_Store_Manager/RSMS_Project */,
			);
			name = StoreManagerModule;
			packageProductDependencies = (
				95C54DEC7CD5A033A9B6B032 /* Auth */,
				C05EDBCA9760C0FEE8CF6ADB /* Functions */,
				026D118F22AD12783F968C6E /* PostgREST */,
				075FF99D33F39011FCDE022F /* Realtime */,
				A920320CB1F537CA799CB67C /* Storage */,
				04EE7E9870F948BDACB03207 /* Supabase */,
			);
			productName = StoreManagerModule;
			productReference = 7C07C596A9B0EBB82D516E5F /* StoreManagerModule.framework */;
			productType = "com.apple.product-type.framework";
		};
/* End PBXNativeTarget section */

/* Begin PBXProject section */
		545E2F8A2FEC4E550027DD55 /* Project object */ = {
			isa = PBXProject;
			attributes = {
				BuildIndependentTargetsInParallel = 1;
				LastSwiftUpdateCheck = 2620;
				LastUpgradeCheck = 2620;
				TargetAttributes = {
					545E2F912FEC4E550027DD55 = {
						CreatedOnToolsVersion = 26.2;
					};
				};
			};
			buildConfigurationList = 545E2F8D2FEC4E550027DD55 /* Build configuration list for PBXProject "RSMS" */;
			developmentRegion = en;
			hasScannedForEncodings = 0;
			knownRegions = (
				en,
				Base,
			);
			mainGroup = 545E2F892FEC4E550027DD55;
			minimizedProjectReferenceProxies = 1;
			packageReferences = (
				8E2951512FF4F6B600BC2782 /* XCRemoteSwiftPackageReference "supabase-swift" */,
				994ED35883ADC1855BA438DF /* XCRemoteSwiftPackageReference "supabase-swift" */,
				412B95E68AC89C6572364441 /* XCRemoteSwiftPackageReference "razorpay-pod" */,
			);
			preferredProjectObjectVersion = 77;
			productRefGroup = 545E2F932FEC4E550027DD55 /* Products */;
			projectDirPath = "";
			projectRoot = "";
			targets = (
				545E2F912FEC4E550027DD55 /* RSMS */,
				29F82BFC86464EC0653A0732 /* AdminModule */,
				3A9F0C83247F88490C80FB27 /* InventoryModule */,
				F300A9487E36AE03375F154C /* StoreManagerModule */,
				A8C80F3BD909C87878306409 /* SalesAssociateModule */,
			);
		};
/* End PBXProject section */

/* Begin PBXResourcesBuildPhase section */
		1453867BF66565DB8A35B2FF /* Resources */ = {
			isa = PBXResourcesBuildPhase;
			buildActionMask = 2147483647;
			files = (
			);
			runOnlyForDeploymentPostprocessing = 0;
		};
		44E26C3C568F19DF0C3B54B6 /* Resources */ = {
			isa = PBXResourcesBuildPhase;
			buildActionMask = 2147483647;
			files = (
			);
			runOnlyForDeploymentPostprocessing = 0;
		};
		545E2F902FEC4E550027DD55 /* Resources */ = {
			isa = PBXResourcesBuildPhase;
			buildActionMask = 2147483647;
			files = (
				499BD1A038DCF4564B76E6D5 /* Assets.xcassets in Resources */,
			);
			runOnlyForDeploymentPostprocessing = 0;
		};
		7421BAB11ABC01CB0C81968D /* Resources */ = {
			isa = PBXResourcesBuildPhase;
			buildActionMask = 2147483647;
			files = (
			);
			runOnlyForDeploymentPostprocessing = 0;
		};
		CADF71C678FDEF6B2D4900EF /* Resources */ = {
			isa = PBXResourcesBuildPhase;
			buildActionMask = 2147483647;
			files = (
			);
			runOnlyForDeploymentPostprocessing = 0;
		};
/* End PBXResourcesBuildPhase section */

/* Begin PBXSourcesBuildPhase section */
		526EF34C750776840EF4CB6D /* Sources */ = {
			isa = PBXSourcesBuildPhase;
			buildActionMask = 2147483647;
			files = (
			);
			runOnlyForDeploymentPostprocessing = 0;
		};
		545E2F8E2FEC4E550027DD55 /* Sources */ = {
			isa = PBXSourcesBuildPhase;
			buildActionMask = 2147483647;
			files = (
				EF5B65DC153F0A988881C8B9 /* RSMSApp.swift in Sources */,
				F148DE21CB237F1C46CA18A8 /* GatewayView.swift in Sources */,
			);
			runOnlyForDeploymentPostprocessing = 0;
		};
		57259823E79379701FDACDF7 /* Sources */ = {
			isa = PBXSourcesBuildPhase;
			buildActionMask = 2147483647;
			files = (
			);
			runOnlyForDeploymentPostprocessing = 0;
		};
		B2A1246CE7FC9BA558A2A08D /* Sources */ = {
			isa = PBXSourcesBuildPhase;
			buildActionMask = 2147483647;
			files = (
			);
			runOnlyForDeploymentPostprocessing = 0;
		};
		E116AD85FB361ADA34481F9E /* Sources */ = {
			isa = PBXSourcesBuildPhase;
			buildActionMask = 2147483647;
			files = (
			);
			runOnlyForDeploymentPostprocessing = 0;
		};
/* End PBXSourcesBuildPhase section */

/* Begin PBXTargetDependency section */
		09D470193B47DD1FEC0B9174 /* PBXTargetDependency */ = {
			isa = PBXTargetDependency;
			name = AdminModule;
			target = 29F82BFC86464EC0653A0732 /* AdminModule */;
			targetProxy = BBFFAE6187C95BD482230E5B /* PBXContainerItemProxy */;
		};
		0AF08C23D426F3116538573F /* PBXTargetDependency */ = {
			isa = PBXTargetDependency;
			name = SalesAssociateModule;
			target = A8C80F3BD909C87878306409 /* SalesAssociateModule */;
			targetProxy = 1C99A66F9A5C561E329411E1 /* PBXContainerItemProxy */;
		};
		66169A4B37E7A14676B943A3 /* PBXTargetDependency */ = {
			isa = PBXTargetDependency;
			name = StoreManagerModule;
			target = F300A9487E36AE03375F154C /* StoreManagerModule */;
			targetProxy = A2FF99C6766DC90586E9AF9C /* PBXContainerItemProxy */;
		};
		CBF12F410565307B647E880B /* PBXTargetDependency */ = {
			isa = PBXTargetDependency;
			name = InventoryModule;
			target = 3A9F0C83247F88490C80FB27 /* InventoryModule */;
			targetProxy = F111F02D28C7ABBC7C32A00E /* PBXContainerItemProxy */;
		};
/* End PBXTargetDependency section */

/* Begin XCBuildConfiguration section */
		106683AA19978BF86F7F7C45 /* Release */ = {
			isa = XCBuildConfiguration;
			buildSettings = {
				CLANG_ENABLE_OBJC_WEAK = NO;
				CURRENT_PROJECT_VERSION = 1;
				DEFINES_MODULE = YES;
				DYLIB_COMPATIBILITY_VERSION = 1;
				DYLIB_CURRENT_VERSION = 1;
				DYLIB_INSTALL_NAME_BASE = "@rpath";
				GENERATE_INFOPLIST_FILE = YES;
				INSTALL_PATH = "$(LOCAL_LIBRARY_DIR)/Frameworks";
				IPHONEOS_DEPLOYMENT_TARGET = 26.5;
				LD_RUNPATH_SEARCH_PATHS = (
					"$(inherited)",
					"@executable_path/Frameworks",
					"@loader_path/Frameworks",
				);
				MACH_O_TYPE = mh_dylib;
				MARKETING_VERSION = 1.0;
				PRODUCT_BUNDLE_IDENTIFIER = com.rsms.SalesAssociateModule;
				PRODUCT_NAME = "$(TARGET_NAME:c99extidentifier)";
				SDKROOT = iphoneos;
				SKIP_INSTALL = YES;
				SWIFT_VERSION = 5.0;
				TARGETED_DEVICE_FAMILY = "1,2";
				VALIDATE_PRODUCT = YES;
				VERSIONING_SYSTEM = "apple-generic";
				VERSION_INFO_PREFIX = "";
			};
			name = Release;
		};
		4989426F7C3C99BE99B6988B /* Debug */ = {
			isa = XCBuildConfiguration;
			buildSettings = {
				CLANG_ENABLE_OBJC_WEAK = NO;
				CURRENT_PROJECT_VERSION = 1;
				DEFINES_MODULE = YES;
				DYLIB_COMPATIBILITY_VERSION = 1;
				DYLIB_CURRENT_VERSION = 1;
				DYLIB_INSTALL_NAME_BASE = "@rpath";
				GENERATE_INFOPLIST_FILE = YES;
				INSTALL_PATH = "$(LOCAL_LIBRARY_DIR)/Frameworks";
				IPHONEOS_DEPLOYMENT_TARGET = 26.5;
				LD_RUNPATH_SEARCH_PATHS = (
					"$(inherited)",
					"@executable_path/Frameworks",
					"@loader_path/Frameworks",
				);
				MACH_O_TYPE = mh_dylib;
				MARKETING_VERSION = 1.0;
				PRODUCT_BUNDLE_IDENTIFIER = com.rsms.StoreManagerModule;
				PRODUCT_NAME = "$(TARGET_NAME:c99extidentifier)";
				SDKROOT = iphoneos;
				SKIP_INSTALL = YES;
				SWIFT_VERSION = 5.0;
				TARGETED_DEVICE_FAMILY = "1,2";
				VERSIONING_SYSTEM = "apple-generic";
				VERSION_INFO_PREFIX = "";
			};
			name = Debug;
		};
		4C0A981623B0A849B47A2015 /* Debug */ = {
			isa = XCBuildConfiguration;
			buildSettings = {
				CLANG_ENABLE_OBJC_WEAK = NO;
				CURRENT_PROJECT_VERSION = 1;
				DEFINES_MODULE = YES;
				DYLIB_COMPATIBILITY_VERSION = 1;
				DYLIB_CURRENT_VERSION = 1;
				DYLIB_INSTALL_NAME_BASE = "@rpath";
				GENERATE_INFOPLIST_FILE = YES;
				INSTALL_PATH = "$(LOCAL_LIBRARY_DIR)/Frameworks";
				IPHONEOS_DEPLOYMENT_TARGET = 26.5;
				LD_RUNPATH_SEARCH_PATHS = (
					"$(inherited)",
					"@executable_path/Frameworks",
					"@loader_path/Frameworks",
				);
				MACH_O_TYPE = mh_dylib;
				MARKETING_VERSION = 1.0;
				PRODUCT_BUNDLE_IDENTIFIER = com.rsms.SalesAssociateModule;
				PRODUCT_NAME = "$(TARGET_NAME:c99extidentifier)";
				SDKROOT = iphoneos;
				SKIP_INSTALL = YES;
				SWIFT_VERSION = 5.0;
				TARGETED_DEVICE_FAMILY = "1,2";
				VERSIONING_SYSTEM = "apple-generic";
				VERSION_INFO_PREFIX = "";
			};
			name = Debug;
		};
		4E15518B479002687E8BC101 /* Release */ = {
			isa = XCBuildConfiguration;
			buildSettings = {
				CLANG_ENABLE_OBJC_WEAK = NO;
				CURRENT_PROJECT_VERSION = 1;
				DEFINES_MODULE = YES;
				DYLIB_COMPATIBILITY_VERSION = 1;
				DYLIB_CURRENT_VERSION = 1;
				DYLIB_INSTALL_NAME_BASE = "@rpath";
				GENERATE_INFOPLIST_FILE = YES;
				INSTALL_PATH = "$(LOCAL_LIBRARY_DIR)/Frameworks";
				IPHONEOS_DEPLOYMENT_TARGET = 26.5;
				LD_RUNPATH_SEARCH_PATHS = (
					"$(inherited)",
					"@executable_path/Frameworks",
					"@loader_path/Frameworks",
				);
				MACH_O_TYPE = mh_dylib;
				MARKETING_VERSION = 1.0;
				PRODUCT_BUNDLE_IDENTIFIER = com.rsms.StoreManagerModule;
				PRODUCT_NAME = "$(TARGET_NAME:c99extidentifier)";
				SDKROOT = iphoneos;
				SKIP_INSTALL = YES;
				SWIFT_VERSION = 5.0;
				TARGETED_DEVICE_FAMILY = "1,2";
				VALIDATE_PRODUCT = YES;
				VERSIONING_SYSTEM = "apple-generic";
				VERSION_INFO_PREFIX = "";
			};
			name = Release;
		};
		545E2F9B2FEC4E560027DD55 /* Debug */ = {
			isa = XCBuildConfiguration;
			buildSettings = {
				ALWAYS_SEARCH_USER_PATHS = NO;
				ASSETCATALOG_COMPILER_GENERATE_SWIFT_ASSET_SYMBOL_EXTENSIONS = YES;
				CLANG_ANALYZER_NONNULL = YES;
				CLANG_ANALYZER_NUMBER_OBJECT_CONVERSION = YES_AGGRESSIVE;
				CLANG_CXX_LANGUAGE_STANDARD = "gnu++20";
				CLANG_ENABLE_MODULES = YES;
				CLANG_ENABLE_OBJC_ARC = YES;
				CLANG_ENABLE_OBJC_WEAK = YES;
				CLANG_WARN_BLOCK_CAPTURE_AUTORELEASING = YES;
				CLANG_WARN_BOOL_CONVERSION = YES;
				CLANG_WARN_COMMA = YES;
				CLANG_WARN_CONSTANT_CONVERSION = YES;
				CLANG_WARN_DEPRECATED_OBJC_IMPLEMENTATIONS = YES;
				CLANG_WARN_DIRECT_OBJC_ISA_USAGE = YES_ERROR;
				CLANG_WARN_DOCUMENTATION_COMMENTS = YES;
				CLANG_WARN_EMPTY_BODY = YES;
				CLANG_WARN_ENUM_CONVERSION = YES;
				CLANG_WARN_INFINITE_RECURSION = YES;
				CLANG_WARN_INT_CONVERSION = YES;
				CLANG_WARN_NON_LITERAL_NULL_CONVERSION = YES;
				CLANG_WARN_OBJC_IMPLICIT_RETAIN_SELF = YES;
				CLANG_WARN_OBJC_LITERAL_CONVERSION = YES;
				CLANG_WARN_OBJC_ROOT_CLASS = YES_ERROR;
				CLANG_WARN_QUOTED_INCLUDE_IN_FRAMEWORK_HEADER = YES;
				CLANG_WARN_RANGE_LOOP_ANALYSIS = YES;
				CLANG_WARN_STRICT_PROTOTYPES = YES;
				CLANG_WARN_SUSPICIOUS_MOVE = YES;
				CLANG_WARN_UNGUARDED_AVAILABILITY = YES_AGGRESSIVE;
				CLANG_WARN_UNREACHABLE_CODE = YES;
				CLANG_WARN__DUPLICATE_METHOD_MATCH = YES;
				COPY_PHASE_STRIP = NO;
				DEBUG_INFORMATION_FORMAT = dwarf;
				DEVELOPMENT_TEAM = LJ54KGW89D;
				ENABLE_STRICT_OBJC_MSGSEND = YES;
				ENABLE_TESTABILITY = YES;
				ENABLE_USER_SCRIPT_SANDBOXING = YES;
				GCC_C_LANGUAGE_STANDARD = gnu17;
				GCC_DYNAMIC_NO_PIC = NO;
				GCC_NO_COMMON_BLOCKS = YES;
				GCC_OPTIMIZATION_LEVEL = 0;
				GCC_PREPROCESSOR_DEFINITIONS = (
					"DEBUG=1",
					"$(inherited)",
				);
				GCC_WARN_64_TO_32_BIT_CONVERSION = YES;
				GCC_WARN_ABOUT_RETURN_TYPE = YES_ERROR;
				GCC_WARN_UNDECLARED_SELECTOR = YES;
				GCC_WARN_UNINITIALIZED_AUTOS = YES_AGGRESSIVE;
				GCC_WARN_UNUSED_FUNCTION = YES;
				GCC_WARN_UNUSED_VARIABLE = YES;
				IPHONEOS_DEPLOYMENT_TARGET = 26.2;
				LOCALIZATION_PREFERS_STRING_CATALOGS = YES;
				MTL_ENABLE_DEBUG_INFO = INCLUDE_SOURCE;
				MTL_FAST_MATH = YES;
				ONLY_ACTIVE_ARCH = YES;
				SDKROOT = iphoneos;
				SWIFT_ACTIVE_COMPILATION_CONDITIONS = "DEBUG $(inherited)";
				SWIFT_OPTIMIZATION_LEVEL = "-Onone";
			};
			name = Debug;
		};
		545E2F9C2FEC4E560027DD55 /* Release */ = {
			isa = XCBuildConfiguration;
			buildSettings = {
				ALWAYS_SEARCH_USER_PATHS = NO;
				ASSETCATALOG_COMPILER_GENERATE_SWIFT_ASSET_SYMBOL_EXTENSIONS = YES;
				CLANG_ANALYZER_NONNULL = YES;
				CLANG_ANALYZER_NUMBER_OBJECT_CONVERSION = YES_AGGRESSIVE;
				CLANG_CXX_LANGUAGE_STANDARD = "gnu++20";
				CLANG_ENABLE_MODULES = YES;
				CLANG_ENABLE_OBJC_ARC = YES;
				CLANG_ENABLE_OBJC_WEAK = YES;
				CLANG_WARN_BLOCK_CAPTURE_AUTORELEASING = YES;
				CLANG_WARN_BOOL_CONVERSION = YES;
				CLANG_WARN_COMMA = YES;
				CLANG_WARN_CONSTANT_CONVERSION = YES;
				CLANG_WARN_DEPRECATED_OBJC_IMPLEMENTATIONS = YES;
				CLANG_WARN_DIRECT_OBJC_ISA_USAGE = YES_ERROR;
				CLANG_WARN_DOCUMENTATION_COMMENTS = YES;
				CLANG_WARN_EMPTY_BODY = YES;
				CLANG_WARN_ENUM_CONVERSION = YES;
				CLANG_WARN_INFINITE_RECURSION = YES;
				CLANG_WARN_INT_CONVERSION = YES;
				CLANG_WARN_NON_LITERAL_NULL_CONVERSION = YES;
				CLANG_WARN_OBJC_IMPLICIT_RETAIN_SELF = YES;
				CLANG_WARN_OBJC_LITERAL_CONVERSION = YES;
				CLANG_WARN_OBJC_ROOT_CLASS = YES_ERROR;
				CLANG_WARN_QUOTED_INCLUDE_IN_FRAMEWORK_HEADER = YES;
				CLANG_WARN_RANGE_LOOP_ANALYSIS = YES;
				CLANG_WARN_STRICT_PROTOTYPES = YES;
				CLANG_WARN_SUSPICIOUS_MOVE = YES;
				CLANG_WARN_UNGUARDED_AVAILABILITY = YES_AGGRESSIVE;
				CLANG_WARN_UNREACHABLE_CODE = YES;
				CLANG_WARN__DUPLICATE_METHOD_MATCH = YES;
				COPY_PHASE_STRIP = NO;
				DEBUG_INFORMATION_FORMAT = "dwarf-with-dsym";
				DEVELOPMENT_TEAM = LJ54KGW89D;
				ENABLE_NS_ASSERTIONS = NO;
				ENABLE_STRICT_OBJC_MSGSEND = YES;
				ENABLE_USER_SCRIPT_SANDBOXING = YES;
				GCC_C_LANGUAGE_STANDARD = gnu17;
				GCC_NO_COMMON_BLOCKS = YES;
				GCC_WARN_64_TO_32_BIT_CONVERSION = YES;
				GCC_WARN_ABOUT_RETURN_TYPE = YES_ERROR;
				GCC_WARN_UNDECLARED_SELECTOR = YES;
				GCC_WARN_UNINITIALIZED_AUTOS = YES_AGGRESSIVE;
				GCC_WARN_UNUSED_FUNCTION = YES;
				GCC_WARN_UNUSED_VARIABLE = YES;
				IPHONEOS_DEPLOYMENT_TARGET = 26.2;
				LOCALIZATION_PREFERS_STRING_CATALOGS = YES;
				MTL_ENABLE_DEBUG_INFO = NO;
				MTL_FAST_MATH = YES;
				SDKROOT = iphoneos;
				SWIFT_COMPILATION_MODE = wholemodule;
				VALIDATE_PRODUCT = YES;
			};
			name = Release;
		};
		545E2F9E2FEC4E560027DD55 /* Debug */ = {
			isa = XCBuildConfiguration;
			buildSettings = {
				ASSETCATALOG_COMPILER_APPICON_NAME = AppIcon;
				ASSETCATALOG_COMPILER_GLOBAL_ACCENT_COLOR_NAME = AccentColor;
				CODE_SIGN_STYLE = Automatic;
				CURRENT_PROJECT_VERSION = 1;
				DEVELOPMENT_TEAM = VACG5C2JP3;
				ENABLE_PREVIEWS = YES;
				GENERATE_INFOPLIST_FILE = YES;
				INFOPLIST_KEY_NSMicrophoneUsageDescription = "RSMS needs microphone access to record your voice for promotion descriptions.";
				INFOPLIST_KEY_NSSpeechRecognitionUsageDescription = "RSMS needs speech recognition to transcribe your voice for promotion descriptions.";
				INFOPLIST_KEY_UIApplicationSceneManifest_Generation = YES;
				INFOPLIST_KEY_UIApplicationSupportsIndirectInputEvents = YES;
				INFOPLIST_KEY_UILaunchScreen_Generation = YES;
				INFOPLIST_KEY_UISupportedInterfaceOrientations_iPad = "UIInterfaceOrientationPortrait UIInterfaceOrientationPortraitUpsideDown UIInterfaceOrientationLandscapeLeft UIInterfaceOrientationLandscapeRight";
				INFOPLIST_KEY_UISupportedInterfaceOrientations_iPhone = "UIInterfaceOrientationPortrait UIInterfaceOrientationLandscapeLeft UIInterfaceOrientationLandscapeRight";
				IPHONEOS_DEPLOYMENT_TARGET = 26.5;
				LD_RUNPATH_SEARCH_PATHS = (
					"$(inherited)",
					"@executable_path/Frameworks",
				);
				MARKETING_VERSION = 1.0;
				PRODUCT_BUNDLE_IDENTIFIER = "saloni.Admin-RSMS";
				PRODUCT_NAME = "$(TARGET_NAME)";
				STRING_CATALOG_GENERATE_SYMBOLS = YES;
				SWIFT_APPROACHABLE_CONCURRENCY = YES;
				SWIFT_DEFAULT_ACTOR_ISOLATION = MainActor;
				SWIFT_EMIT_LOC_STRINGS = YES;
				SWIFT_UPCOMING_FEATURE_MEMBER_IMPORT_VISIBILITY = YES;
				SWIFT_VERSION = 5.0;
				TARGETED_DEVICE_FAMILY = "1,2";
			};
			name = Debug;
		};
		545E2F9F2FEC4E560027DD55 /* Release */ = {
			isa = XCBuildConfiguration;
			buildSettings = {
				ASSETCATALOG_COMPILER_APPICON_NAME = AppIcon;
				ASSETCATALOG_COMPILER_GLOBAL_ACCENT_COLOR_NAME = AccentColor;
				CODE_SIGN_STYLE = Automatic;
				CURRENT_PROJECT_VERSION = 1;
				DEVELOPMENT_TEAM = VACG5C2JP3;
				ENABLE_PREVIEWS = YES;
				GENERATE_INFOPLIST_FILE = YES;
				INFOPLIST_KEY_NSMicrophoneUsageDescription = "RSMS needs microphone access to record your voice for promotion descriptions.";
				INFOPLIST_KEY_NSSpeechRecognitionUsageDescription = "RSMS needs speech recognition to transcribe your voice for promotion descriptions.";
				INFOPLIST_KEY_UIApplicationSceneManifest_Generation = YES;
				INFOPLIST_KEY_UIApplicationSupportsIndirectInputEvents = YES;
				INFOPLIST_KEY_UILaunchScreen_Generation = YES;
				INFOPLIST_KEY_UISupportedInterfaceOrientations_iPad = "UIInterfaceOrientationPortrait UIInterfaceOrientationPortraitUpsideDown UIInterfaceOrientationLandscapeLeft UIInterfaceOrientationLandscapeRight";
				INFOPLIST_KEY_UISupportedInterfaceOrientations_iPhone = "UIInterfaceOrientationPortrait UIInterfaceOrientationLandscapeLeft UIInterfaceOrientationLandscapeRight";
				IPHONEOS_DEPLOYMENT_TARGET = 26.5;
				LD_RUNPATH_SEARCH_PATHS = (
					"$(inherited)",
					"@executable_path/Frameworks",
				);
				MARKETING_VERSION = 1.0;
				PRODUCT_BUNDLE_IDENTIFIER = "saloni.Admin-RSMS";
				PRODUCT_NAME = "$(TARGET_NAME)";
				STRING_CATALOG_GENERATE_SYMBOLS = YES;
				SWIFT_APPROACHABLE_CONCURRENCY = YES;
				SWIFT_DEFAULT_ACTOR_ISOLATION = MainActor;
				SWIFT_EMIT_LOC_STRINGS = YES;
				SWIFT_UPCOMING_FEATURE_MEMBER_IMPORT_VISIBILITY = YES;
				SWIFT_VERSION = 5.0;
				TARGETED_DEVICE_FAMILY = "1,2";
			};
			name = Release;
		};
		BC2B282AA9019CAE85138348 /* Debug */ = {
			isa = XCBuildConfiguration;
			buildSettings = {
				CLANG_ENABLE_OBJC_WEAK = NO;
				CURRENT_PROJECT_VERSION = 1;
				DEFINES_MODULE = YES;
				DYLIB_COMPATIBILITY_VERSION = 1;
				DYLIB_CURRENT_VERSION = 1;
				DYLIB_INSTALL_NAME_BASE = "@rpath";
				GENERATE_INFOPLIST_FILE = YES;
				INSTALL_PATH = "$(LOCAL_LIBRARY_DIR)/Frameworks";
				IPHONEOS_DEPLOYMENT_TARGET = 26.5;
				LD_RUNPATH_SEARCH_PATHS = (
					"$(inherited)",
					"@executable_path/Frameworks",
					"@loader_path/Frameworks",
				);
				MACH_O_TYPE = mh_dylib;
				MARKETING_VERSION = 1.0;
				PRODUCT_BUNDLE_IDENTIFIER = com.rsms.InventoryModule;
				PRODUCT_NAME = "$(TARGET_NAME:c99extidentifier)";
				SDKROOT = iphoneos;
				SKIP_INSTALL = YES;
				SWIFT_VERSION = 5.0;
				TARGETED_DEVICE_FAMILY = "1,2";
				VERSIONING_SYSTEM = "apple-generic";
				VERSION_INFO_PREFIX = "";
			};
			name = Debug;
		};
		BC50891FE62E591B1ED25EA4 /* Release */ = {
			isa = XCBuildConfiguration;
			buildSettings = {
				CLANG_ENABLE_OBJC_WEAK = NO;
				CURRENT_PROJECT_VERSION = 1;
				DEFINES_MODULE = YES;
				DYLIB_COMPATIBILITY_VERSION = 1;
				DYLIB_CURRENT_VERSION = 1;
				DYLIB_INSTALL_NAME_BASE = "@rpath";
				GENERATE_INFOPLIST_FILE = YES;
				INSTALL_PATH = "$(LOCAL_LIBRARY_DIR)/Frameworks";
				IPHONEOS_DEPLOYMENT_TARGET = 26.5;
				LD_RUNPATH_SEARCH_PATHS = (
					"$(inherited)",
					"@executable_path/Frameworks",
					"@loader_path/Frameworks",
				);
				MACH_O_TYPE = mh_dylib;
				MARKETING_VERSION = 1.0;
				PRODUCT_BUNDLE_IDENTIFIER = com.rsms.InventoryModule;
				PRODUCT_NAME = "$(TARGET_NAME:c99extidentifier)";
				SDKROOT = iphoneos;
				SKIP_INSTALL = YES;
				SWIFT_VERSION = 5.0;
				TARGETED_DEVICE_FAMILY = "1,2";
				VALIDATE_PRODUCT = YES;
				VERSIONING_SYSTEM = "apple-generic";
				VERSION_INFO_PREFIX = "";
			};
			name = Release;
		};
		C111384E709941310ECB9E15 /* Release */ = {
			isa = XCBuildConfiguration;
			buildSettings = {
				CLANG_ENABLE_OBJC_WEAK = NO;
				CURRENT_PROJECT_VERSION = 1;
				DEFINES_MODULE = YES;
				DYLIB_COMPATIBILITY_VERSION = 1;
				DYLIB_CURRENT_VERSION = 1;
				DYLIB_INSTALL_NAME_BASE = "@rpath";
				GENERATE_INFOPLIST_FILE = YES;
				INSTALL_PATH = "$(LOCAL_LIBRARY_DIR)/Frameworks";
				IPHONEOS_DEPLOYMENT_TARGET = 26.5;
				LD_RUNPATH_SEARCH_PATHS = (
					"$(inherited)",
					"@executable_path/Frameworks",
					"@loader_path/Frameworks",
				);
				MACH_O_TYPE = mh_dylib;
				MARKETING_VERSION = 1.0;
				PRODUCT_BUNDLE_IDENTIFIER = com.rsms.AdminModule;
				PRODUCT_NAME = "$(TARGET_NAME:c99extidentifier)";
				SDKROOT = iphoneos;
				SKIP_INSTALL = YES;
				SWIFT_VERSION = 5.0;
				TARGETED_DEVICE_FAMILY = "1,2";
				VALIDATE_PRODUCT = YES;
				VERSIONING_SYSTEM = "apple-generic";
				VERSION_INFO_PREFIX = "";
			};
			name = Release;
		};
		F1434407A098C744A8EBF3EB /* Debug */ = {
			isa = XCBuildConfiguration;
			buildSettings = {
				CLANG_ENABLE_OBJC_WEAK = NO;
				CURRENT_PROJECT_VERSION = 1;
				DEFINES_MODULE = YES;
				DYLIB_COMPATIBILITY_VERSION = 1;
				DYLIB_CURRENT_VERSION = 1;
				DYLIB_INSTALL_NAME_BASE = "@rpath";
				GENERATE_INFOPLIST_FILE = YES;
				INSTALL_PATH = "$(LOCAL_LIBRARY_DIR)/Frameworks";
				IPHONEOS_DEPLOYMENT_TARGET = 26.5;
				LD_RUNPATH_SEARCH_PATHS = (
					"$(inherited)",
					"@executable_path/Frameworks",
					"@loader_path/Frameworks",
				);
				MACH_O_TYPE = mh_dylib;
				MARKETING_VERSION = 1.0;
				PRODUCT_BUNDLE_IDENTIFIER = com.rsms.AdminModule;
				PRODUCT_NAME = "$(TARGET_NAME:c99extidentifier)";
				SDKROOT = iphoneos;
				SKIP_INSTALL = YES;
				SWIFT_VERSION = 5.0;
				TARGETED_DEVICE_FAMILY = "1,2";
				VERSIONING_SYSTEM = "apple-generic";
				VERSION_INFO_PREFIX = "";
			};
			name = Debug;
		};
/* End XCBuildConfiguration section */

/* Begin XCConfigurationList section */
		29A25D6586FBA0AD61371D03 /* Build configuration list for PBXNativeTarget "InventoryModule" */ = {
			isa = XCConfigurationList;
			buildConfigurations = (
				BC50891FE62E591B1ED25EA4 /* Release */,
				BC2B282AA9019CAE85138348 /* Debug */,
			);
			defaultConfigurationIsVisible = 0;
			defaultConfigurationName = Release;
		};
		545E2F8D2FEC4E550027DD55 /* Build configuration list for PBXProject "RSMS" */ = {
			isa = XCConfigurationList;
			buildConfigurations = (
				545E2F9B2FEC4E560027DD55 /* Debug */,
				545E2F9C2FEC4E560027DD55 /* Release */,
			);
			defaultConfigurationIsVisible = 0;
			defaultConfigurationName = Release;
		};
		545E2F9D2FEC4E560027DD55 /* Build configuration list for PBXNativeTarget "RSMS" */ = {
			isa = XCConfigurationList;
			buildConfigurations = (
				545E2F9E2FEC4E560027DD55 /* Debug */,
				545E2F9F2FEC4E560027DD55 /* Release */,
			);
			defaultConfigurationIsVisible = 0;
			defaultConfigurationName = Release;
		};
		7F23B7E5773E740F7ECA9F2B /* Build configuration list for PBXNativeTarget "StoreManagerModule" */ = {
			isa = XCConfigurationList;
			buildConfigurations = (
				4E15518B479002687E8BC101 /* Release */,
				4989426F7C3C99BE99B6988B /* Debug */,
			);
			defaultConfigurationIsVisible = 0;
			defaultConfigurationName = Release;
		};
		E1CAE95E00A6BEF84441E803 /* Build configuration list for PBXNativeTarget "SalesAssociateModule" */ = {
			isa = XCConfigurationList;
			buildConfigurations = (
				106683AA19978BF86F7F7C45 /* Release */,
				4C0A981623B0A849B47A2015 /* Debug */,
			);
			defaultConfigurationIsVisible = 0;
			defaultConfigurationName = Release;
		};
		EDDC151D5F541E28612016B9 /* Build configuration list for PBXNativeTarget "AdminModule" */ = {
			isa = XCConfigurationList;
			buildConfigurations = (
				C111384E709941310ECB9E15 /* Release */,
				F1434407A098C744A8EBF3EB /* Debug */,
			);
			defaultConfigurationIsVisible = 0;
			defaultConfigurationName = Release;
		};
/* End XCConfigurationList section */

/* Begin XCRemoteSwiftPackageReference section */
		412B95E68AC89C6572364441 /* XCRemoteSwiftPackageReference "razorpay-pod" */ = {
			isa = XCRemoteSwiftPackageReference;
			repositoryURL = "https://github.com/razorpay/razorpay-pod";
			requirement = {
				kind = upToNextMajorVersion;
				minimumVersion = 1.5.4;
			};
		};
		8E2951512FF4F6B600BC2782 /* XCRemoteSwiftPackageReference "supabase-swift" */ = {
			isa = XCRemoteSwiftPackageReference;
			repositoryURL = "https://github.com/supabase/supabase-swift";
			requirement = {
				kind = upToNextMajorVersion;
				minimumVersion = 2.5.1;
			};
		};
		994ED35883ADC1855BA438DF /* XCRemoteSwiftPackageReference "supabase-swift" */ = {
			isa = XCRemoteSwiftPackageReference;
			repositoryURL = "https://github.com/supabase/supabase-swift.git";
			requirement = {
				kind = upToNextMajorVersion;
				minimumVersion = 2.0.0;
			};
		};
/* End XCRemoteSwiftPackageReference section */

/* Begin XCSwiftPackageProductDependency section */
		0172F876B0C94E3240AF2EDC /* PostgREST */ = {
			isa = XCSwiftPackageProductDependency;
			package = 994ED35883ADC1855BA438DF /* XCRemoteSwiftPackageReference "supabase-swift" */;
			productName = PostgREST;
		};
		026D118F22AD12783F968C6E /* PostgREST */ = {
			isa = XCSwiftPackageProductDependency;
			package = 8E2951512FF4F6B600BC2782 /* XCRemoteSwiftPackageReference "supabase-swift" */;
			productName = PostgREST;
		};
		04EE7E9870F948BDACB03207 /* Supabase */ = {
			isa = XCSwiftPackageProductDependency;
			package = 8E2951512FF4F6B600BC2782 /* XCRemoteSwiftPackageReference "supabase-swift" */;
			productName = Supabase;
		};
		075FF99D33F39011FCDE022F /* Realtime */ = {
			isa = XCSwiftPackageProductDependency;
			package = 8E2951512FF4F6B600BC2782 /* XCRemoteSwiftPackageReference "supabase-swift" */;
			productName = Realtime;
		};
		1C8EAB51962548874C8F18E1 /* Functions */ = {
			isa = XCSwiftPackageProductDependency;
			package = 8E2951512FF4F6B600BC2782 /* XCRemoteSwiftPackageReference "supabase-swift" */;
			productName = Functions;
		};
		1FD1ECCE9ACD7F657E41F896 /* Functions */ = {
			isa = XCSwiftPackageProductDependency;
			package = 994ED35883ADC1855BA438DF /* XCRemoteSwiftPackageReference "supabase-swift" */;
			productName = Functions;
		};
		274C8E0EAAE930FB35B7C0E3 /* Storage */ = {
			isa = XCSwiftPackageProductDependency;
			package = 8E2951512FF4F6B600BC2782 /* XCRemoteSwiftPackageReference "supabase-swift" */;
			productName = Storage;
		};
		2FE9E0E0164D60E59C1D70A4 /* Supabase */ = {
			isa = XCSwiftPackageProductDependency;
			package = 8E2951512FF4F6B600BC2782 /* XCRemoteSwiftPackageReference "supabase-swift" */;
			productName = Supabase;
		};
		31C0674CF4C721B358FBF61F /* Supabase */ = {
			isa = XCSwiftPackageProductDependency;
			package = 994ED35883ADC1855BA438DF /* XCRemoteSwiftPackageReference "supabase-swift" */;
			productName = Supabase;
		};
		38A9B7586E1F691E17642B16 /* RazorpayCheckout */ = {
			isa = XCSwiftPackageProductDependency;
			package = 412B95E68AC89C6572364441 /* XCRemoteSwiftPackageReference "razorpay-pod" */;
			productName = RazorpayCheckout;
		};
		48EF1DBD33252956F0DDCCF6 /* Realtime */ = {
			isa = XCSwiftPackageProductDependency;
			package = 994ED35883ADC1855BA438DF /* XCRemoteSwiftPackageReference "supabase-swift" */;
			productName = Realtime;
		};
		528960314CAEA9F390F210F8 /* Functions */ = {
			isa = XCSwiftPackageProductDependency;
			package = 8E2951512FF4F6B600BC2782 /* XCRemoteSwiftPackageReference "supabase-swift" */;
			productName = Functions;
		};
		56DF68194D2B6120B1718F04 /* Supabase */ = {
			isa = XCSwiftPackageProductDependency;
			package = 8E2951512FF4F6B600BC2782 /* XCRemoteSwiftPackageReference "supabase-swift" */;
			productName = Supabase;
		};
		6DBAF05F39C0A9B98ECA7B2A /* Auth */ = {
			isa = XCSwiftPackageProductDependency;
			package = 8E2951512FF4F6B600BC2782 /* XCRemoteSwiftPackageReference "supabase-swift" */;
			productName = Auth;
		};
		895E41676EE19417F6DF1785 /* Realtime */ = {
			isa = XCSwiftPackageProductDependency;
			package = 8E2951512FF4F6B600BC2782 /* XCRemoteSwiftPackageReference "supabase-swift" */;
			productName = Realtime;
		};
		8E2951532FF4F6C200BC2782 /* Auth */ = {
			isa = XCSwiftPackageProductDependency;
			package = 8E2951512FF4F6B600BC2782 /* XCRemoteSwiftPackageReference "supabase-swift" */;
			productName = Auth;
		};
		8E2951552FF4F6C200BC2782 /* Functions */ = {
			isa = XCSwiftPackageProductDependency;
			package = 8E2951512FF4F6B600BC2782 /* XCRemoteSwiftPackageReference "supabase-swift" */;
			productName = Functions;
		};
		8E2951572FF4F6C200BC2782 /* PostgREST */ = {
			isa = XCSwiftPackageProductDependency;
			package = 8E2951512FF4F6B600BC2782 /* XCRemoteSwiftPackageReference "supabase-swift" */;
			productName = PostgREST;
		};
		8E2951592FF4F6C200BC2782 /* Realtime */ = {
			isa = XCSwiftPackageProductDependency;
			package = 8E2951512FF4F6B600BC2782 /* XCRemoteSwiftPackageReference "supabase-swift" */;
			productName = Realtime;
		};
		8E29515B2FF4F6C200BC2782 /* Storage */ = {
			isa = XCSwiftPackageProductDependency;
			package = 8E2951512FF4F6B600BC2782 /* XCRemoteSwiftPackageReference "supabase-swift" */;
			productName = Storage;
		};
		8E29515D2FF4F6C200BC2782 /* Supabase */ = {
			isa = XCSwiftPackageProductDependency;
			package = 8E2951512FF4F6B600BC2782 /* XCRemoteSwiftPackageReference "supabase-swift" */;
			productName = Supabase;
		};
		95C54DEC7CD5A033A9B6B032 /* Auth */ = {
			isa = XCSwiftPackageProductDependency;
			package = 8E2951512FF4F6B600BC2782 /* XCRemoteSwiftPackageReference "supabase-swift" */;
			productName = Auth;
		};
		95C833EA8D2D36EA1EA96245 /* Auth */ = {
			isa = XCSwiftPackageProductDependency;
			package = 8E2951512FF4F6B600BC2782 /* XCRemoteSwiftPackageReference "supabase-swift" */;
			productName = Auth;
		};
		9B8DC53D5E7BEF8353F0C891 /* PostgREST */ = {
			isa = XCSwiftPackageProductDependency;
			package = 8E2951512FF4F6B600BC2782 /* XCRemoteSwiftPackageReference "supabase-swift" */;
			productName = PostgREST;
		};
		A920320CB1F537CA799CB67C /* Storage */ = {
			isa = XCSwiftPackageProductDependency;
			package = 8E2951512FF4F6B600BC2782 /* XCRemoteSwiftPackageReference "supabase-swift" */;
			productName = Storage;
		};
		B8D80EA872314EFFB6DC8E7F /* Realtime */ = {
			isa = XCSwiftPackageProductDependency;
			package = 8E2951512FF4F6B600BC2782 /* XCRemoteSwiftPackageReference "supabase-swift" */;
			productName = Realtime;
		};
		C05EDBCA9760C0FEE8CF6ADB /* Functions */ = {
			isa = XCSwiftPackageProductDependency;
			package = 8E2951512FF4F6B600BC2782 /* XCRemoteSwiftPackageReference "supabase-swift" */;
			productName = Functions;
		};
		E7FA8EB6D6FA342487656933 /* PostgREST */ = {
			isa = XCSwiftPackageProductDependency;
			package = 8E2951512FF4F6B600BC2782 /* XCRemoteSwiftPackageReference "supabase-swift" */;
			productName = PostgREST;
		};
		F11E64F16A96106546E2C27A /* Storage */ = {
			isa = XCSwiftPackageProductDependency;
			package = 8E2951512FF4F6B600BC2782 /* XCRemoteSwiftPackageReference "supabase-swift" */;
			productName = Storage;
		};
		F9B8D6815D89309C29B7403F /* Storage */ = {
			isa = XCSwiftPackageProductDependency;
			package = 994ED35883ADC1855BA438DF /* XCRemoteSwiftPackageReference "supabase-swift" */;
			productName = Storage;
		};
		FDF28FA50EF3204C4A0AC36D /* Auth */ = {
			isa = XCSwiftPackageProductDependency;
			package = 994ED35883ADC1855BA438DF /* XCRemoteSwiftPackageReference "supabase-swift" */;
			productName = Auth;
		};
/* End XCSwiftPackageProductDependency section */
	};
	rootObject = 545E2F8A2FEC4E550027DD55 /* Project object */;
}
