// !$*UTF8*$!
{
	archiveVersion = 1;
	classes = {
	};
	objectVersion = 77;
	objects = {

/* Begin PBXBuildFile section */
		0390ED60FA1423F485034555 /* Auth in Frameworks */ = {isa = PBXBuildFile; productRef = 9EB4401A2EA45CF5B483187E /* Auth */; };
		09F8927B0CDD10DB6BDB80B4 /* InventoryModule.framework in Embed Frameworks */ = {isa = PBXBuildFile; fileRef = 805E7DA47EA3A9E17FE760E1 /* InventoryModule.framework */; settings = {ATTRIBUTES = (CodeSignOnCopy, RemoveHeadersOnCopy, ); }; };
		13DC96E924227795EF6C756B /* PostgREST in Frameworks */ = {isa = PBXBuildFile; productRef = 4EEEF73E3DAFA546523F9245 /* PostgREST */; };
		17D488F7CAB4D08079DF6549 /* StoreManagerModule.framework in Frameworks */ = {isa = PBXBuildFile; fileRef = 56D0727B073F3565DABB8895 /* StoreManagerModule.framework */; };
		1C168ED5DEF68003240B610B /* Foundation.framework in Frameworks */ = {isa = PBXBuildFile; fileRef = 7492E10012E8B57E2A7E0B5C /* Foundation.framework */; };
		28B48D7437DDEB5F09384D02 /* Functions in Frameworks */ = {isa = PBXBuildFile; productRef = 58A6B029A82B70AECB229526 /* Functions */; };
		2951224B526D643D7B7C1EEC /* Functions in Frameworks */ = {isa = PBXBuildFile; productRef = BC3E757D4B942943A3FC81B7 /* Functions */; };
		2A6186D3D2603E587819C7FC /* Assets.xcassets in Resources */ = {isa = PBXBuildFile; fileRef = 056E61B072A9B59ADBD78310 /* Assets.xcassets */; };
		365D2BFA6FAA750B656516A6 /* Foundation.framework in Frameworks */ = {isa = PBXBuildFile; fileRef = 7492E10012E8B57E2A7E0B5C /* Foundation.framework */; };
		390FC9DCD8533E90D08B1330 /* Storage in Frameworks */ = {isa = PBXBuildFile; productRef = 34820F5184773D8F1E2947A4 /* Storage */; };
		3E94D1DC58E13F1DD34E27DF /* Functions in Frameworks */ = {isa = PBXBuildFile; productRef = E1C57762589050B5C221F3F0 /* Functions */; };
		40302D8E2DF4EAC1B231CA86 /* Supabase in Frameworks */ = {isa = PBXBuildFile; productRef = 6AFFCD7BFE05504F70A04CD7 /* Supabase */; };
		4033134C85B43AA206AA3A70 /* Foundation.framework in Frameworks */ = {isa = PBXBuildFile; fileRef = 7492E10012E8B57E2A7E0B5C /* Foundation.framework */; };
		42963BB1BBD5D50BA5164FBE /* Supabase in Frameworks */ = {isa = PBXBuildFile; productRef = 5DB92B4BB1AE215890BB9E68 /* Supabase */; };
		42B2D8780122CE35EA53128B /* Storage in Frameworks */ = {isa = PBXBuildFile; productRef = 6192BF513829A0896716A368 /* Storage */; };
		4FDE077B478FFAF93BCD97F4 /* Auth in Frameworks */ = {isa = PBXBuildFile; productRef = C77301C34A0D2869DC77FF40 /* Auth */; };
		58F300AFFA1EB77CAC0F8CA8 /* PostgREST in Frameworks */ = {isa = PBXBuildFile; productRef = 9455BAB5ED0377DA41ECAC99 /* PostgREST */; };
		597983193D6732239398A17C /* Realtime in Frameworks */ = {isa = PBXBuildFile; productRef = 0238CB858BF7777ED8398B25 /* Realtime */; };
		5F86B14EB77463224AF6888C /* Supabase in Frameworks */ = {isa = PBXBuildFile; productRef = B6BE5006B8D5EB07829C7AB5 /* Supabase */; };
		66413B65D058456E40DB939C /* Auth in Frameworks */ = {isa = PBXBuildFile; productRef = 5678A782585C2B98506F3593 /* Auth */; };
		673C4646D04AF36D9659B716 /* Storage in Frameworks */ = {isa = PBXBuildFile; productRef = CF45E79D6EDB8FD165407C38 /* Storage */; };
		6BB902FCFC3EA6F8CABC94E5 /* Supabase in Frameworks */ = {isa = PBXBuildFile; productRef = BBE5D07BF2F749A77A290BC2 /* Supabase */; };
		737A8E6E9B2C5FC079AB0668 /* RSMSApp.swift in Sources */ = {isa = PBXBuildFile; fileRef = 8554F13F2EDD633BE2EE9AF5 /* RSMSApp.swift */; };
		73EA05948E088EEBBB530DB9 /* SalesAssociateModule.framework in Embed Frameworks */ = {isa = PBXBuildFile; fileRef = E637255E8AA4497B836771BA /* SalesAssociateModule.framework */; settings = {ATTRIBUTES = (CodeSignOnCopy, RemoveHeadersOnCopy, ); }; };
		8E2951542FF4F6C200BC2782 /* Auth in Frameworks */ = {isa = PBXBuildFile; productRef = 8E2951532FF4F6C200BC2782 /* Auth */; };
		8E2951562FF4F6C200BC2782 /* Functions in Frameworks */ = {isa = PBXBuildFile; productRef = 8E2951552FF4F6C200BC2782 /* Functions */; };
		8E2951582FF4F6C200BC2782 /* PostgREST in Frameworks */ = {isa = PBXBuildFile; productRef = 8E2951572FF4F6C200BC2782 /* PostgREST */; };
		8E29515A2FF4F6C200BC2782 /* Realtime in Frameworks */ = {isa = PBXBuildFile; productRef = 8E2951592FF4F6C200BC2782 /* Realtime */; };
		8E29515C2FF4F6C200BC2782 /* Storage in Frameworks */ = {isa = PBXBuildFile; productRef = 8E29515B2FF4F6C200BC2782 /* Storage */; };
		8E29515E2FF4F6C200BC2782 /* Supabase in Frameworks */ = {isa = PBXBuildFile; productRef = 8E29515D2FF4F6C200BC2782 /* Supabase */; };
		927F64116C4DE8A58D11A10E /* InventoryModule.framework in Frameworks */ = {isa = PBXBuildFile; fileRef = 805E7DA47EA3A9E17FE760E1 /* InventoryModule.framework */; };
		A11BA52CBE7CC63FB4A8390E /* RazorpayCheckout in Frameworks */ = {isa = PBXBuildFile; productRef = 423E7FD89DEC4EB023DE9232 /* RazorpayCheckout */; };
		A584CC5E647CE59A2A088F53 /* PostgREST in Frameworks */ = {isa = PBXBuildFile; productRef = B6E937FA952FE3F5F649DCE3 /* PostgREST */; };
		A63408A36CFEE51E82407834 /* Foundation.framework in Frameworks */ = {isa = PBXBuildFile; fileRef = 7492E10012E8B57E2A7E0B5C /* Foundation.framework */; };
		AC10560C99CF00299EDE2682 /* Auth in Frameworks */ = {isa = PBXBuildFile; productRef = AA46E6661675F067F084B22D /* Auth */; };
		ADA2AFF4E342359D9F59BA1B /* Functions in Frameworks */ = {isa = PBXBuildFile; productRef = A301BF81F537ABB012E4B03F /* Functions */; };
		B54636FF4F0BA5F31B153862 /* Realtime in Frameworks */ = {isa = PBXBuildFile; productRef = 3EEC74366E0D3C84FEC80A2A /* Realtime */; };
		C74C3C17B9F95BAE52B85370 /* GatewayView.swift in Sources */ = {isa = PBXBuildFile; fileRef = 219017540A2472BBB06255A8 /* GatewayView.swift */; };
		D2F364219D1A8404A48E6C48 /* StoreManagerModule.framework in Embed Frameworks */ = {isa = PBXBuildFile; fileRef = 56D0727B073F3565DABB8895 /* StoreManagerModule.framework */; settings = {ATTRIBUTES = (CodeSignOnCopy, RemoveHeadersOnCopy, ); }; };
		DFCF4D544EC3FB3C955E40E4 /* Realtime in Frameworks */ = {isa = PBXBuildFile; productRef = 61FF62B442E69A1CCA1C2BDB /* Realtime */; };
		F144BC7D868A46F6997C1E6B /* SalesAssociateModule.framework in Frameworks */ = {isa = PBXBuildFile; fileRef = E637255E8AA4497B836771BA /* SalesAssociateModule.framework */; };
		F5C794259CC9EFA78747B00E /* AdminModule.framework in Embed Frameworks */ = {isa = PBXBuildFile; fileRef = A20513EBF06BFBCDAD314ECB /* AdminModule.framework */; settings = {ATTRIBUTES = (CodeSignOnCopy, RemoveHeadersOnCopy, ); }; };
		FB93DB79A758BC4E3B00A371 /* Realtime in Frameworks */ = {isa = PBXBuildFile; productRef = 5C2B161C83C36DE2327F8093 /* Realtime */; };
		FE78904907D7BC89218D8785 /* PostgREST in Frameworks */ = {isa = PBXBuildFile; productRef = 4B7BF6FB8D3BC39BEA716958 /* PostgREST */; };
		FE994A200EC1AF26D048CAFB /* AdminModule.framework in Frameworks */ = {isa = PBXBuildFile; fileRef = A20513EBF06BFBCDAD314ECB /* AdminModule.framework */; };
		FFE1E9E00C72C6E95FEB91B2 /* Storage in Frameworks */ = {isa = PBXBuildFile; productRef = 4A60DE7B13FFFB68AE8E10E2 /* Storage */; };
/* End PBXBuildFile section */

/* Begin PBXContainerItemProxy section */
		1525FC7E15E878BF35231DD5 /* PBXContainerItemProxy */ = {
			isa = PBXContainerItemProxy;
			containerPortal = 545E2F8A2FEC4E550027DD55 /* Project object */;
			proxyType = 1;
			remoteGlobalIDString = 191BB6E59136B25415E2B373;
			remoteInfo = InventoryModule;
		};
		7F4AB30F0C671CC7B0F20E60 /* PBXContainerItemProxy */ = {
			isa = PBXContainerItemProxy;
			containerPortal = 545E2F8A2FEC4E550027DD55 /* Project object */;
			proxyType = 1;
			remoteGlobalIDString = 1831427A584C9649F6575F97;
			remoteInfo = AdminModule;
		};
		C819F1E6AC74A44746547E96 /* PBXContainerItemProxy */ = {
			isa = PBXContainerItemProxy;
			containerPortal = 545E2F8A2FEC4E550027DD55 /* Project object */;
			proxyType = 1;
			remoteGlobalIDString = B720B8640B229950042A0E65;
			remoteInfo = SalesAssociateModule;
		};
		FCDA2E98A59742AAF744AD73 /* PBXContainerItemProxy */ = {
			isa = PBXContainerItemProxy;
			containerPortal = 545E2F8A2FEC4E550027DD55 /* Project object */;
			proxyType = 1;
			remoteGlobalIDString = 8A7869303009EDAD3206FE67;
			remoteInfo = StoreManagerModule;
		};
/* End PBXContainerItemProxy section */

/* Begin PBXCopyFilesBuildPhase section */
		9EEA01955BC467A8EDA666A7 /* Embed Frameworks */ = {
			isa = PBXCopyFilesBuildPhase;
			buildActionMask = 2147483647;
			dstPath = "";
			dstSubfolderSpec = 10;
			files = (
				F5C794259CC9EFA78747B00E /* AdminModule.framework in Embed Frameworks */,
				09F8927B0CDD10DB6BDB80B4 /* InventoryModule.framework in Embed Frameworks */,
				D2F364219D1A8404A48E6C48 /* StoreManagerModule.framework in Embed Frameworks */,
				73EA05948E088EEBBB530DB9 /* SalesAssociateModule.framework in Embed Frameworks */,
			);
			name = "Embed Frameworks";
			runOnlyForDeploymentPostprocessing = 0;
		};
/* End PBXCopyFilesBuildPhase section */

/* Begin PBXFileReference section */
		056E61B072A9B59ADBD78310 /* Assets.xcassets */ = {isa = PBXFileReference; includeInIndex = 1; lastKnownFileType = folder.assetcatalog; path = Assets.xcassets; sourceTree = "<group>"; };
		219017540A2472BBB06255A8 /* GatewayView.swift */ = {isa = PBXFileReference; includeInIndex = 1; lastKnownFileType = sourcecode.swift; path = GatewayView.swift; sourceTree = "<group>"; };
		545E2F922FEC4E550027DD55 /* Admin_RSMS.app */ = {isa = PBXFileReference; explicitFileType = wrapper.application; includeInIndex = 0; path = Admin_RSMS.app; sourceTree = BUILT_PRODUCTS_DIR; };
		56D0727B073F3565DABB8895 /* StoreManagerModule.framework */ = {isa = PBXFileReference; explicitFileType = wrapper.framework; includeInIndex = 0; path = StoreManagerModule.framework; sourceTree = BUILT_PRODUCTS_DIR; };
		7492E10012E8B57E2A7E0B5C /* Foundation.framework */ = {isa = PBXFileReference; lastKnownFileType = wrapper.framework; name = Foundation.framework; path = Platforms/iPhoneOS.platform/Developer/SDKs/iPhoneOS18.0.sdk/System/Library/Frameworks/Foundation.framework; sourceTree = DEVELOPER_DIR; };
		805E7DA47EA3A9E17FE760E1 /* InventoryModule.framework */ = {isa = PBXFileReference; explicitFileType = wrapper.framework; includeInIndex = 0; path = InventoryModule.framework; sourceTree = BUILT_PRODUCTS_DIR; };
		8554F13F2EDD633BE2EE9AF5 /* RSMSApp.swift */ = {isa = PBXFileReference; includeInIndex = 1; lastKnownFileType = sourcecode.swift; path = RSMSApp.swift; sourceTree = "<group>"; };
		8E92894D2FF566BC001C9D4C /* .npmrc */ = {isa = PBXFileReference; lastKnownFileType = text; path = .npmrc; sourceTree = "<group>"; };
		8E92894E2FF566BC001C9D4C /* deno.json */ = {isa = PBXFileReference; lastKnownFileType = text.json; path = deno.json; sourceTree = "<group>"; };
		8E92894F2FF566BC001C9D4C /* index.ts */ = {isa = PBXFileReference; lastKnownFileType = sourcecode.typescript; path = index.ts; sourceTree = "<group>"; };
		8E9289512FF566BC001C9D4C /* index.ts */ = {isa = PBXFileReference; lastKnownFileType = sourcecode.typescript; path = index.ts; sourceTree = "<group>"; };
		8E9289542FF566BC001C9D4C /* .gitignore */ = {isa = PBXFileReference; lastKnownFileType = text; path = .gitignore; sourceTree = "<group>"; };
		8E9289552FF566BC001C9D4C /* config.toml */ = {isa = PBXFileReference; lastKnownFileType = text; path = config.toml; sourceTree = "<group>"; };
		8E9289572FF566BC001C9D4C /* test_geocoder */ = {isa = PBXFileReference; lastKnownFileType = "compiled.mach-o.executable"; path = test_geocoder; sourceTree = "<group>"; };
		8E9289582FF566BC001C9D4C /* test_geocoder.swift */ = {isa = PBXFileReference; lastKnownFileType = sourcecode.swift; path = test_geocoder.swift; sourceTree = "<group>"; };
		A20513EBF06BFBCDAD314ECB /* AdminModule.framework */ = {isa = PBXFileReference; explicitFileType = wrapper.framework; includeInIndex = 0; path = AdminModule.framework; sourceTree = BUILT_PRODUCTS_DIR; };
		E637255E8AA4497B836771BA /* SalesAssociateModule.framework */ = {isa = PBXFileReference; explicitFileType = wrapper.framework; includeInIndex = 0; path = SalesAssociateModule.framework; sourceTree = BUILT_PRODUCTS_DIR; };
/* End PBXFileReference section */

/* Begin PBXFileSystemSynchronizedRootGroup section */
		2F7CC8F100288D63E84327DF /* RSMS_Inventory/RSMS_Project */ = {
			isa = PBXFileSystemSynchronizedRootGroup;
			exceptions = (
			);
			path = RSMS_Inventory/RSMS_Project;
			sourceTree = "<group>";
		};
		3A18F22004BA97992FE8AF12 /* RSMS_Admin/Admin_RSMS */ = {
			isa = PBXFileSystemSynchronizedRootGroup;
			exceptions = (
			);
			path = RSMS_Admin/Admin_RSMS;
			sourceTree = "<group>";
		};
		D1CD85B43465C1B35143A91B /* RSMS_Sales_Associate/sales_associate_rsms */ = {
			isa = PBXFileSystemSynchronizedRootGroup;
			exceptions = (
			);
			path = RSMS_Sales_Associate/sales_associate_rsms;
			sourceTree = "<group>";
		};
		FE25DEC7BD28E1D0B6F083F9 /* RSMS_Store_Manager/RSMS_Project */ = {
			isa = PBXFileSystemSynchronizedRootGroup;
			exceptions = (
			);
			path = RSMS_Store_Manager/RSMS_Project;
			sourceTree = "<group>";
		};
/* End PBXFileSystemSynchronizedRootGroup section */

/* Begin PBXFrameworksBuildPhase section */
		16E8D8330E720AC50555D44B /* Frameworks */ = {
			isa = PBXFrameworksBuildPhase;
			buildActionMask = 2147483647;
			files = (
				A63408A36CFEE51E82407834 /* Foundation.framework in Frameworks */,
				AC10560C99CF00299EDE2682 /* Auth in Frameworks */,
				28B48D7437DDEB5F09384D02 /* Functions in Frameworks */,
				13DC96E924227795EF6C756B /* PostgREST in Frameworks */,
				DFCF4D544EC3FB3C955E40E4 /* Realtime in Frameworks */,
				42B2D8780122CE35EA53128B /* Storage in Frameworks */,
				5F86B14EB77463224AF6888C /* Supabase in Frameworks */,
			);
			runOnlyForDeploymentPostprocessing = 0;
		};
		346FCFA87DF75119B1C5CFCC /* Frameworks */ = {
			isa = PBXFrameworksBuildPhase;
			buildActionMask = 2147483647;
			files = (
				1C168ED5DEF68003240B610B /* Foundation.framework in Frameworks */,
				66413B65D058456E40DB939C /* Auth in Frameworks */,
				2951224B526D643D7B7C1EEC /* Functions in Frameworks */,
				58F300AFFA1EB77CAC0F8CA8 /* PostgREST in Frameworks */,
				B54636FF4F0BA5F31B153862 /* Realtime in Frameworks */,
				FFE1E9E00C72C6E95FEB91B2 /* Storage in Frameworks */,
				40302D8E2DF4EAC1B231CA86 /* Supabase in Frameworks */,
			);
			runOnlyForDeploymentPostprocessing = 0;
		};
		3E50C857F20ED4362495BA01 /* Frameworks */ = {
			isa = PBXFrameworksBuildPhase;
			buildActionMask = 2147483647;
			files = (
				4033134C85B43AA206AA3A70 /* Foundation.framework in Frameworks */,
				4FDE077B478FFAF93BCD97F4 /* Auth in Frameworks */,
				3E94D1DC58E13F1DD34E27DF /* Functions in Frameworks */,
				FE78904907D7BC89218D8785 /* PostgREST in Frameworks */,
				597983193D6732239398A17C /* Realtime in Frameworks */,
				673C4646D04AF36D9659B716 /* Storage in Frameworks */,
				6BB902FCFC3EA6F8CABC94E5 /* Supabase in Frameworks */,
			);
			runOnlyForDeploymentPostprocessing = 0;
		};
		545E2F8F2FEC4E550027DD55 /* Frameworks */ = {
			isa = PBXFrameworksBuildPhase;
			buildActionMask = 2147483647;
			files = (
				8E2951582FF4F6C200BC2782 /* PostgREST in Frameworks */,
				8E2951562FF4F6C200BC2782 /* Functions in Frameworks */,
				8E29515E2FF4F6C200BC2782 /* Supabase in Frameworks */,
				8E2951542FF4F6C200BC2782 /* Auth in Frameworks */,
				8E29515C2FF4F6C200BC2782 /* Storage in Frameworks */,
				8E29515A2FF4F6C200BC2782 /* Realtime in Frameworks */,
				FE994A200EC1AF26D048CAFB /* AdminModule.framework in Frameworks */,
				927F64116C4DE8A58D11A10E /* InventoryModule.framework in Frameworks */,
				17D488F7CAB4D08079DF6549 /* StoreManagerModule.framework in Frameworks */,
				F144BC7D868A46F6997C1E6B /* SalesAssociateModule.framework in Frameworks */,
			);
			runOnlyForDeploymentPostprocessing = 0;
		};
		F81FEA2E5448775F5FFE114C /* Frameworks */ = {
			isa = PBXFrameworksBuildPhase;
			buildActionMask = 2147483647;
			files = (
				365D2BFA6FAA750B656516A6 /* Foundation.framework in Frameworks */,
				0390ED60FA1423F485034555 /* Auth in Frameworks */,
				ADA2AFF4E342359D9F59BA1B /* Functions in Frameworks */,
				A584CC5E647CE59A2A088F53 /* PostgREST in Frameworks */,
				FB93DB79A758BC4E3B00A371 /* Realtime in Frameworks */,
				390FC9DCD8533E90D08B1330 /* Storage in Frameworks */,
				42963BB1BBD5D50BA5164FBE /* Supabase in Frameworks */,
				A11BA52CBE7CC63FB4A8390E /* RazorpayCheckout in Frameworks */,
			);
			runOnlyForDeploymentPostprocessing = 0;
		};
/* End PBXFrameworksBuildPhase section */

/* Begin PBXGroup section */
		545E2F892FEC4E550027DD55 = {
			isa = PBXGroup;
			children = (
				8E9289562FF566BC001C9D4C /* supabase */,
				8E9289572FF566BC001C9D4C /* test_geocoder */,
				8E9289582FF566BC001C9D4C /* test_geocoder.swift */,
				8E2951522FF4F6C200BC2782 /* Frameworks */,
				545E2F932FEC4E550027DD55 /* Products */,
				8554F13F2EDD633BE2EE9AF5 /* RSMSApp.swift */,
				219017540A2472BBB06255A8 /* GatewayView.swift */,
				056E61B072A9B59ADBD78310 /* Assets.xcassets */,
				3A18F22004BA97992FE8AF12 /* RSMS_Admin/Admin_RSMS */,
				2F7CC8F100288D63E84327DF /* RSMS_Inventory/RSMS_Project */,
				FE25DEC7BD28E1D0B6F083F9 /* RSMS_Store_Manager/RSMS_Project */,
				D1CD85B43465C1B35143A91B /* RSMS_Sales_Associate/sales_associate_rsms */,
			);
			sourceTree = "<group>";
		};
		545E2F932FEC4E550027DD55 /* Products */ = {
			isa = PBXGroup;
			children = (
				545E2F922FEC4E550027DD55 /* Admin_RSMS.app */,
				A20513EBF06BFBCDAD314ECB /* AdminModule.framework */,
				805E7DA47EA3A9E17FE760E1 /* InventoryModule.framework */,
				56D0727B073F3565DABB8895 /* StoreManagerModule.framework */,
				E637255E8AA4497B836771BA /* SalesAssociateModule.framework */,
			);
			name = Products;
			sourceTree = "<group>";
		};
		8E2951522FF4F6C200BC2782 /* Frameworks */ = {
			isa = PBXGroup;
			children = (
				A9D9926B73F720EB3C42FC99 /* iOS */,
			);
			name = Frameworks;
			sourceTree = "<group>";
		};
		8E9289502FF566BC001C9D4C /* send-credentials */ = {
			isa = PBXGroup;
			children = (
				8E92894D2FF566BC001C9D4C /* .npmrc */,
				8E92894E2FF566BC001C9D4C /* deno.json */,
				8E92894F2FF566BC001C9D4C /* index.ts */,
			);
			path = "send-credentials";
			sourceTree = "<group>";
		};
		8E9289522FF566BC001C9D4C /* send-otp-email */ = {
			isa = PBXGroup;
			children = (
				8E9289512FF566BC001C9D4C /* index.ts */,
			);
			path = "send-otp-email";
			sourceTree = "<group>";
		};
		8E9289532FF566BC001C9D4C /* functions */ = {
			isa = PBXGroup;
			children = (
				8E9289502FF566BC001C9D4C /* send-credentials */,
				8E9289522FF566BC001C9D4C /* send-otp-email */,
			);
			path = functions;
			sourceTree = "<group>";
		};
		8E9289562FF566BC001C9D4C /* supabase */ = {
			isa = PBXGroup;
			children = (
				8E9289532FF566BC001C9D4C /* functions */,
				8E9289542FF566BC001C9D4C /* .gitignore */,
				8E9289552FF566BC001C9D4C /* config.toml */,
			);
			path = supabase;
			sourceTree = "<group>";
		};
		A9D9926B73F720EB3C42FC99 /* iOS */ = {
			isa = PBXGroup;
			children = (
				7492E10012E8B57E2A7E0B5C /* Foundation.framework */,
			);
			name = iOS;
			sourceTree = "<group>";
		};
/* End PBXGroup section */

/* Begin PBXHeadersBuildPhase section */
		3599730B2FFF4EAB15DA6EAD /* Headers */ = {
			isa = PBXHeadersBuildPhase;
			buildActionMask = 2147483647;
			files = (
			);
			runOnlyForDeploymentPostprocessing = 0;
		};
		4D73767857E41B3FE05FDE6D /* Headers */ = {
			isa = PBXHeadersBuildPhase;
			buildActionMask = 2147483647;
			files = (
			);
			runOnlyForDeploymentPostprocessing = 0;
		};
		50CE550D1932A24DC10B9420 /* Headers */ = {
			isa = PBXHeadersBuildPhase;
			buildActionMask = 2147483647;
			files = (
			);
			runOnlyForDeploymentPostprocessing = 0;
		};
		770F126054B3B7F616B47E8A /* Headers */ = {
			isa = PBXHeadersBuildPhase;
			buildActionMask = 2147483647;
			files = (
			);
			runOnlyForDeploymentPostprocessing = 0;
		};
/* End PBXHeadersBuildPhase section */

/* Begin PBXNativeTarget section */
		1831427A584C9649F6575F97 /* AdminModule */ = {
			isa = PBXNativeTarget;
			buildConfigurationList = A0353A4A72B2AF6E1E6EB6CC /* Build configuration list for PBXNativeTarget "AdminModule" */;
			buildPhases = (
				50CE550D1932A24DC10B9420 /* Headers */,
				926932C921BE6FAE4CFD83FB /* Sources */,
				3E50C857F20ED4362495BA01 /* Frameworks */,
				0E7E631ACD2901FA0F5EFFEF /* Resources */,
			);
			buildRules = (
			);
			dependencies = (
			);
			fileSystemSynchronizedGroups = (
				3A18F22004BA97992FE8AF12 /* RSMS_Admin/Admin_RSMS */,
			);
			name = AdminModule;
			packageProductDependencies = (
				C77301C34A0D2869DC77FF40 /* Auth */,
				E1C57762589050B5C221F3F0 /* Functions */,
				4B7BF6FB8D3BC39BEA716958 /* PostgREST */,
				0238CB858BF7777ED8398B25 /* Realtime */,
				CF45E79D6EDB8FD165407C38 /* Storage */,
				BBE5D07BF2F749A77A290BC2 /* Supabase */,
			);
			productName = AdminModule;
			productReference = A20513EBF06BFBCDAD314ECB /* AdminModule.framework */;
			productType = "com.apple.product-type.framework";
		};
		191BB6E59136B25415E2B373 /* InventoryModule */ = {
			isa = PBXNativeTarget;
			buildConfigurationList = 0E55AB5F20DE80CFF710748B /* Build configuration list for PBXNativeTarget "InventoryModule" */;
			buildPhases = (
				3599730B2FFF4EAB15DA6EAD /* Headers */,
				59F25989EA4EE657CF5C5A35 /* Sources */,
				16E8D8330E720AC50555D44B /* Frameworks */,
				007695F6EFC7C2E4D97E89E9 /* Resources */,
			);
			buildRules = (
			);
			dependencies = (
			);
			fileSystemSynchronizedGroups = (
				2F7CC8F100288D63E84327DF /* RSMS_Inventory/RSMS_Project */,
			);
			name = InventoryModule;
			packageProductDependencies = (
				AA46E6661675F067F084B22D /* Auth */,
				58A6B029A82B70AECB229526 /* Functions */,
				4EEEF73E3DAFA546523F9245 /* PostgREST */,
				61FF62B442E69A1CCA1C2BDB /* Realtime */,
				6192BF513829A0896716A368 /* Storage */,
				B6BE5006B8D5EB07829C7AB5 /* Supabase */,
			);
			productName = InventoryModule;
			productReference = 805E7DA47EA3A9E17FE760E1 /* InventoryModule.framework */;
			productType = "com.apple.product-type.framework";
		};
		545E2F912FEC4E550027DD55 /* RSMS */ = {
			isa = PBXNativeTarget;
			buildConfigurationList = 545E2F9D2FEC4E560027DD55 /* Build configuration list for PBXNativeTarget "RSMS" */;
			buildPhases = (
				545E2F8E2FEC4E550027DD55 /* Sources */,
				545E2F8F2FEC4E550027DD55 /* Frameworks */,
				545E2F902FEC4E550027DD55 /* Resources */,
				9EEA01955BC467A8EDA666A7 /* Embed Frameworks */,
			);
			buildRules = (
			);
			dependencies = (
				B31A5EFC75CA0DF52B198DEF /* PBXTargetDependency */,
				D15BD7CA6386FDCECA4D1A17 /* PBXTargetDependency */,
				43AB6DFF3179240A89D43680 /* PBXTargetDependency */,
				3C9A958D521F92D1F3718853 /* PBXTargetDependency */,
			);
			name = RSMS;
			packageProductDependencies = (
				8E2951532FF4F6C200BC2782 /* Auth */,
				8E2951552FF4F6C200BC2782 /* Functions */,
				8E2951572FF4F6C200BC2782 /* PostgREST */,
				8E2951592FF4F6C200BC2782 /* Realtime */,
				8E29515B2FF4F6C200BC2782 /* Storage */,
				8E29515D2FF4F6C200BC2782 /* Supabase */,
			);
			productName = RSMS;
			productReference = 545E2F922FEC4E550027DD55 /* Admin_RSMS.app */;
			productType = "com.apple.product-type.application";
		};
		8A7869303009EDAD3206FE67 /* StoreManagerModule */ = {
			isa = PBXNativeTarget;
			buildConfigurationList = A9241699A4A0A7D8CCAF1096 /* Build configuration list for PBXNativeTarget "StoreManagerModule" */;
			buildPhases = (
				4D73767857E41B3FE05FDE6D /* Headers */,
				9D7A8B34D15F3164C3D67FFD /* Sources */,
				346FCFA87DF75119B1C5CFCC /* Frameworks */,
				3474D02D605A3BA5F879357B /* Resources */,
			);
			buildRules = (
			);
			dependencies = (
			);
			fileSystemSynchronizedGroups = (
				FE25DEC7BD28E1D0B6F083F9 /* RSMS_Store_Manager/RSMS_Project */,
			);
			name = StoreManagerModule;
			packageProductDependencies = (
				5678A782585C2B98506F3593 /* Auth */,
				BC3E757D4B942943A3FC81B7 /* Functions */,
				9455BAB5ED0377DA41ECAC99 /* PostgREST */,
				3EEC74366E0D3C84FEC80A2A /* Realtime */,
				4A60DE7B13FFFB68AE8E10E2 /* Storage */,
				6AFFCD7BFE05504F70A04CD7 /* Supabase */,
			);
			productName = StoreManagerModule;
			productReference = 56D0727B073F3565DABB8895 /* StoreManagerModule.framework */;
			productType = "com.apple.product-type.framework";
		};
		B720B8640B229950042A0E65 /* SalesAssociateModule */ = {
			isa = PBXNativeTarget;
			buildConfigurationList = FE8683F6B2336A87EAE78BFC /* Build configuration list for PBXNativeTarget "SalesAssociateModule" */;
			buildPhases = (
				770F126054B3B7F616B47E8A /* Headers */,
				6D56072CC65CE7C608130F36 /* Sources */,
				F81FEA2E5448775F5FFE114C /* Frameworks */,
				A0FEF11D4B21B273C1F5A3A7 /* Resources */,
			);
			buildRules = (
			);
			dependencies = (
			);
			fileSystemSynchronizedGroups = (
				D1CD85B43465C1B35143A91B /* RSMS_Sales_Associate/sales_associate_rsms */,
			);
			name = SalesAssociateModule;
			packageProductDependencies = (
				9EB4401A2EA45CF5B483187E /* Auth */,
				A301BF81F537ABB012E4B03F /* Functions */,
				B6E937FA952FE3F5F649DCE3 /* PostgREST */,
				5C2B161C83C36DE2327F8093 /* Realtime */,
				34820F5184773D8F1E2947A4 /* Storage */,
				5DB92B4BB1AE215890BB9E68 /* Supabase */,
				423E7FD89DEC4EB023DE9232 /* RazorpayCheckout */,
			);
			productName = SalesAssociateModule;
			productReference = E637255E8AA4497B836771BA /* SalesAssociateModule.framework */;
			productType = "com.apple.product-type.framework";
		};
/* End PBXNativeTarget section */

/* Begin PBXProject section */
		545E2F8A2FEC4E550027DD55 /* Project object */ = {
			isa = PBXProject;
			attributes = {
				BuildIndependentTargetsInParallel = 1;
				LastSwiftUpdateCheck = 2620;
				LastUpgradeCheck = 2620;
				TargetAttributes = {
					545E2F912FEC4E550027DD55 = {
						CreatedOnToolsVersion = 26.2;
					};
				};
			};
			buildConfigurationList = 545E2F8D2FEC4E550027DD55 /* Build configuration list for PBXProject "RSMS" */;
			developmentRegion = en;
			hasScannedForEncodings = 0;
			knownRegions = (
				en,
				Base,
			);
			mainGroup = 545E2F892FEC4E550027DD55;
			minimizedProjectReferenceProxies = 1;
			packageReferences = (
				8E2951512FF4F6B600BC2782 /* XCRemoteSwiftPackageReference "supabase-swift" */,
				18BDB796B58E7B5BFE7E1D8C /* XCRemoteSwiftPackageReference "supabase-swift" */,
				E551C94D154D0FBA441CEFC3 /* XCRemoteSwiftPackageReference "razorpay-pod" */,
			);
			preferredProjectObjectVersion = 77;
			productRefGroup = 545E2F932FEC4E550027DD55 /* Products */;
			projectDirPath = "";
			projectRoot = "";
			targets = (
				545E2F912FEC4E550027DD55 /* RSMS */,
				1831427A584C9649F6575F97 /* AdminModule */,
				191BB6E59136B25415E2B373 /* InventoryModule */,
				8A7869303009EDAD3206FE67 /* StoreManagerModule */,
				B720B8640B229950042A0E65 /* SalesAssociateModule */,
			);
		};
/* End PBXProject section */

/* Begin PBXResourcesBuildPhase section */
		007695F6EFC7C2E4D97E89E9 /* Resources */ = {
			isa = PBXResourcesBuildPhase;
			buildActionMask = 2147483647;
			files = (
			);
			runOnlyForDeploymentPostprocessing = 0;
		};
		0E7E631ACD2901FA0F5EFFEF /* Resources */ = {
			isa = PBXResourcesBuildPhase;
			buildActionMask = 2147483647;
			files = (
			);
			runOnlyForDeploymentPostprocessing = 0;
		};
		3474D02D605A3BA5F879357B /* Resources */ = {
			isa = PBXResourcesBuildPhase;
			buildActionMask = 2147483647;
			files = (
			);
			runOnlyForDeploymentPostprocessing = 0;
		};
		545E2F902FEC4E550027DD55 /* Resources */ = {
			isa = PBXResourcesBuildPhase;
			buildActionMask = 2147483647;
			files = (
				2A6186D3D2603E587819C7FC /* Assets.xcassets in Resources */,
			);
			runOnlyForDeploymentPostprocessing = 0;
		};
		A0FEF11D4B21B273C1F5A3A7 /* Resources */ = {
			isa = PBXResourcesBuildPhase;
			buildActionMask = 2147483647;
			files = (
			);
			runOnlyForDeploymentPostprocessing = 0;
		};
/* End PBXResourcesBuildPhase section */

/* Begin PBXSourcesBuildPhase section */
		545E2F8E2FEC4E550027DD55 /* Sources */ = {
			isa = PBXSourcesBuildPhase;
			buildActionMask = 2147483647;
			files = (
				737A8E6E9B2C5FC079AB0668 /* RSMSApp.swift in Sources */,
				C74C3C17B9F95BAE52B85370 /* GatewayView.swift in Sources */,
			);
			runOnlyForDeploymentPostprocessing = 0;
		};
		59F25989EA4EE657CF5C5A35 /* Sources */ = {
			isa = PBXSourcesBuildPhase;
			buildActionMask = 2147483647;
			files = (
			);
			runOnlyForDeploymentPostprocessing = 0;
		};
		6D56072CC65CE7C608130F36 /* Sources */ = {
			isa = PBXSourcesBuildPhase;
			buildActionMask = 2147483647;
			files = (
			);
			runOnlyForDeploymentPostprocessing = 0;
		};
		926932C921BE6FAE4CFD83FB /* Sources */ = {
			isa = PBXSourcesBuildPhase;
			buildActionMask = 2147483647;
			files = (
			);
			runOnlyForDeploymentPostprocessing = 0;
		};
		9D7A8B34D15F3164C3D67FFD /* Sources */ = {
			isa = PBXSourcesBuildPhase;
			buildActionMask = 2147483647;
			files = (
			);
			runOnlyForDeploymentPostprocessing = 0;
		};
/* End PBXSourcesBuildPhase section */

/* Begin PBXTargetDependency section */
		3C9A958D521F92D1F3718853 /* PBXTargetDependency */ = {
			isa = PBXTargetDependency;
			name = SalesAssociateModule;
			target = B720B8640B229950042A0E65 /* SalesAssociateModule */;
			targetProxy = C819F1E6AC74A44746547E96 /* PBXContainerItemProxy */;
		};
		43AB6DFF3179240A89D43680 /* PBXTargetDependency */ = {
			isa = PBXTargetDependency;
			name = StoreManagerModule;
			target = 8A7869303009EDAD3206FE67 /* StoreManagerModule */;
			targetProxy = FCDA2E98A59742AAF744AD73 /* PBXContainerItemProxy */;
		};
		B31A5EFC75CA0DF52B198DEF /* PBXTargetDependency */ = {
			isa = PBXTargetDependency;
			name = AdminModule;
			target = 1831427A584C9649F6575F97 /* AdminModule */;
			targetProxy = 7F4AB30F0C671CC7B0F20E60 /* PBXContainerItemProxy */;
		};
		D15BD7CA6386FDCECA4D1A17 /* PBXTargetDependency */ = {
			isa = PBXTargetDependency;
			name = InventoryModule;
			target = 191BB6E59136B25415E2B373 /* InventoryModule */;
			targetProxy = 1525FC7E15E878BF35231DD5 /* PBXContainerItemProxy */;
		};
/* End PBXTargetDependency section */

/* Begin XCBuildConfiguration section */
		545E2F9B2FEC4E560027DD55 /* Debug */ = {
			isa = XCBuildConfiguration;
			buildSettings = {
				ALWAYS_SEARCH_USER_PATHS = NO;
				ASSETCATALOG_COMPILER_GENERATE_SWIFT_ASSET_SYMBOL_EXTENSIONS = YES;
				CLANG_ANALYZER_NONNULL = YES;
				CLANG_ANALYZER_NUMBER_OBJECT_CONVERSION = YES_AGGRESSIVE;
				CLANG_CXX_LANGUAGE_STANDARD = "gnu++20";
				CLANG_ENABLE_MODULES = YES;
				CLANG_ENABLE_OBJC_ARC = YES;
				CLANG_ENABLE_OBJC_WEAK = YES;
				CLANG_WARN_BLOCK_CAPTURE_AUTORELEASING = YES;
				CLANG_WARN_BOOL_CONVERSION = YES;
				CLANG_WARN_COMMA = YES;
				CLANG_WARN_CONSTANT_CONVERSION = YES;
				CLANG_WARN_DEPRECATED_OBJC_IMPLEMENTATIONS = YES;
				CLANG_WARN_DIRECT_OBJC_ISA_USAGE = YES_ERROR;
				CLANG_WARN_DOCUMENTATION_COMMENTS = YES;
				CLANG_WARN_EMPTY_BODY = YES;
				CLANG_WARN_ENUM_CONVERSION = YES;
				CLANG_WARN_INFINITE_RECURSION = YES;
				CLANG_WARN_INT_CONVERSION = YES;
				CLANG_WARN_NON_LITERAL_NULL_CONVERSION = YES;
				CLANG_WARN_OBJC_IMPLICIT_RETAIN_SELF = YES;
				CLANG_WARN_OBJC_LITERAL_CONVERSION = YES;
				CLANG_WARN_OBJC_ROOT_CLASS = YES_ERROR;
				CLANG_WARN_QUOTED_INCLUDE_IN_FRAMEWORK_HEADER = YES;
				CLANG_WARN_RANGE_LOOP_ANALYSIS = YES;
				CLANG_WARN_STRICT_PROTOTYPES = YES;
				CLANG_WARN_SUSPICIOUS_MOVE = YES;
				CLANG_WARN_UNGUARDED_AVAILABILITY = YES_AGGRESSIVE;
				CLANG_WARN_UNREACHABLE_CODE = YES;
				CLANG_WARN__DUPLICATE_METHOD_MATCH = YES;
				COPY_PHASE_STRIP = NO;
				DEBUG_INFORMATION_FORMAT = dwarf;
				DEVELOPMENT_TEAM = LJ54KGW89D;
				ENABLE_STRICT_OBJC_MSGSEND = YES;
				ENABLE_TESTABILITY = YES;
				ENABLE_USER_SCRIPT_SANDBOXING = YES;
				GCC_C_LANGUAGE_STANDARD = gnu17;
				GCC_DYNAMIC_NO_PIC = NO;
				GCC_NO_COMMON_BLOCKS = YES;
				GCC_OPTIMIZATION_LEVEL = 0;
				GCC_PREPROCESSOR_DEFINITIONS = (
					"DEBUG=1",
					"$(inherited)",
				);
				GCC_WARN_64_TO_32_BIT_CONVERSION = YES;
				GCC_WARN_ABOUT_RETURN_TYPE = YES_ERROR;
				GCC_WARN_UNDECLARED_SELECTOR = YES;
				GCC_WARN_UNINITIALIZED_AUTOS = YES_AGGRESSIVE;
				GCC_WARN_UNUSED_FUNCTION = YES;
				GCC_WARN_UNUSED_VARIABLE = YES;
				IPHONEOS_DEPLOYMENT_TARGET = 26.2;
				LOCALIZATION_PREFERS_STRING_CATALOGS = YES;
				MTL_ENABLE_DEBUG_INFO = INCLUDE_SOURCE;
				MTL_FAST_MATH = YES;
				ONLY_ACTIVE_ARCH = YES;
				SDKROOT = iphoneos;
				SWIFT_ACTIVE_COMPILATION_CONDITIONS = "DEBUG $(inherited)";
				SWIFT_OPTIMIZATION_LEVEL = "-Onone";
			};
			name = Debug;
		};
		545E2F9C2FEC4E560027DD55 /* Release */ = {
			isa = XCBuildConfiguration;
			buildSettings = {
				ALWAYS_SEARCH_USER_PATHS = NO;
				ASSETCATALOG_COMPILER_GENERATE_SWIFT_ASSET_SYMBOL_EXTENSIONS = YES;
				CLANG_ANALYZER_NONNULL = YES;
				CLANG_ANALYZER_NUMBER_OBJECT_CONVERSION = YES_AGGRESSIVE;
				CLANG_CXX_LANGUAGE_STANDARD = "gnu++20";
				CLANG_ENABLE_MODULES = YES;
				CLANG_ENABLE_OBJC_ARC = YES;
				CLANG_ENABLE_OBJC_WEAK = YES;
				CLANG_WARN_BLOCK_CAPTURE_AUTORELEASING = YES;
				CLANG_WARN_BOOL_CONVERSION = YES;
				CLANG_WARN_COMMA = YES;
				CLANG_WARN_CONSTANT_CONVERSION = YES;
				CLANG_WARN_DEPRECATED_OBJC_IMPLEMENTATIONS = YES;
				CLANG_WARN_DIRECT_OBJC_ISA_USAGE = YES_ERROR;
				CLANG_WARN_DOCUMENTATION_COMMENTS = YES;
				CLANG_WARN_EMPTY_BODY = YES;
				CLANG_WARN_ENUM_CONVERSION = YES;
				CLANG_WARN_INFINITE_RECURSION = YES;
				CLANG_WARN_INT_CONVERSION = YES;
				CLANG_WARN_NON_LITERAL_NULL_CONVERSION = YES;
				CLANG_WARN_OBJC_IMPLICIT_RETAIN_SELF = YES;
				CLANG_WARN_OBJC_LITERAL_CONVERSION = YES;
				CLANG_WARN_OBJC_ROOT_CLASS = YES_ERROR;
				CLANG_WARN_QUOTED_INCLUDE_IN_FRAMEWORK_HEADER = YES;
				CLANG_WARN_RANGE_LOOP_ANALYSIS = YES;
				CLANG_WARN_STRICT_PROTOTYPES = YES;
				CLANG_WARN_SUSPICIOUS_MOVE = YES;
				CLANG_WARN_UNGUARDED_AVAILABILITY = YES_AGGRESSIVE;
				CLANG_WARN_UNREACHABLE_CODE = YES;
				CLANG_WARN__DUPLICATE_METHOD_MATCH = YES;
				COPY_PHASE_STRIP = NO;
				DEBUG_INFORMATION_FORMAT = "dwarf-with-dsym";
				DEVELOPMENT_TEAM = LJ54KGW89D;
				ENABLE_NS_ASSERTIONS = NO;
				ENABLE_STRICT_OBJC_MSGSEND = YES;
				ENABLE_USER_SCRIPT_SANDBOXING = YES;
				GCC_C_LANGUAGE_STANDARD = gnu17;
				GCC_NO_COMMON_BLOCKS = YES;
				GCC_WARN_64_TO_32_BIT_CONVERSION = YES;
				GCC_WARN_ABOUT_RETURN_TYPE = YES_ERROR;
				GCC_WARN_UNDECLARED_SELECTOR = YES;
				GCC_WARN_UNINITIALIZED_AUTOS = YES_AGGRESSIVE;
				GCC_WARN_UNUSED_FUNCTION = YES;
				GCC_WARN_UNUSED_VARIABLE = YES;
				IPHONEOS_DEPLOYMENT_TARGET = 26.2;
				LOCALIZATION_PREFERS_STRING_CATALOGS = YES;
				MTL_ENABLE_DEBUG_INFO = NO;
				MTL_FAST_MATH = YES;
				SDKROOT = iphoneos;
				SWIFT_COMPILATION_MODE = wholemodule;
				VALIDATE_PRODUCT = YES;
			};
			name = Release;
		};
		545E2F9E2FEC4E560027DD55 /* Debug */ = {
			isa = XCBuildConfiguration;
			buildSettings = {
				ASSETCATALOG_COMPILER_APPICON_NAME = AppIcon;
				ASSETCATALOG_COMPILER_GLOBAL_ACCENT_COLOR_NAME = AccentColor;
				CODE_SIGN_STYLE = Automatic;
				CURRENT_PROJECT_VERSION = 1;
				DEVELOPMENT_TEAM = VACG5C2JP3;
				ENABLE_PREVIEWS = YES;
				GENERATE_INFOPLIST_FILE = YES;
				INFOPLIST_KEY_NSMicrophoneUsageDescription = "RSMS needs microphone access to record your voice for promotion descriptions.";
				INFOPLIST_KEY_NSSpeechRecognitionUsageDescription = "RSMS needs speech recognition to transcribe your voice for promotion descriptions.";
				INFOPLIST_KEY_UIApplicationSceneManifest_Generation = YES;
				INFOPLIST_KEY_UIApplicationSupportsIndirectInputEvents = YES;
				INFOPLIST_KEY_UILaunchScreen_Generation = YES;
				INFOPLIST_KEY_UISupportedInterfaceOrientations_iPad = "UIInterfaceOrientationPortrait UIInterfaceOrientationPortraitUpsideDown UIInterfaceOrientationLandscapeLeft UIInterfaceOrientationLandscapeRight";
				INFOPLIST_KEY_UISupportedInterfaceOrientations_iPhone = "UIInterfaceOrientationPortrait UIInterfaceOrientationLandscapeLeft UIInterfaceOrientationLandscapeRight";
				IPHONEOS_DEPLOYMENT_TARGET = 26.5;
				LD_RUNPATH_SEARCH_PATHS = (
					"$(inherited)",
					"@executable_path/Frameworks",
				);
				MARKETING_VERSION = 1.0;
				PRODUCT_BUNDLE_IDENTIFIER = "saloni.Admin-RSMS";
				PRODUCT_NAME = "$(TARGET_NAME)";
				STRING_CATALOG_GENERATE_SYMBOLS = YES;
				SWIFT_APPROACHABLE_CONCURRENCY = YES;
				SWIFT_DEFAULT_ACTOR_ISOLATION = MainActor;
				SWIFT_EMIT_LOC_STRINGS = YES;
				SWIFT_UPCOMING_FEATURE_MEMBER_IMPORT_VISIBILITY = YES;
				SWIFT_VERSION = 5.0;
				TARGETED_DEVICE_FAMILY = "1,2";
			};
			name = Debug;
		};
		545E2F9F2FEC4E560027DD55 /* Release */ = {
			isa = XCBuildConfiguration;
			buildSettings = {
				ASSETCATALOG_COMPILER_APPICON_NAME = AppIcon;
				ASSETCATALOG_COMPILER_GLOBAL_ACCENT_COLOR_NAME = AccentColor;
				CODE_SIGN_STYLE = Automatic;
				CURRENT_PROJECT_VERSION = 1;
				DEVELOPMENT_TEAM = VACG5C2JP3;
				ENABLE_PREVIEWS = YES;
				GENERATE_INFOPLIST_FILE = YES;
				INFOPLIST_KEY_NSMicrophoneUsageDescription = "RSMS needs microphone access to record your voice for promotion descriptions.";
				INFOPLIST_KEY_NSSpeechRecognitionUsageDescription = "RSMS needs speech recognition to transcribe your voice for promotion descriptions.";
				INFOPLIST_KEY_UIApplicationSceneManifest_Generation = YES;
				INFOPLIST_KEY_UIApplicationSupportsIndirectInputEvents = YES;
				INFOPLIST_KEY_UILaunchScreen_Generation = YES;
				INFOPLIST_KEY_UISupportedInterfaceOrientations_iPad = "UIInterfaceOrientationPortrait UIInterfaceOrientationPortraitUpsideDown UIInterfaceOrientationLandscapeLeft UIInterfaceOrientationLandscapeRight";
				INFOPLIST_KEY_UISupportedInterfaceOrientations_iPhone = "UIInterfaceOrientationPortrait UIInterfaceOrientationLandscapeLeft UIInterfaceOrientationLandscapeRight";
				IPHONEOS_DEPLOYMENT_TARGET = 26.5;
				LD_RUNPATH_SEARCH_PATHS = (
					"$(inherited)",
					"@executable_path/Frameworks",
				);
				MARKETING_VERSION = 1.0;
				PRODUCT_BUNDLE_IDENTIFIER = "saloni.Admin-RSMS";
				PRODUCT_NAME = "$(TARGET_NAME)";
				STRING_CATALOG_GENERATE_SYMBOLS = YES;
				SWIFT_APPROACHABLE_CONCURRENCY = YES;
				SWIFT_DEFAULT_ACTOR_ISOLATION = MainActor;
				SWIFT_EMIT_LOC_STRINGS = YES;
				SWIFT_UPCOMING_FEATURE_MEMBER_IMPORT_VISIBILITY = YES;
				SWIFT_VERSION = 5.0;
				TARGETED_DEVICE_FAMILY = "1,2";
			};
			name = Release;
		};
		7F64D73629D96E9768802910 /* Release */ = {
			isa = XCBuildConfiguration;
			buildSettings = {
				CLANG_ENABLE_OBJC_WEAK = NO;
				CURRENT_PROJECT_VERSION = 1;
				DEFINES_MODULE = YES;
				DYLIB_COMPATIBILITY_VERSION = 1;
				DYLIB_CURRENT_VERSION = 1;
				DYLIB_INSTALL_NAME_BASE = "@rpath";
				GENERATE_INFOPLIST_FILE = YES;
				INSTALL_PATH = "$(LOCAL_LIBRARY_DIR)/Frameworks";
				IPHONEOS_DEPLOYMENT_TARGET = 26.5;
				LD_RUNPATH_SEARCH_PATHS = (
					"$(inherited)",
					"@executable_path/Frameworks",
					"@loader_path/Frameworks",
				);
				MACH_O_TYPE = mh_dylib;
				MARKETING_VERSION = 1.0;
				PRODUCT_BUNDLE_IDENTIFIER = com.rsms.AdminModule;
				PRODUCT_NAME = "$(TARGET_NAME:c99extidentifier)";
				SDKROOT = iphoneos;
				SKIP_INSTALL = YES;
				SWIFT_VERSION = 5.0;
				TARGETED_DEVICE_FAMILY = "1,2";
				VALIDATE_PRODUCT = YES;
				VERSIONING_SYSTEM = "apple-generic";
				VERSION_INFO_PREFIX = "";
			};
			name = Release;
		};
		886F49E3EAC17D16B4B5C3A5 /* Release */ = {
			isa = XCBuildConfiguration;
			buildSettings = {
				CLANG_ENABLE_OBJC_WEAK = NO;
				CURRENT_PROJECT_VERSION = 1;
				DEFINES_MODULE = YES;
				DYLIB_COMPATIBILITY_VERSION = 1;
				DYLIB_CURRENT_VERSION = 1;
				DYLIB_INSTALL_NAME_BASE = "@rpath";
				GENERATE_INFOPLIST_FILE = YES;
				INSTALL_PATH = "$(LOCAL_LIBRARY_DIR)/Frameworks";
				IPHONEOS_DEPLOYMENT_TARGET = 26.5;
				LD_RUNPATH_SEARCH_PATHS = (
					"$(inherited)",
					"@executable_path/Frameworks",
					"@loader_path/Frameworks",
				);
				MACH_O_TYPE = mh_dylib;
				MARKETING_VERSION = 1.0;
				PRODUCT_BUNDLE_IDENTIFIER = com.rsms.StoreManagerModule;
				PRODUCT_NAME = "$(TARGET_NAME:c99extidentifier)";
				SDKROOT = iphoneos;
				SKIP_INSTALL = YES;
				SWIFT_VERSION = 5.0;
				TARGETED_DEVICE_FAMILY = "1,2";
				VALIDATE_PRODUCT = YES;
				VERSIONING_SYSTEM = "apple-generic";
				VERSION_INFO_PREFIX = "";
			};
			name = Release;
		};
		CD42F15777C3C24874E582D6 /* Debug */ = {
			isa = XCBuildConfiguration;
			buildSettings = {
				CLANG_ENABLE_OBJC_WEAK = NO;
				CURRENT_PROJECT_VERSION = 1;
				DEFINES_MODULE = YES;
				DYLIB_COMPATIBILITY_VERSION = 1;
				DYLIB_CURRENT_VERSION = 1;
				DYLIB_INSTALL_NAME_BASE = "@rpath";
				GENERATE_INFOPLIST_FILE = YES;
				INSTALL_PATH = "$(LOCAL_LIBRARY_DIR)/Frameworks";
				IPHONEOS_DEPLOYMENT_TARGET = 26.5;
				LD_RUNPATH_SEARCH_PATHS = (
					"$(inherited)",
					"@executable_path/Frameworks",
					"@loader_path/Frameworks",
				);
				MACH_O_TYPE = mh_dylib;
				MARKETING_VERSION = 1.0;
				PRODUCT_BUNDLE_IDENTIFIER = com.rsms.InventoryModule;
				PRODUCT_NAME = "$(TARGET_NAME:c99extidentifier)";
				SDKROOT = iphoneos;
				SKIP_INSTALL = YES;
				SWIFT_VERSION = 5.0;
				TARGETED_DEVICE_FAMILY = "1,2";
				VERSIONING_SYSTEM = "apple-generic";
				VERSION_INFO_PREFIX = "";
			};
			name = Debug;
		};
		CF8239F68433CF2814DE5758 /* Debug */ = {
			isa = XCBuildConfiguration;
			buildSettings = {
				CLANG_ENABLE_OBJC_WEAK = NO;
				CURRENT_PROJECT_VERSION = 1;
				DEFINES_MODULE = YES;
				DYLIB_COMPATIBILITY_VERSION = 1;
				DYLIB_CURRENT_VERSION = 1;
				DYLIB_INSTALL_NAME_BASE = "@rpath";
				GENERATE_INFOPLIST_FILE = YES;
				INSTALL_PATH = "$(LOCAL_LIBRARY_DIR)/Frameworks";
				IPHONEOS_DEPLOYMENT_TARGET = 26.5;
				LD_RUNPATH_SEARCH_PATHS = (
					"$(inherited)",
					"@executable_path/Frameworks",
					"@loader_path/Frameworks",
				);
				MACH_O_TYPE = mh_dylib;
				MARKETING_VERSION = 1.0;
				PRODUCT_BUNDLE_IDENTIFIER = com.rsms.StoreManagerModule;
				PRODUCT_NAME = "$(TARGET_NAME:c99extidentifier)";
				SDKROOT = iphoneos;
				SKIP_INSTALL = YES;
				SWIFT_VERSION = 5.0;
				TARGETED_DEVICE_FAMILY = "1,2";
				VERSIONING_SYSTEM = "apple-generic";
				VERSION_INFO_PREFIX = "";
			};
			name = Debug;
		};
		DC9C76673508C883FCD272C2 /* Release */ = {
			isa = XCBuildConfiguration;
			buildSettings = {
				CLANG_ENABLE_OBJC_WEAK = NO;
				CURRENT_PROJECT_VERSION = 1;
				DEFINES_MODULE = YES;
				DYLIB_COMPATIBILITY_VERSION = 1;
				DYLIB_CURRENT_VERSION = 1;
				DYLIB_INSTALL_NAME_BASE = "@rpath";
				GENERATE_INFOPLIST_FILE = YES;
				INSTALL_PATH = "$(LOCAL_LIBRARY_DIR)/Frameworks";
				IPHONEOS_DEPLOYMENT_TARGET = 26.5;
				LD_RUNPATH_SEARCH_PATHS = (
					"$(inherited)",
					"@executable_path/Frameworks",
					"@loader_path/Frameworks",
				);
				MACH_O_TYPE = mh_dylib;
				MARKETING_VERSION = 1.0;
				PRODUCT_BUNDLE_IDENTIFIER = com.rsms.SalesAssociateModule;
				PRODUCT_NAME = "$(TARGET_NAME:c99extidentifier)";
				SDKROOT = iphoneos;
				SKIP_INSTALL = YES;
				SWIFT_VERSION = 5.0;
				TARGETED_DEVICE_FAMILY = "1,2";
				VALIDATE_PRODUCT = YES;
				VERSIONING_SYSTEM = "apple-generic";
				VERSION_INFO_PREFIX = "";
			};
			name = Release;
		};
		DD51A1E9866D310B0D8E6763 /* Debug */ = {
			isa = XCBuildConfiguration;
			buildSettings = {
				CLANG_ENABLE_OBJC_WEAK = NO;
				CURRENT_PROJECT_VERSION = 1;
				DEFINES_MODULE = YES;
				DYLIB_COMPATIBILITY_VERSION = 1;
				DYLIB_CURRENT_VERSION = 1;
				DYLIB_INSTALL_NAME_BASE = "@rpath";
				GENERATE_INFOPLIST_FILE = YES;
				INSTALL_PATH = "$(LOCAL_LIBRARY_DIR)/Frameworks";
				IPHONEOS_DEPLOYMENT_TARGET = 26.5;
				LD_RUNPATH_SEARCH_PATHS = (
					"$(inherited)",
					"@executable_path/Frameworks",
					"@loader_path/Frameworks",
				);
				MACH_O_TYPE = mh_dylib;
				MARKETING_VERSION = 1.0;
				PRODUCT_BUNDLE_IDENTIFIER = com.rsms.AdminModule;
				PRODUCT_NAME = "$(TARGET_NAME:c99extidentifier)";
				SDKROOT = iphoneos;
				SKIP_INSTALL = YES;
				SWIFT_VERSION = 5.0;
				TARGETED_DEVICE_FAMILY = "1,2";
				VERSIONING_SYSTEM = "apple-generic";
				VERSION_INFO_PREFIX = "";
			};
			name = Debug;
		};
		E7F6143AE36C630DFCA13B27 /* Debug */ = {
			isa = XCBuildConfiguration;
			buildSettings = {
				CLANG_ENABLE_OBJC_WEAK = NO;
				CURRENT_PROJECT_VERSION = 1;
				DEFINES_MODULE = YES;
				DYLIB_COMPATIBILITY_VERSION = 1;
				DYLIB_CURRENT_VERSION = 1;
				DYLIB_INSTALL_NAME_BASE = "@rpath";
				GENERATE_INFOPLIST_FILE = YES;
				INSTALL_PATH = "$(LOCAL_LIBRARY_DIR)/Frameworks";
				IPHONEOS_DEPLOYMENT_TARGET = 26.5;
				LD_RUNPATH_SEARCH_PATHS = (
					"$(inherited)",
					"@executable_path/Frameworks",
					"@loader_path/Frameworks",
				);
				MACH_O_TYPE = mh_dylib;
				MARKETING_VERSION = 1.0;
				PRODUCT_BUNDLE_IDENTIFIER = com.rsms.SalesAssociateModule;
				PRODUCT_NAME = "$(TARGET_NAME:c99extidentifier)";
				SDKROOT = iphoneos;
				SKIP_INSTALL = YES;
				SWIFT_VERSION = 5.0;
				TARGETED_DEVICE_FAMILY = "1,2";
				VERSIONING_SYSTEM = "apple-generic";
				VERSION_INFO_PREFIX = "";
			};
			name = Debug;
		};
		ECA7AA26A208F196E14D4DCD /* Release */ = {
			isa = XCBuildConfiguration;
			buildSettings = {
				CLANG_ENABLE_OBJC_WEAK = NO;
				CURRENT_PROJECT_VERSION = 1;
				DEFINES_MODULE = YES;
				DYLIB_COMPATIBILITY_VERSION = 1;
				DYLIB_CURRENT_VERSION = 1;
				DYLIB_INSTALL_NAME_BASE = "@rpath";
				GENERATE_INFOPLIST_FILE = YES;
				INSTALL_PATH = "$(LOCAL_LIBRARY_DIR)/Frameworks";
				IPHONEOS_DEPLOYMENT_TARGET = 26.5;
				LD_RUNPATH_SEARCH_PATHS = (
					"$(inherited)",
					"@executable_path/Frameworks",
					"@loader_path/Frameworks",
				);
				MACH_O_TYPE = mh_dylib;
				MARKETING_VERSION = 1.0;
				PRODUCT_BUNDLE_IDENTIFIER = com.rsms.InventoryModule;
				PRODUCT_NAME = "$(TARGET_NAME:c99extidentifier)";
				SDKROOT = iphoneos;
				SKIP_INSTALL = YES;
				SWIFT_VERSION = 5.0;
				TARGETED_DEVICE_FAMILY = "1,2";
				VALIDATE_PRODUCT = YES;
				VERSIONING_SYSTEM = "apple-generic";
				VERSION_INFO_PREFIX = "";
			};
			name = Release;
		};
/* End XCBuildConfiguration section */

/* Begin XCConfigurationList section */
		0E55AB5F20DE80CFF710748B /* Build configuration list for PBXNativeTarget "InventoryModule" */ = {
			isa = XCConfigurationList;
			buildConfigurations = (
				ECA7AA26A208F196E14D4DCD /* Release */,
				CD42F15777C3C24874E582D6 /* Debug */,
			);
			defaultConfigurationIsVisible = 0;
			defaultConfigurationName = Release;
		};
		545E2F8D2FEC4E550027DD55 /* Build configuration list for PBXProject "RSMS" */ = {
			isa = XCConfigurationList;
			buildConfigurations = (
				545E2F9B2FEC4E560027DD55 /* Debug */,
				545E2F9C2FEC4E560027DD55 /* Release */,
			);
			defaultConfigurationIsVisible = 0;
			defaultConfigurationName = Release;
		};
		545E2F9D2FEC4E560027DD55 /* Build configuration list for PBXNativeTarget "RSMS" */ = {
			isa = XCConfigurationList;
			buildConfigurations = (
				545E2F9E2FEC4E560027DD55 /* Debug */,
				545E2F9F2FEC4E560027DD55 /* Release */,
			);
			defaultConfigurationIsVisible = 0;
			defaultConfigurationName = Release;
		};
		A0353A4A72B2AF6E1E6EB6CC /* Build configuration list for PBXNativeTarget "AdminModule" */ = {
			isa = XCConfigurationList;
			buildConfigurations = (
				7F64D73629D96E9768802910 /* Release */,
				DD51A1E9866D310B0D8E6763 /* Debug */,
			);
			defaultConfigurationIsVisible = 0;
			defaultConfigurationName = Release;
		};
		A9241699A4A0A7D8CCAF1096 /* Build configuration list for PBXNativeTarget "StoreManagerModule" */ = {
			isa = XCConfigurationList;
			buildConfigurations = (
				886F49E3EAC17D16B4B5C3A5 /* Release */,
				CF8239F68433CF2814DE5758 /* Debug */,
			);
			defaultConfigurationIsVisible = 0;
			defaultConfigurationName = Release;
		};
		FE8683F6B2336A87EAE78BFC /* Build configuration list for PBXNativeTarget "SalesAssociateModule" */ = {
			isa = XCConfigurationList;
			buildConfigurations = (
				DC9C76673508C883FCD272C2 /* Release */,
				E7F6143AE36C630DFCA13B27 /* Debug */,
			);
			defaultConfigurationIsVisible = 0;
			defaultConfigurationName = Release;
		};
/* End XCConfigurationList section */

/* Begin XCRemoteSwiftPackageReference section */
		18BDB796B58E7B5BFE7E1D8C /* XCRemoteSwiftPackageReference "supabase-swift" */ = {
			isa = XCRemoteSwiftPackageReference;
			repositoryURL = "https://github.com/supabase/supabase-swift.git";
			requirement = {
				kind = upToNextMajorVersion;
				minimumVersion = 2.0.0;
			};
		};
		8E2951512FF4F6B600BC2782 /* XCRemoteSwiftPackageReference "supabase-swift" */ = {
			isa = XCRemoteSwiftPackageReference;
			repositoryURL = "https://github.com/supabase/supabase-swift";
			requirement = {
				kind = upToNextMajorVersion;
				minimumVersion = 2.5.1;
			};
		};
		E551C94D154D0FBA441CEFC3 /* XCRemoteSwiftPackageReference "razorpay-pod" */ = {
			isa = XCRemoteSwiftPackageReference;
			repositoryURL = "https://github.com/razorpay/razorpay-pod";
			requirement = {
				kind = upToNextMajorVersion;
				minimumVersion = 1.5.4;
			};
		};
/* End XCRemoteSwiftPackageReference section */

/* Begin XCSwiftPackageProductDependency section */
		0238CB858BF7777ED8398B25 /* Realtime */ = {
			isa = XCSwiftPackageProductDependency;
			package = 8E2951512FF4F6B600BC2782 /* XCRemoteSwiftPackageReference "supabase-swift" */;
			productName = Realtime;
		};
		34820F5184773D8F1E2947A4 /* Storage */ = {
			isa = XCSwiftPackageProductDependency;
			package = 18BDB796B58E7B5BFE7E1D8C /* XCRemoteSwiftPackageReference "supabase-swift" */;
			productName = Storage;
		};
		3EEC74366E0D3C84FEC80A2A /* Realtime */ = {
			isa = XCSwiftPackageProductDependency;
			package = 8E2951512FF4F6B600BC2782 /* XCRemoteSwiftPackageReference "supabase-swift" */;
			productName = Realtime;
		};
		423E7FD89DEC4EB023DE9232 /* RazorpayCheckout */ = {
			isa = XCSwiftPackageProductDependency;
			package = E551C94D154D0FBA441CEFC3 /* XCRemoteSwiftPackageReference "razorpay-pod" */;
			productName = RazorpayCheckout;
		};
		4A60DE7B13FFFB68AE8E10E2 /* Storage */ = {
			isa = XCSwiftPackageProductDependency;
			package = 8E2951512FF4F6B600BC2782 /* XCRemoteSwiftPackageReference "supabase-swift" */;
			productName = Storage;
		};
		4B7BF6FB8D3BC39BEA716958 /* PostgREST */ = {
			isa = XCSwiftPackageProductDependency;
			package = 8E2951512FF4F6B600BC2782 /* XCRemoteSwiftPackageReference "supabase-swift" */;
			productName = PostgREST;
		};
		4EEEF73E3DAFA546523F9245 /* PostgREST */ = {
			isa = XCSwiftPackageProductDependency;
			package = 8E2951512FF4F6B600BC2782 /* XCRemoteSwiftPackageReference "supabase-swift" */;
			productName = PostgREST;
		};
		5678A782585C2B98506F3593 /* Auth */ = {
			isa = XCSwiftPackageProductDependency;
			package = 8E2951512FF4F6B600BC2782 /* XCRemoteSwiftPackageReference "supabase-swift" */;
			productName = Auth;
		};
		58A6B029A82B70AECB229526 /* Functions */ = {
			isa = XCSwiftPackageProductDependency;
			package = 8E2951512FF4F6B600BC2782 /* XCRemoteSwiftPackageReference "supabase-swift" */;
			productName = Functions;
		};
		5C2B161C83C36DE2327F8093 /* Realtime */ = {
			isa = XCSwiftPackageProductDependency;
			package = 18BDB796B58E7B5BFE7E1D8C /* XCRemoteSwiftPackageReference "supabase-swift" */;
			productName = Realtime;
		};
		5DB92B4BB1AE215890BB9E68 /* Supabase */ = {
			isa = XCSwiftPackageProductDependency;
			package = 18BDB796B58E7B5BFE7E1D8C /* XCRemoteSwiftPackageReference "supabase-swift" */;
			productName = Supabase;
		};
		6192BF513829A0896716A368 /* Storage */ = {
			isa = XCSwiftPackageProductDependency;
			package = 8E2951512FF4F6B600BC2782 /* XCRemoteSwiftPackageReference "supabase-swift" */;
			productName = Storage;
		};
		61FF62B442E69A1CCA1C2BDB /* Realtime */ = {
			isa = XCSwiftPackageProductDependency;
			package = 8E2951512FF4F6B600BC2782 /* XCRemoteSwiftPackageReference "supabase-swift" */;
			productName = Realtime;
		};
		6AFFCD7BFE05504F70A04CD7 /* Supabase */ = {
			isa = XCSwiftPackageProductDependency;
			package = 8E2951512FF4F6B600BC2782 /* XCRemoteSwiftPackageReference "supabase-swift" */;
			productName = Supabase;
		};
		8E2951532FF4F6C200BC2782 /* Auth */ = {
			isa = XCSwiftPackageProductDependency;
			package = 8E2951512FF4F6B600BC2782 /* XCRemoteSwiftPackageReference "supabase-swift" */;
			productName = Auth;
		};
		8E2951552FF4F6C200BC2782 /* Functions */ = {
			isa = XCSwiftPackageProductDependency;
			package = 8E2951512FF4F6B600BC2782 /* XCRemoteSwiftPackageReference "supabase-swift" */;
			productName = Functions;
		};
		8E2951572FF4F6C200BC2782 /* PostgREST */ = {
			isa = XCSwiftPackageProductDependency;
			package = 8E2951512FF4F6B600BC2782 /* XCRemoteSwiftPackageReference "supabase-swift" */;
			productName = PostgREST;
		};
		8E2951592FF4F6C200BC2782 /* Realtime */ = {
			isa = XCSwiftPackageProductDependency;
			package = 8E2951512FF4F6B600BC2782 /* XCRemoteSwiftPackageReference "supabase-swift" */;
			productName = Realtime;
		};
		8E29515B2FF4F6C200BC2782 /* Storage */ = {
			isa = XCSwiftPackageProductDependency;
			package = 8E2951512FF4F6B600BC2782 /* XCRemoteSwiftPackageReference "supabase-swift" */;
			productName = Storage;
		};
		8E29515D2FF4F6C200BC2782 /* Supabase */ = {
			isa = XCSwiftPackageProductDependency;
			package = 8E2951512FF4F6B600BC2782 /* XCRemoteSwiftPackageReference "supabase-swift" */;
			productName = Supabase;
		};
		9455BAB5ED0377DA41ECAC99 /* PostgREST */ = {
			isa = XCSwiftPackageProductDependency;
			package = 8E2951512FF4F6B600BC2782 /* XCRemoteSwiftPackageReference "supabase-swift" */;
			productName = PostgREST;
		};
		9EB4401A2EA45CF5B483187E /* Auth */ = {
			isa = XCSwiftPackageProductDependency;
			package = 18BDB796B58E7B5BFE7E1D8C /* XCRemoteSwiftPackageReference "supabase-swift" */;
			productName = Auth;
		};
		A301BF81F537ABB012E4B03F /* Functions */ = {
			isa = XCSwiftPackageProductDependency;
			package = 18BDB796B58E7B5BFE7E1D8C /* XCRemoteSwiftPackageReference "supabase-swift" */;
			productName = Functions;
		};
		AA46E6661675F067F084B22D /* Auth */ = {
			isa = XCSwiftPackageProductDependency;
			package = 8E2951512FF4F6B600BC2782 /* XCRemoteSwiftPackageReference "supabase-swift" */;
			productName = Auth;
		};
		B6BE5006B8D5EB07829C7AB5 /* Supabase */ = {
			isa = XCSwiftPackageProductDependency;
			package = 8E2951512FF4F6B600BC2782 /* XCRemoteSwiftPackageReference "supabase-swift" */;
			productName = Supabase;
		};
		B6E937FA952FE3F5F649DCE3 /* PostgREST */ = {
			isa = XCSwiftPackageProductDependency;
			package = 18BDB796B58E7B5BFE7E1D8C /* XCRemoteSwiftPackageReference "supabase-swift" */;
			productName = PostgREST;
		};
		BBE5D07BF2F749A77A290BC2 /* Supabase */ = {
			isa = XCSwiftPackageProductDependency;
			package = 8E2951512FF4F6B600BC2782 /* XCRemoteSwiftPackageReference "supabase-swift" */;
			productName = Supabase;
		};
		BC3E757D4B942943A3FC81B7 /* Functions */ = {
			isa = XCSwiftPackageProductDependency;
			package = 8E2951512FF4F6B600BC2782 /* XCRemoteSwiftPackageReference "supabase-swift" */;
			productName = Functions;
		};
		C77301C34A0D2869DC77FF40 /* Auth */ = {
			isa = XCSwiftPackageProductDependency;
			package = 8E2951512FF4F6B600BC2782 /* XCRemoteSwiftPackageReference "supabase-swift" */;
			productName = Auth;
		};
		CF45E79D6EDB8FD165407C38 /* Storage */ = {
			isa = XCSwiftPackageProductDependency;
			package = 8E2951512FF4F6B600BC2782 /* XCRemoteSwiftPackageReference "supabase-swift" */;
			productName = Storage;
		};
		E1C57762589050B5C221F3F0 /* Functions */ = {
			isa = XCSwiftPackageProductDependency;
			package = 8E2951512FF4F6B600BC2782 /* XCRemoteSwiftPackageReference "supabase-swift" */;
			productName = Functions;
		};
/* End XCSwiftPackageProductDependency section */
	};
	rootObject = 545E2F8A2FEC4E550027DD55 /* Project object */;
}
